// !$*UTF8*$!
{
	archiveVersion = 1;
	classes = {
	};
	objectVersion = 46;
	objects = {

/* Begin PBXBuildFile section */
		OBJ_138 /* Logger.swift in Sources */ = {isa = PBXBuildFile; fileRef = OBJ_9 /* Logger.swift */; };
		OBJ_145 /* Socket.swift in Sources */ = {isa = PBXBuildFile; fileRef = OBJ_11 /* Socket.swift */; };
		OBJ_146 /* SocketProtocols.swift in Sources */ = {isa = PBXBuildFile; fileRef = OBJ_12 /* SocketProtocols.swift */; };
		OBJ_147 /* SocketUtils.swift in Sources */ = {isa = PBXBuildFile; fileRef = OBJ_13 /* SocketUtils.swift */; };
		OBJ_154 /* SSLService.swift in Sources */ = {isa = PBXBuildFile; fileRef = OBJ_15 /* SSLService.swift */; };
		OBJ_156 /* Socket.framework in Frameworks */ = {isa = PBXBuildFile; fileRef = OBJ_124 /* Socket.framework */; };
		OBJ_164 /* http_parser.c in Sources */ = {isa = PBXBuildFile; fileRef = OBJ_17 /* http_parser.c */; };
		OBJ_165 /* utils.c in Sources */ = {isa = PBXBuildFile; fileRef = OBJ_18 /* utils.c */; };
		OBJ_167 /* LoggerAPI.framework in Frameworks */ = {isa = PBXBuildFile; fileRef = OBJ_123 /* LoggerAPI.framework */; };
		OBJ_168 /* Socket.framework in Frameworks */ = {isa = PBXBuildFile; fileRef = OBJ_124 /* Socket.framework */; };
		OBJ_169 /* SSLService.framework in Frameworks */ = {isa = PBXBuildFile; fileRef = OBJ_125 /* SSLService.framework */; };
		OBJ_178 /* BufferList.swift in Sources */ = {isa = PBXBuildFile; fileRef = OBJ_24 /* BufferList.swift */; };
		OBJ_179 /* ClientRequest.swift in Sources */ = {isa = PBXBuildFile; fileRef = OBJ_25 /* ClientRequest.swift */; };
		OBJ_180 /* ClientResponse.swift in Sources */ = {isa = PBXBuildFile; fileRef = OBJ_26 /* ClientResponse.swift */; };
		OBJ_181 /* ConnectionUpgradeFactory.swift in Sources */ = {isa = PBXBuildFile; fileRef = OBJ_27 /* ConnectionUpgradeFactory.swift */; };
		OBJ_182 /* ConnectionUpgrader.swift in Sources */ = {isa = PBXBuildFile; fileRef = OBJ_28 /* ConnectionUpgrader.swift */; };
		OBJ_183 /* Error.swift in Sources */ = {isa = PBXBuildFile; fileRef = OBJ_29 /* Error.swift */; };
		OBJ_184 /* HeadersContainer.swift in Sources */ = {isa = PBXBuildFile; fileRef = OBJ_30 /* HeadersContainer.swift */; };
		OBJ_185 /* IncomingSocketHandler.swift in Sources */ = {isa = PBXBuildFile; fileRef = OBJ_31 /* IncomingSocketHandler.swift */; };
		OBJ_186 /* IncomingSocketManager.swift in Sources */ = {isa = PBXBuildFile; fileRef = OBJ_32 /* IncomingSocketManager.swift */; };
		OBJ_187 /* IncomingSocketProcessor.swift in Sources */ = {isa = PBXBuildFile; fileRef = OBJ_33 /* IncomingSocketProcessor.swift */; };
		OBJ_188 /* ListenerGroup.swift in Sources */ = {isa = PBXBuildFile; fileRef = OBJ_34 /* ListenerGroup.swift */; };
		OBJ_189 /* ServerRequest.swift in Sources */ = {isa = PBXBuildFile; fileRef = OBJ_35 /* ServerRequest.swift */; };
		OBJ_190 /* ServerResponse.swift in Sources */ = {isa = PBXBuildFile; fileRef = OBJ_36 /* ServerResponse.swift */; };
		OBJ_191 /* SPIUtils.swift in Sources */ = {isa = PBXBuildFile; fileRef = OBJ_37 /* SPIUtils.swift */; };
		OBJ_192 /* FastCGI.swift in Sources */ = {isa = PBXBuildFile; fileRef = OBJ_39 /* FastCGI.swift */; };
		OBJ_193 /* FastCGIRecordCreate.swift in Sources */ = {isa = PBXBuildFile; fileRef = OBJ_40 /* FastCGIRecordCreate.swift */; };
		OBJ_194 /* FastCGIRecordParser.swift in Sources */ = {isa = PBXBuildFile; fileRef = OBJ_41 /* FastCGIRecordParser.swift */; };
		OBJ_195 /* FastCGIServer.swift in Sources */ = {isa = PBXBuildFile; fileRef = OBJ_42 /* FastCGIServer.swift */; };
		OBJ_196 /* FastCGIServerRequest.swift in Sources */ = {isa = PBXBuildFile; fileRef = OBJ_43 /* FastCGIServerRequest.swift */; };
		OBJ_197 /* FastCGIServerResponse.swift in Sources */ = {isa = PBXBuildFile; fileRef = OBJ_44 /* FastCGIServerResponse.swift */; };
		OBJ_198 /* HTTP.swift in Sources */ = {isa = PBXBuildFile; fileRef = OBJ_46 /* HTTP.swift */; };
		OBJ_199 /* HTTPIncomingMessage.swift in Sources */ = {isa = PBXBuildFile; fileRef = OBJ_47 /* HTTPIncomingMessage.swift */; };
		OBJ_200 /* HTTPServer.swift in Sources */ = {isa = PBXBuildFile; fileRef = OBJ_48 /* HTTPServer.swift */; };
		OBJ_201 /* HTTPServerRequest.swift in Sources */ = {isa = PBXBuildFile; fileRef = OBJ_49 /* HTTPServerRequest.swift */; };
		OBJ_202 /* HTTPServerResponse.swift in Sources */ = {isa = PBXBuildFile; fileRef = OBJ_50 /* HTTPServerResponse.swift */; };
		OBJ_203 /* IncomingHTTPSocketProcessor.swift in Sources */ = {isa = PBXBuildFile; fileRef = OBJ_51 /* IncomingHTTPSocketProcessor.swift */; };
		OBJ_204 /* HTTPParser.swift in Sources */ = {isa = PBXBuildFile; fileRef = OBJ_53 /* HTTPParser.swift */; };
		OBJ_205 /* HTTPParserStatus.swift in Sources */ = {isa = PBXBuildFile; fileRef = OBJ_54 /* HTTPParserStatus.swift */; };
		OBJ_206 /* ParseResults.swift in Sources */ = {isa = PBXBuildFile; fileRef = OBJ_55 /* ParseResults.swift */; };
		OBJ_207 /* URLParser.swift in Sources */ = {isa = PBXBuildFile; fileRef = OBJ_56 /* URLParser.swift */; };
		OBJ_208 /* Server.swift in Sources */ = {isa = PBXBuildFile; fileRef = OBJ_58 /* Server.swift */; };
		OBJ_209 /* ServerDelegate.swift in Sources */ = {isa = PBXBuildFile; fileRef = OBJ_59 /* ServerDelegate.swift */; };
		OBJ_210 /* ServerLifecycleListener.swift in Sources */ = {isa = PBXBuildFile; fileRef = OBJ_60 /* ServerLifecycleListener.swift */; };
		OBJ_211 /* ServerMonitor.swift in Sources */ = {isa = PBXBuildFile; fileRef = OBJ_61 /* ServerMonitor.swift */; };
		OBJ_212 /* ServerState.swift in Sources */ = {isa = PBXBuildFile; fileRef = OBJ_62 /* ServerState.swift */; };
		OBJ_214 /* LoggerAPI.framework in Frameworks */ = {isa = PBXBuildFile; fileRef = OBJ_123 /* LoggerAPI.framework */; };
		OBJ_215 /* Socket.framework in Frameworks */ = {isa = PBXBuildFile; fileRef = OBJ_124 /* Socket.framework */; };
		OBJ_216 /* SSLService.framework in Frameworks */ = {isa = PBXBuildFile; fileRef = OBJ_125 /* SSLService.framework */; };
		OBJ_217 /* CHTTPParser.framework in Frameworks */ = {isa = PBXBuildFile; fileRef = OBJ_126 /* CHTTPParser.framework */; };
		OBJ_227 /* LclJSONSerialization.swift in Sources */ = {isa = PBXBuildFile; fileRef = OBJ_64 /* LclJSONSerialization.swift */; };
		OBJ_228 /* SwiftyJSON.swift in Sources */ = {isa = PBXBuildFile; fileRef = OBJ_65 /* SwiftyJSON.swift */; };
		OBJ_235 /* TemplateEngine.swift in Sources */ = {isa = PBXBuildFile; fileRef = OBJ_67 /* TemplateEngine.swift */; };
		OBJ_242 /* Error.swift in Sources */ = {isa = PBXBuildFile; fileRef = OBJ_69 /* Error.swift */; };
		OBJ_243 /* FileResourceServer.swift in Sources */ = {isa = PBXBuildFile; fileRef = OBJ_70 /* FileResourceServer.swift */; };
		OBJ_244 /* Headers.swift in Sources */ = {isa = PBXBuildFile; fileRef = OBJ_71 /* Headers.swift */; };
		OBJ_245 /* HTTPVersion.swift in Sources */ = {isa = PBXBuildFile; fileRef = OBJ_72 /* HTTPVersion.swift */; };
		OBJ_246 /* InternalError.swift in Sources */ = {isa = PBXBuildFile; fileRef = OBJ_73 /* InternalError.swift */; };
		OBJ_247 /* JSONPError.swift in Sources */ = {isa = PBXBuildFile; fileRef = OBJ_74 /* JSONPError.swift */; };
		OBJ_248 /* Kitura.swift in Sources */ = {isa = PBXBuildFile; fileRef = OBJ_75 /* Kitura.swift */; };
		OBJ_249 /* LinkParameter.swift in Sources */ = {isa = PBXBuildFile; fileRef = OBJ_76 /* LinkParameter.swift */; };
		OBJ_250 /* MimeTypeAcceptor.swift in Sources */ = {isa = PBXBuildFile; fileRef = OBJ_77 /* MimeTypeAcceptor.swift */; };
		OBJ_251 /* Router.swift in Sources */ = {isa = PBXBuildFile; fileRef = OBJ_78 /* Router.swift */; };
		OBJ_252 /* RouteRegex.swift in Sources */ = {isa = PBXBuildFile; fileRef = OBJ_79 /* RouteRegex.swift */; };
		OBJ_253 /* RouterElement.swift in Sources */ = {isa = PBXBuildFile; fileRef = OBJ_80 /* RouterElement.swift */; };
		OBJ_254 /* RouterElementWalker.swift in Sources */ = {isa = PBXBuildFile; fileRef = OBJ_81 /* RouterElementWalker.swift */; };
		OBJ_255 /* RouterHandler.swift in Sources */ = {isa = PBXBuildFile; fileRef = OBJ_82 /* RouterHandler.swift */; };
		OBJ_256 /* RouterHTTPVerbs+Error.swift in Sources */ = {isa = PBXBuildFile; fileRef = OBJ_83 /* RouterHTTPVerbs+Error.swift */; };
		OBJ_257 /* RouterHTTPVerbs_generated.swift in Sources */ = {isa = PBXBuildFile; fileRef = OBJ_84 /* RouterHTTPVerbs_generated.swift */; };
		OBJ_258 /* RouterMethod.swift in Sources */ = {isa = PBXBuildFile; fileRef = OBJ_85 /* RouterMethod.swift */; };
		OBJ_259 /* RouterMiddleware.swift in Sources */ = {isa = PBXBuildFile; fileRef = OBJ_86 /* RouterMiddleware.swift */; };
		OBJ_260 /* RouterMiddlewareGenerator.swift in Sources */ = {isa = PBXBuildFile; fileRef = OBJ_87 /* RouterMiddlewareGenerator.swift */; };
		OBJ_261 /* RouterMiddlewareWalker.swift in Sources */ = {isa = PBXBuildFile; fileRef = OBJ_88 /* RouterMiddlewareWalker.swift */; };
		OBJ_262 /* RouterParameterWalker.swift in Sources */ = {isa = PBXBuildFile; fileRef = OBJ_89 /* RouterParameterWalker.swift */; };
		OBJ_263 /* RouterRequest.swift in Sources */ = {isa = PBXBuildFile; fileRef = OBJ_90 /* RouterRequest.swift */; };
		OBJ_264 /* RouterResponse.swift in Sources */ = {isa = PBXBuildFile; fileRef = OBJ_91 /* RouterResponse.swift */; };
		OBJ_265 /* SSLConfig.swift in Sources */ = {isa = PBXBuildFile; fileRef = OBJ_92 /* SSLConfig.swift */; };
		OBJ_266 /* TemplatingError.swift in Sources */ = {isa = PBXBuildFile; fileRef = OBJ_93 /* TemplatingError.swift */; };
		OBJ_267 /* BodyParser.swift in Sources */ = {isa = PBXBuildFile; fileRef = OBJ_95 /* BodyParser.swift */; };
		OBJ_268 /* BodyParserProtocol.swift in Sources */ = {isa = PBXBuildFile; fileRef = OBJ_96 /* BodyParserProtocol.swift */; };
		OBJ_269 /* JSONBodyParser.swift in Sources */ = {isa = PBXBuildFile; fileRef = OBJ_97 /* JSONBodyParser.swift */; };
		OBJ_270 /* MultiPartBodyParser.swift in Sources */ = {isa = PBXBuildFile; fileRef = OBJ_98 /* MultiPartBodyParser.swift */; };
		OBJ_271 /* ParsedBody.swift in Sources */ = {isa = PBXBuildFile; fileRef = OBJ_99 /* ParsedBody.swift */; };
		OBJ_272 /* Part.swift in Sources */ = {isa = PBXBuildFile; fileRef = OBJ_100 /* Part.swift */; };
		OBJ_273 /* RawBodyParser.swift in Sources */ = {isa = PBXBuildFile; fileRef = OBJ_101 /* RawBodyParser.swift */; };
		OBJ_274 /* TextBodyParser.swift in Sources */ = {isa = PBXBuildFile; fileRef = OBJ_102 /* TextBodyParser.swift */; };
		OBJ_275 /* URLEncodedBodyParser.swift in Sources */ = {isa = PBXBuildFile; fileRef = OBJ_103 /* URLEncodedBodyParser.swift */; };
		OBJ_276 /* ContentType.swift in Sources */ = {isa = PBXBuildFile; fileRef = OBJ_105 /* ContentType.swift */; };
		OBJ_277 /* types.swift in Sources */ = {isa = PBXBuildFile; fileRef = OBJ_106 /* types.swift */; };
		OBJ_278 /* CacheRelatedHeadersSetter.swift in Sources */ = {isa = PBXBuildFile; fileRef = OBJ_108 /* CacheRelatedHeadersSetter.swift */; };
		OBJ_279 /* CompositeHeadersSetter.swift in Sources */ = {isa = PBXBuildFile; fileRef = OBJ_109 /* CompositeHeadersSetter.swift */; };
		OBJ_280 /* FileServer.swift in Sources */ = {isa = PBXBuildFile; fileRef = OBJ_110 /* FileServer.swift */; };
		OBJ_281 /* ResourcePathHandler.swift in Sources */ = {isa = PBXBuildFile; fileRef = OBJ_111 /* ResourcePathHandler.swift */; };
		OBJ_282 /* ResponseHeadersSetter.swift in Sources */ = {isa = PBXBuildFile; fileRef = OBJ_112 /* ResponseHeadersSetter.swift */; };
		OBJ_283 /* StaticFileServer.swift in Sources */ = {isa = PBXBuildFile; fileRef = OBJ_113 /* StaticFileServer.swift */; };
		OBJ_285 /* LoggerAPI.framework in Frameworks */ = {isa = PBXBuildFile; fileRef = OBJ_123 /* LoggerAPI.framework */; };
		OBJ_286 /* Socket.framework in Frameworks */ = {isa = PBXBuildFile; fileRef = OBJ_124 /* Socket.framework */; };
		OBJ_287 /* SSLService.framework in Frameworks */ = {isa = PBXBuildFile; fileRef = OBJ_125 /* SSLService.framework */; };
		OBJ_288 /* CHTTPParser.framework in Frameworks */ = {isa = PBXBuildFile; fileRef = OBJ_126 /* CHTTPParser.framework */; };
		OBJ_289 /* KituraNet.framework in Frameworks */ = {isa = PBXBuildFile; fileRef = OBJ_127 /* KituraNet.framework */; };
		OBJ_290 /* SwiftyJSON.framework in Frameworks */ = {isa = PBXBuildFile; fileRef = OBJ_128 /* SwiftyJSON.framework */; };
		OBJ_291 /* KituraTemplateEngine.framework in Frameworks */ = {isa = PBXBuildFile; fileRef = OBJ_129 /* KituraTemplateEngine.framework */; };
		OBJ_304 /* HeliumLogger.swift in Sources */ = {isa = PBXBuildFile; fileRef = OBJ_115 /* HeliumLogger.swift */; };
		OBJ_306 /* LoggerAPI.framework in Frameworks */ = {isa = PBXBuildFile; fileRef = OBJ_123 /* LoggerAPI.framework */; };
		OBJ_313 /* APIRouterController.swift in Sources */ = {isa = PBXBuildFile; fileRef = OBJ_117 /* APIRouterController.swift */; };
		OBJ_314 /* main.swift in Sources */ = {isa = PBXBuildFile; fileRef = OBJ_118 /* main.swift */; };
		OBJ_316 /* LoggerAPI.framework in Frameworks */ = {isa = PBXBuildFile; fileRef = OBJ_123 /* LoggerAPI.framework */; };
		OBJ_317 /* Socket.framework in Frameworks */ = {isa = PBXBuildFile; fileRef = OBJ_124 /* Socket.framework */; };
		OBJ_318 /* SSLService.framework in Frameworks */ = {isa = PBXBuildFile; fileRef = OBJ_125 /* SSLService.framework */; };
		OBJ_319 /* CHTTPParser.framework in Frameworks */ = {isa = PBXBuildFile; fileRef = OBJ_126 /* CHTTPParser.framework */; };
		OBJ_320 /* KituraNet.framework in Frameworks */ = {isa = PBXBuildFile; fileRef = OBJ_127 /* KituraNet.framework */; };
		OBJ_321 /* SwiftyJSON.framework in Frameworks */ = {isa = PBXBuildFile; fileRef = OBJ_128 /* SwiftyJSON.framework */; };
		OBJ_322 /* KituraTemplateEngine.framework in Frameworks */ = {isa = PBXBuildFile; fileRef = OBJ_129 /* KituraTemplateEngine.framework */; };
		OBJ_323 /* Kitura.framework in Frameworks */ = {isa = PBXBuildFile; fileRef = OBJ_130 /* Kitura.framework */; };
		OBJ_324 /* HeliumLogger.framework in Frameworks */ = {isa = PBXBuildFile; fileRef = OBJ_131 /* HeliumLogger.framework */; };
/* End PBXBuildFile section */

/* Begin PBXContainerItemProxy section */
		E3738EB51E2176E20089455A /* PBXContainerItemProxy */ = {
			isa = PBXContainerItemProxy;
			containerPortal = OBJ_1 /* Project object */;
			proxyType = 1;
			remoteGlobalIDString = OBJ_140;
			remoteInfo = Socket;
		};
		E3738EB61E2176E20089455A /* PBXContainerItemProxy */ = {
			isa = PBXContainerItemProxy;
			containerPortal = OBJ_1 /* Project object */;
			proxyType = 1;
			remoteGlobalIDString = OBJ_133;
			remoteInfo = LoggerAPI;
		};
		E3738EB71E2176E20089455A /* PBXContainerItemProxy */ = {
			isa = PBXContainerItemProxy;
			containerPortal = OBJ_1 /* Project object */;
			proxyType = 1;
			remoteGlobalIDString = OBJ_140;
			remoteInfo = Socket;
		};
		E3738EB81E2176E20089455A /* PBXContainerItemProxy */ = {
			isa = PBXContainerItemProxy;
			containerPortal = OBJ_1 /* Project object */;
			proxyType = 1;
			remoteGlobalIDString = OBJ_149;
			remoteInfo = SSLService;
		};
		E3738EB91E2176E20089455A /* PBXContainerItemProxy */ = {
			isa = PBXContainerItemProxy;
			containerPortal = OBJ_1 /* Project object */;
			proxyType = 1;
			remoteGlobalIDString = OBJ_133;
			remoteInfo = LoggerAPI;
		};
		E3738EBA1E2176E20089455A /* PBXContainerItemProxy */ = {
			isa = PBXContainerItemProxy;
			containerPortal = OBJ_1 /* Project object */;
			proxyType = 1;
			remoteGlobalIDString = OBJ_140;
			remoteInfo = Socket;
		};
		E3738EBB1E2176E20089455A /* PBXContainerItemProxy */ = {
			isa = PBXContainerItemProxy;
			containerPortal = OBJ_1 /* Project object */;
			proxyType = 1;
			remoteGlobalIDString = OBJ_149;
			remoteInfo = SSLService;
		};
		E3738EBC1E2176E20089455A /* PBXContainerItemProxy */ = {
			isa = PBXContainerItemProxy;
			containerPortal = OBJ_1 /* Project object */;
			proxyType = 1;
			remoteGlobalIDString = OBJ_158;
			remoteInfo = CHTTPParser;
		};
		E3738EBD1E2176E20089455A /* PBXContainerItemProxy */ = {
			isa = PBXContainerItemProxy;
			containerPortal = OBJ_1 /* Project object */;
			proxyType = 1;
			remoteGlobalIDString = OBJ_133;
			remoteInfo = LoggerAPI;
		};
		E3738EBE1E2176E20089455A /* PBXContainerItemProxy */ = {
			isa = PBXContainerItemProxy;
			containerPortal = OBJ_1 /* Project object */;
			proxyType = 1;
			remoteGlobalIDString = OBJ_140;
			remoteInfo = Socket;
		};
		E3738EBF1E2176E20089455A /* PBXContainerItemProxy */ = {
			isa = PBXContainerItemProxy;
			containerPortal = OBJ_1 /* Project object */;
			proxyType = 1;
			remoteGlobalIDString = OBJ_149;
			remoteInfo = SSLService;
		};
		E3738EC01E2176E20089455A /* PBXContainerItemProxy */ = {
			isa = PBXContainerItemProxy;
			containerPortal = OBJ_1 /* Project object */;
			proxyType = 1;
			remoteGlobalIDString = OBJ_158;
			remoteInfo = CHTTPParser;
		};
		E3738EC11E2176E20089455A /* PBXContainerItemProxy */ = {
			isa = PBXContainerItemProxy;
			containerPortal = OBJ_1 /* Project object */;
			proxyType = 1;
			remoteGlobalIDString = OBJ_173;
			remoteInfo = KituraNet;
		};
		E3738EC21E2176E20089455A /* PBXContainerItemProxy */ = {
			isa = PBXContainerItemProxy;
			containerPortal = OBJ_1 /* Project object */;
			proxyType = 1;
			remoteGlobalIDString = OBJ_222;
			remoteInfo = SwiftyJSON;
		};
		E3738EC31E2176E20089455A /* PBXContainerItemProxy */ = {
			isa = PBXContainerItemProxy;
			containerPortal = OBJ_1 /* Project object */;
			proxyType = 1;
			remoteGlobalIDString = OBJ_230;
			remoteInfo = KituraTemplateEngine;
		};
		E3738EC41E2176E20089455A /* PBXContainerItemProxy */ = {
			isa = PBXContainerItemProxy;
			containerPortal = OBJ_1 /* Project object */;
			proxyType = 1;
			remoteGlobalIDString = OBJ_133;
			remoteInfo = LoggerAPI;
		};
		E3738EC51E2176E20089455A /* PBXContainerItemProxy */ = {
			isa = PBXContainerItemProxy;
			containerPortal = OBJ_1 /* Project object */;
			proxyType = 1;
			remoteGlobalIDString = OBJ_133;
			remoteInfo = LoggerAPI;
		};
		E3738EC61E2176E20089455A /* PBXContainerItemProxy */ = {
			isa = PBXContainerItemProxy;
			containerPortal = OBJ_1 /* Project object */;
			proxyType = 1;
			remoteGlobalIDString = OBJ_140;
			remoteInfo = Socket;
		};
		E3738EC71E2176E20089455A /* PBXContainerItemProxy */ = {
			isa = PBXContainerItemProxy;
			containerPortal = OBJ_1 /* Project object */;
			proxyType = 1;
			remoteGlobalIDString = OBJ_149;
			remoteInfo = SSLService;
		};
		E3738EC81E2176E20089455A /* PBXContainerItemProxy */ = {
			isa = PBXContainerItemProxy;
			containerPortal = OBJ_1 /* Project object */;
			proxyType = 1;
			remoteGlobalIDString = OBJ_158;
			remoteInfo = CHTTPParser;
		};
		E3738EC91E2176E20089455A /* PBXContainerItemProxy */ = {
			isa = PBXContainerItemProxy;
			containerPortal = OBJ_1 /* Project object */;
			proxyType = 1;
			remoteGlobalIDString = OBJ_173;
			remoteInfo = KituraNet;
		};
		E3738ECA1E2176E20089455A /* PBXContainerItemProxy */ = {
			isa = PBXContainerItemProxy;
			containerPortal = OBJ_1 /* Project object */;
			proxyType = 1;
			remoteGlobalIDString = OBJ_222;
			remoteInfo = SwiftyJSON;
		};
		E3738ECB1E2176E20089455A /* PBXContainerItemProxy */ = {
			isa = PBXContainerItemProxy;
			containerPortal = OBJ_1 /* Project object */;
			proxyType = 1;
			remoteGlobalIDString = OBJ_230;
			remoteInfo = KituraTemplateEngine;
		};
		E3738ECC1E2176E20089455A /* PBXContainerItemProxy */ = {
			isa = PBXContainerItemProxy;
			containerPortal = OBJ_1 /* Project object */;
			proxyType = 1;
			remoteGlobalIDString = OBJ_237;
			remoteInfo = Kitura;
		};
		E3738ECD1E2176E20089455A /* PBXContainerItemProxy */ = {
			isa = PBXContainerItemProxy;
			containerPortal = OBJ_1 /* Project object */;
			proxyType = 1;
			remoteGlobalIDString = OBJ_299;
			remoteInfo = HeliumLogger;
		};
/* End PBXContainerItemProxy section */

/* Begin PBXFileReference section */
		OBJ_100 /* Part.swift */ = {isa = PBXFileReference; lastKnownFileType = sourcecode.swift; path = Part.swift; sourceTree = "<group>"; };
		OBJ_101 /* RawBodyParser.swift */ = {isa = PBXFileReference; lastKnownFileType = sourcecode.swift; path = RawBodyParser.swift; sourceTree = "<group>"; };
		OBJ_102 /* TextBodyParser.swift */ = {isa = PBXFileReference; lastKnownFileType = sourcecode.swift; path = TextBodyParser.swift; sourceTree = "<group>"; };
		OBJ_103 /* URLEncodedBodyParser.swift */ = {isa = PBXFileReference; lastKnownFileType = sourcecode.swift; path = URLEncodedBodyParser.swift; sourceTree = "<group>"; };
		OBJ_105 /* ContentType.swift */ = {isa = PBXFileReference; lastKnownFileType = sourcecode.swift; path = ContentType.swift; sourceTree = "<group>"; };
		OBJ_106 /* types.swift */ = {isa = PBXFileReference; lastKnownFileType = sourcecode.swift; path = types.swift; sourceTree = "<group>"; };
		OBJ_108 /* CacheRelatedHeadersSetter.swift */ = {isa = PBXFileReference; lastKnownFileType = sourcecode.swift; path = CacheRelatedHeadersSetter.swift; sourceTree = "<group>"; };
		OBJ_109 /* CompositeHeadersSetter.swift */ = {isa = PBXFileReference; lastKnownFileType = sourcecode.swift; path = CompositeHeadersSetter.swift; sourceTree = "<group>"; };
		OBJ_11 /* Socket.swift */ = {isa = PBXFileReference; lastKnownFileType = sourcecode.swift; path = Socket.swift; sourceTree = "<group>"; };
		OBJ_110 /* FileServer.swift */ = {isa = PBXFileReference; lastKnownFileType = sourcecode.swift; path = FileServer.swift; sourceTree = "<group>"; };
		OBJ_111 /* ResourcePathHandler.swift */ = {isa = PBXFileReference; lastKnownFileType = sourcecode.swift; path = ResourcePathHandler.swift; sourceTree = "<group>"; };
		OBJ_112 /* ResponseHeadersSetter.swift */ = {isa = PBXFileReference; lastKnownFileType = sourcecode.swift; path = ResponseHeadersSetter.swift; sourceTree = "<group>"; };
		OBJ_113 /* StaticFileServer.swift */ = {isa = PBXFileReference; lastKnownFileType = sourcecode.swift; path = StaticFileServer.swift; sourceTree = "<group>"; };
		OBJ_115 /* HeliumLogger.swift */ = {isa = PBXFileReference; lastKnownFileType = sourcecode.swift; path = HeliumLogger.swift; sourceTree = "<group>"; };
		OBJ_117 /* APIRouterController.swift */ = {isa = PBXFileReference; lastKnownFileType = sourcecode.swift; path = APIRouterController.swift; sourceTree = "<group>"; };
		OBJ_118 /* main.swift */ = {isa = PBXFileReference; lastKnownFileType = sourcecode.swift; path = main.swift; sourceTree = "<group>"; };
		OBJ_12 /* SocketProtocols.swift */ = {isa = PBXFileReference; lastKnownFileType = sourcecode.swift; path = SocketProtocols.swift; sourceTree = "<group>"; };
		OBJ_120 /* client */ = {isa = PBXFileReference; lastKnownFileType = folder; path = client; sourceTree = SOURCE_ROOT; };
		OBJ_121 /* public */ = {isa = PBXFileReference; lastKnownFileType = folder; path = public; sourceTree = SOURCE_ROOT; };
		OBJ_123 /* LoggerAPI.framework */ = {isa = PBXFileReference; explicitFileType = wrapper.framework; path = LoggerAPI.framework; sourceTree = BUILT_PRODUCTS_DIR; };
		OBJ_124 /* Socket.framework */ = {isa = PBXFileReference; explicitFileType = wrapper.framework; path = Socket.framework; sourceTree = BUILT_PRODUCTS_DIR; };
		OBJ_125 /* SSLService.framework */ = {isa = PBXFileReference; explicitFileType = wrapper.framework; path = SSLService.framework; sourceTree = BUILT_PRODUCTS_DIR; };
		OBJ_126 /* CHTTPParser.framework */ = {isa = PBXFileReference; explicitFileType = wrapper.framework; path = CHTTPParser.framework; sourceTree = BUILT_PRODUCTS_DIR; };
		OBJ_127 /* KituraNet.framework */ = {isa = PBXFileReference; explicitFileType = wrapper.framework; path = KituraNet.framework; sourceTree = BUILT_PRODUCTS_DIR; };
		OBJ_128 /* SwiftyJSON.framework */ = {isa = PBXFileReference; explicitFileType = wrapper.framework; path = SwiftyJSON.framework; sourceTree = BUILT_PRODUCTS_DIR; };
		OBJ_129 /* KituraTemplateEngine.framework */ = {isa = PBXFileReference; explicitFileType = wrapper.framework; path = KituraTemplateEngine.framework; sourceTree = BUILT_PRODUCTS_DIR; };
		OBJ_13 /* SocketUtils.swift */ = {isa = PBXFileReference; lastKnownFileType = sourcecode.swift; path = SocketUtils.swift; sourceTree = "<group>"; };
		OBJ_130 /* Kitura.framework */ = {isa = PBXFileReference; explicitFileType = wrapper.framework; path = Kitura.framework; sourceTree = BUILT_PRODUCTS_DIR; };
		OBJ_131 /* HeliumLogger.framework */ = {isa = PBXFileReference; explicitFileType = wrapper.framework; path = HeliumLogger.framework; sourceTree = BUILT_PRODUCTS_DIR; };
		OBJ_132 /* PadeeServer */ = {isa = PBXFileReference; lastKnownFileType = text; path = PadeeServer; sourceTree = BUILT_PRODUCTS_DIR; };
		OBJ_15 /* SSLService.swift */ = {isa = PBXFileReference; lastKnownFileType = sourcecode.swift; path = SSLService.swift; sourceTree = "<group>"; };
		OBJ_17 /* http_parser.c */ = {isa = PBXFileReference; lastKnownFileType = sourcecode.c.c; path = http_parser.c; sourceTree = "<group>"; };
		OBJ_18 /* utils.c */ = {isa = PBXFileReference; lastKnownFileType = sourcecode.c.c; path = utils.c; sourceTree = "<group>"; };
		OBJ_20 /* http_parser.h */ = {isa = PBXFileReference; lastKnownFileType = sourcecode.c.h; path = http_parser.h; sourceTree = "<group>"; };
		OBJ_21 /* utils.h */ = {isa = PBXFileReference; lastKnownFileType = sourcecode.c.h; path = utils.h; sourceTree = "<group>"; };
		OBJ_22 /* module.modulemap */ = {isa = PBXFileReference; lastKnownFileType = "sourcecode.module-map"; name = module.modulemap; path = "/Users/dstrokis/Developer/Padee/Packages/Kitura-net-1.4.3/Sources/CHTTPParser/include/module.modulemap"; sourceTree = "<group>"; };
		OBJ_24 /* BufferList.swift */ = {isa = PBXFileReference; lastKnownFileType = sourcecode.swift; path = BufferList.swift; sourceTree = "<group>"; };
		OBJ_25 /* ClientRequest.swift */ = {isa = PBXFileReference; lastKnownFileType = sourcecode.swift; path = ClientRequest.swift; sourceTree = "<group>"; };
		OBJ_26 /* ClientResponse.swift */ = {isa = PBXFileReference; lastKnownFileType = sourcecode.swift; path = ClientResponse.swift; sourceTree = "<group>"; };
		OBJ_27 /* ConnectionUpgradeFactory.swift */ = {isa = PBXFileReference; lastKnownFileType = sourcecode.swift; path = ConnectionUpgradeFactory.swift; sourceTree = "<group>"; };
		OBJ_28 /* ConnectionUpgrader.swift */ = {isa = PBXFileReference; lastKnownFileType = sourcecode.swift; path = ConnectionUpgrader.swift; sourceTree = "<group>"; };
		OBJ_29 /* Error.swift */ = {isa = PBXFileReference; lastKnownFileType = sourcecode.swift; path = Error.swift; sourceTree = "<group>"; };
		OBJ_30 /* HeadersContainer.swift */ = {isa = PBXFileReference; lastKnownFileType = sourcecode.swift; path = HeadersContainer.swift; sourceTree = "<group>"; };
		OBJ_31 /* IncomingSocketHandler.swift */ = {isa = PBXFileReference; lastKnownFileType = sourcecode.swift; path = IncomingSocketHandler.swift; sourceTree = "<group>"; };
		OBJ_32 /* IncomingSocketManager.swift */ = {isa = PBXFileReference; lastKnownFileType = sourcecode.swift; path = IncomingSocketManager.swift; sourceTree = "<group>"; };
		OBJ_33 /* IncomingSocketProcessor.swift */ = {isa = PBXFileReference; lastKnownFileType = sourcecode.swift; path = IncomingSocketProcessor.swift; sourceTree = "<group>"; };
		OBJ_34 /* ListenerGroup.swift */ = {isa = PBXFileReference; lastKnownFileType = sourcecode.swift; path = ListenerGroup.swift; sourceTree = "<group>"; };
		OBJ_35 /* ServerRequest.swift */ = {isa = PBXFileReference; lastKnownFileType = sourcecode.swift; path = ServerRequest.swift; sourceTree = "<group>"; };
		OBJ_36 /* ServerResponse.swift */ = {isa = PBXFileReference; lastKnownFileType = sourcecode.swift; path = ServerResponse.swift; sourceTree = "<group>"; };
		OBJ_37 /* SPIUtils.swift */ = {isa = PBXFileReference; lastKnownFileType = sourcecode.swift; path = SPIUtils.swift; sourceTree = "<group>"; };
		OBJ_39 /* FastCGI.swift */ = {isa = PBXFileReference; lastKnownFileType = sourcecode.swift; path = FastCGI.swift; sourceTree = "<group>"; };
		OBJ_40 /* FastCGIRecordCreate.swift */ = {isa = PBXFileReference; lastKnownFileType = sourcecode.swift; path = FastCGIRecordCreate.swift; sourceTree = "<group>"; };
		OBJ_41 /* FastCGIRecordParser.swift */ = {isa = PBXFileReference; lastKnownFileType = sourcecode.swift; path = FastCGIRecordParser.swift; sourceTree = "<group>"; };
		OBJ_42 /* FastCGIServer.swift */ = {isa = PBXFileReference; lastKnownFileType = sourcecode.swift; path = FastCGIServer.swift; sourceTree = "<group>"; };
		OBJ_43 /* FastCGIServerRequest.swift */ = {isa = PBXFileReference; lastKnownFileType = sourcecode.swift; path = FastCGIServerRequest.swift; sourceTree = "<group>"; };
		OBJ_44 /* FastCGIServerResponse.swift */ = {isa = PBXFileReference; lastKnownFileType = sourcecode.swift; path = FastCGIServerResponse.swift; sourceTree = "<group>"; };
		OBJ_46 /* HTTP.swift */ = {isa = PBXFileReference; lastKnownFileType = sourcecode.swift; path = HTTP.swift; sourceTree = "<group>"; };
		OBJ_47 /* HTTPIncomingMessage.swift */ = {isa = PBXFileReference; lastKnownFileType = sourcecode.swift; path = HTTPIncomingMessage.swift; sourceTree = "<group>"; };
		OBJ_48 /* HTTPServer.swift */ = {isa = PBXFileReference; lastKnownFileType = sourcecode.swift; path = HTTPServer.swift; sourceTree = "<group>"; };
		OBJ_49 /* HTTPServerRequest.swift */ = {isa = PBXFileReference; lastKnownFileType = sourcecode.swift; path = HTTPServerRequest.swift; sourceTree = "<group>"; };
		OBJ_50 /* HTTPServerResponse.swift */ = {isa = PBXFileReference; lastKnownFileType = sourcecode.swift; path = HTTPServerResponse.swift; sourceTree = "<group>"; };
		OBJ_51 /* IncomingHTTPSocketProcessor.swift */ = {isa = PBXFileReference; lastKnownFileType = sourcecode.swift; path = IncomingHTTPSocketProcessor.swift; sourceTree = "<group>"; };
		OBJ_53 /* HTTPParser.swift */ = {isa = PBXFileReference; lastKnownFileType = sourcecode.swift; path = HTTPParser.swift; sourceTree = "<group>"; };
		OBJ_54 /* HTTPParserStatus.swift */ = {isa = PBXFileReference; lastKnownFileType = sourcecode.swift; path = HTTPParserStatus.swift; sourceTree = "<group>"; };
		OBJ_55 /* ParseResults.swift */ = {isa = PBXFileReference; lastKnownFileType = sourcecode.swift; path = ParseResults.swift; sourceTree = "<group>"; };
		OBJ_56 /* URLParser.swift */ = {isa = PBXFileReference; lastKnownFileType = sourcecode.swift; path = URLParser.swift; sourceTree = "<group>"; };
		OBJ_58 /* Server.swift */ = {isa = PBXFileReference; lastKnownFileType = sourcecode.swift; path = Server.swift; sourceTree = "<group>"; };
		OBJ_59 /* ServerDelegate.swift */ = {isa = PBXFileReference; lastKnownFileType = sourcecode.swift; path = ServerDelegate.swift; sourceTree = "<group>"; };
		OBJ_6 /* Package.swift */ = {isa = PBXFileReference; explicitFileType = sourcecode.swift; path = Package.swift; sourceTree = "<group>"; };
		OBJ_60 /* ServerLifecycleListener.swift */ = {isa = PBXFileReference; lastKnownFileType = sourcecode.swift; path = ServerLifecycleListener.swift; sourceTree = "<group>"; };
		OBJ_61 /* ServerMonitor.swift */ = {isa = PBXFileReference; lastKnownFileType = sourcecode.swift; path = ServerMonitor.swift; sourceTree = "<group>"; };
		OBJ_62 /* ServerState.swift */ = {isa = PBXFileReference; lastKnownFileType = sourcecode.swift; path = ServerState.swift; sourceTree = "<group>"; };
		OBJ_64 /* LclJSONSerialization.swift */ = {isa = PBXFileReference; lastKnownFileType = sourcecode.swift; path = LclJSONSerialization.swift; sourceTree = "<group>"; };
		OBJ_65 /* SwiftyJSON.swift */ = {isa = PBXFileReference; lastKnownFileType = sourcecode.swift; path = SwiftyJSON.swift; sourceTree = "<group>"; };
		OBJ_67 /* TemplateEngine.swift */ = {isa = PBXFileReference; lastKnownFileType = sourcecode.swift; path = TemplateEngine.swift; sourceTree = "<group>"; };
		OBJ_69 /* Error.swift */ = {isa = PBXFileReference; lastKnownFileType = sourcecode.swift; path = Error.swift; sourceTree = "<group>"; };
		OBJ_70 /* FileResourceServer.swift */ = {isa = PBXFileReference; lastKnownFileType = sourcecode.swift; path = FileResourceServer.swift; sourceTree = "<group>"; };
		OBJ_71 /* Headers.swift */ = {isa = PBXFileReference; lastKnownFileType = sourcecode.swift; path = Headers.swift; sourceTree = "<group>"; };
		OBJ_72 /* HTTPVersion.swift */ = {isa = PBXFileReference; lastKnownFileType = sourcecode.swift; path = HTTPVersion.swift; sourceTree = "<group>"; };
		OBJ_73 /* InternalError.swift */ = {isa = PBXFileReference; lastKnownFileType = sourcecode.swift; path = InternalError.swift; sourceTree = "<group>"; };
		OBJ_74 /* JSONPError.swift */ = {isa = PBXFileReference; lastKnownFileType = sourcecode.swift; path = JSONPError.swift; sourceTree = "<group>"; };
		OBJ_75 /* Kitura.swift */ = {isa = PBXFileReference; lastKnownFileType = sourcecode.swift; path = Kitura.swift; sourceTree = "<group>"; };
		OBJ_76 /* LinkParameter.swift */ = {isa = PBXFileReference; lastKnownFileType = sourcecode.swift; path = LinkParameter.swift; sourceTree = "<group>"; };
		OBJ_77 /* MimeTypeAcceptor.swift */ = {isa = PBXFileReference; lastKnownFileType = sourcecode.swift; path = MimeTypeAcceptor.swift; sourceTree = "<group>"; };
		OBJ_78 /* Router.swift */ = {isa = PBXFileReference; lastKnownFileType = sourcecode.swift; path = Router.swift; sourceTree = "<group>"; };
		OBJ_79 /* RouteRegex.swift */ = {isa = PBXFileReference; lastKnownFileType = sourcecode.swift; path = RouteRegex.swift; sourceTree = "<group>"; };
		OBJ_80 /* RouterElement.swift */ = {isa = PBXFileReference; lastKnownFileType = sourcecode.swift; path = RouterElement.swift; sourceTree = "<group>"; };
		OBJ_81 /* RouterElementWalker.swift */ = {isa = PBXFileReference; lastKnownFileType = sourcecode.swift; path = RouterElementWalker.swift; sourceTree = "<group>"; };
		OBJ_82 /* RouterHandler.swift */ = {isa = PBXFileReference; lastKnownFileType = sourcecode.swift; path = RouterHandler.swift; sourceTree = "<group>"; };
		OBJ_83 /* RouterHTTPVerbs+Error.swift */ = {isa = PBXFileReference; lastKnownFileType = sourcecode.swift; path = "RouterHTTPVerbs+Error.swift"; sourceTree = "<group>"; };
		OBJ_84 /* RouterHTTPVerbs_generated.swift */ = {isa = PBXFileReference; lastKnownFileType = sourcecode.swift; path = RouterHTTPVerbs_generated.swift; sourceTree = "<group>"; };
		OBJ_85 /* RouterMethod.swift */ = {isa = PBXFileReference; lastKnownFileType = sourcecode.swift; path = RouterMethod.swift; sourceTree = "<group>"; };
		OBJ_86 /* RouterMiddleware.swift */ = {isa = PBXFileReference; lastKnownFileType = sourcecode.swift; path = RouterMiddleware.swift; sourceTree = "<group>"; };
		OBJ_87 /* RouterMiddlewareGenerator.swift */ = {isa = PBXFileReference; lastKnownFileType = sourcecode.swift; path = RouterMiddlewareGenerator.swift; sourceTree = "<group>"; };
		OBJ_88 /* RouterMiddlewareWalker.swift */ = {isa = PBXFileReference; lastKnownFileType = sourcecode.swift; path = RouterMiddlewareWalker.swift; sourceTree = "<group>"; };
		OBJ_89 /* RouterParameterWalker.swift */ = {isa = PBXFileReference; lastKnownFileType = sourcecode.swift; path = RouterParameterWalker.swift; sourceTree = "<group>"; };
		OBJ_9 /* Logger.swift */ = {isa = PBXFileReference; lastKnownFileType = sourcecode.swift; path = Logger.swift; sourceTree = "<group>"; };
		OBJ_90 /* RouterRequest.swift */ = {isa = PBXFileReference; lastKnownFileType = sourcecode.swift; path = RouterRequest.swift; sourceTree = "<group>"; };
		OBJ_91 /* RouterResponse.swift */ = {isa = PBXFileReference; lastKnownFileType = sourcecode.swift; path = RouterResponse.swift; sourceTree = "<group>"; };
		OBJ_92 /* SSLConfig.swift */ = {isa = PBXFileReference; lastKnownFileType = sourcecode.swift; path = SSLConfig.swift; sourceTree = "<group>"; };
		OBJ_93 /* TemplatingError.swift */ = {isa = PBXFileReference; lastKnownFileType = sourcecode.swift; path = TemplatingError.swift; sourceTree = "<group>"; };
		OBJ_95 /* BodyParser.swift */ = {isa = PBXFileReference; lastKnownFileType = sourcecode.swift; path = BodyParser.swift; sourceTree = "<group>"; };
		OBJ_96 /* BodyParserProtocol.swift */ = {isa = PBXFileReference; lastKnownFileType = sourcecode.swift; path = BodyParserProtocol.swift; sourceTree = "<group>"; };
		OBJ_97 /* JSONBodyParser.swift */ = {isa = PBXFileReference; lastKnownFileType = sourcecode.swift; path = JSONBodyParser.swift; sourceTree = "<group>"; };
		OBJ_98 /* MultiPartBodyParser.swift */ = {isa = PBXFileReference; lastKnownFileType = sourcecode.swift; path = MultiPartBodyParser.swift; sourceTree = "<group>"; };
		OBJ_99 /* ParsedBody.swift */ = {isa = PBXFileReference; lastKnownFileType = sourcecode.swift; path = ParsedBody.swift; sourceTree = "<group>"; };
/* End PBXFileReference section */

/* Begin PBXFrameworksBuildPhase section */
		OBJ_139 /* Frameworks */ = {
			isa = PBXFrameworksBuildPhase;
			buildActionMask = 0;
			files = (
			);
			runOnlyForDeploymentPostprocessing = 0;
		};
		OBJ_148 /* Frameworks */ = {
			isa = PBXFrameworksBuildPhase;
			buildActionMask = 0;
			files = (
			);
			runOnlyForDeploymentPostprocessing = 0;
		};
		OBJ_155 /* Frameworks */ = {
			isa = PBXFrameworksBuildPhase;
			buildActionMask = 0;
			files = (
				OBJ_156 /* Socket.framework in Frameworks */,
			);
			runOnlyForDeploymentPostprocessing = 0;
		};
		OBJ_166 /* Frameworks */ = {
			isa = PBXFrameworksBuildPhase;
			buildActionMask = 0;
			files = (
				OBJ_167 /* LoggerAPI.framework in Frameworks */,
				OBJ_168 /* Socket.framework in Frameworks */,
				OBJ_169 /* SSLService.framework in Frameworks */,
			);
			runOnlyForDeploymentPostprocessing = 0;
		};
		OBJ_213 /* Frameworks */ = {
			isa = PBXFrameworksBuildPhase;
			buildActionMask = 0;
			files = (
				OBJ_214 /* LoggerAPI.framework in Frameworks */,
				OBJ_215 /* Socket.framework in Frameworks */,
				OBJ_216 /* SSLService.framework in Frameworks */,
				OBJ_217 /* CHTTPParser.framework in Frameworks */,
			);
			runOnlyForDeploymentPostprocessing = 0;
		};
		OBJ_229 /* Frameworks */ = {
			isa = PBXFrameworksBuildPhase;
			buildActionMask = 0;
			files = (
			);
			runOnlyForDeploymentPostprocessing = 0;
		};
		OBJ_236 /* Frameworks */ = {
			isa = PBXFrameworksBuildPhase;
			buildActionMask = 0;
			files = (
			);
			runOnlyForDeploymentPostprocessing = 0;
		};
		OBJ_284 /* Frameworks */ = {
			isa = PBXFrameworksBuildPhase;
			buildActionMask = 0;
			files = (
				OBJ_285 /* LoggerAPI.framework in Frameworks */,
				OBJ_286 /* Socket.framework in Frameworks */,
				OBJ_287 /* SSLService.framework in Frameworks */,
				OBJ_288 /* CHTTPParser.framework in Frameworks */,
				OBJ_289 /* KituraNet.framework in Frameworks */,
				OBJ_290 /* SwiftyJSON.framework in Frameworks */,
				OBJ_291 /* KituraTemplateEngine.framework in Frameworks */,
			);
			runOnlyForDeploymentPostprocessing = 0;
		};
		OBJ_305 /* Frameworks */ = {
			isa = PBXFrameworksBuildPhase;
			buildActionMask = 0;
			files = (
				OBJ_306 /* LoggerAPI.framework in Frameworks */,
			);
			runOnlyForDeploymentPostprocessing = 0;
		};
		OBJ_315 /* Frameworks */ = {
			isa = PBXFrameworksBuildPhase;
			buildActionMask = 0;
			files = (
				OBJ_316 /* LoggerAPI.framework in Frameworks */,
				OBJ_317 /* Socket.framework in Frameworks */,
				OBJ_318 /* SSLService.framework in Frameworks */,
				OBJ_319 /* CHTTPParser.framework in Frameworks */,
				OBJ_320 /* KituraNet.framework in Frameworks */,
				OBJ_321 /* SwiftyJSON.framework in Frameworks */,
				OBJ_322 /* KituraTemplateEngine.framework in Frameworks */,
				OBJ_323 /* Kitura.framework in Frameworks */,
				OBJ_324 /* HeliumLogger.framework in Frameworks */,
			);
			runOnlyForDeploymentPostprocessing = 0;
		};
/* End PBXFrameworksBuildPhase section */

/* Begin PBXGroup section */
		OBJ_10 /* Socket */ = {
			isa = PBXGroup;
			children = (
				OBJ_11 /* Socket.swift */,
				OBJ_12 /* SocketProtocols.swift */,
				OBJ_13 /* SocketUtils.swift */,
			);
			name = Socket;
			path = "Packages/Socket-0.12.17/Sources";
			sourceTree = SOURCE_ROOT;
		};
		OBJ_104 /* contentType */ = {
			isa = PBXGroup;
			children = (
				OBJ_105 /* ContentType.swift */,
				OBJ_106 /* types.swift */,
			);
			path = contentType;
			sourceTree = "<group>";
		};
		OBJ_107 /* staticFileServer */ = {
			isa = PBXGroup;
			children = (
				OBJ_108 /* CacheRelatedHeadersSetter.swift */,
				OBJ_109 /* CompositeHeadersSetter.swift */,
				OBJ_110 /* FileServer.swift */,
				OBJ_111 /* ResourcePathHandler.swift */,
				OBJ_112 /* ResponseHeadersSetter.swift */,
				OBJ_113 /* StaticFileServer.swift */,
			);
			path = staticFileServer;
			sourceTree = "<group>";
		};
		OBJ_114 /* HeliumLogger */ = {
			isa = PBXGroup;
			children = (
				OBJ_115 /* HeliumLogger.swift */,
			);
			name = HeliumLogger;
			path = "Packages/HeliumLogger-1.4.0/Sources/HeliumLogger";
			sourceTree = SOURCE_ROOT;
		};
		OBJ_116 /* PadeeServer */ = {
			isa = PBXGroup;
			children = (
				OBJ_117 /* APIRouterController.swift */,
				OBJ_118 /* main.swift */,
			);
			name = PadeeServer;
			path = Sources;
			sourceTree = SOURCE_ROOT;
		};
		OBJ_119 /* Tests */ = {
			isa = PBXGroup;
			children = (
			);
			path = Tests;
			sourceTree = "<group>";
		};
		OBJ_122 /* Products */ = {
			isa = PBXGroup;
			children = (
				OBJ_123 /* LoggerAPI.framework */,
				OBJ_124 /* Socket.framework */,
				OBJ_125 /* SSLService.framework */,
				OBJ_126 /* CHTTPParser.framework */,
				OBJ_127 /* KituraNet.framework */,
				OBJ_128 /* SwiftyJSON.framework */,
				OBJ_129 /* KituraTemplateEngine.framework */,
				OBJ_130 /* Kitura.framework */,
				OBJ_131 /* HeliumLogger.framework */,
				OBJ_132 /* PadeeServer */,
			);
			name = Products;
			sourceTree = BUILT_PRODUCTS_DIR;
		};
		OBJ_14 /* SSLService */ = {
			isa = PBXGroup;
			children = (
				OBJ_15 /* SSLService.swift */,
			);
			name = SSLService;
			path = "Packages/SSLService-0.12.11/Sources";
			sourceTree = SOURCE_ROOT;
		};
		OBJ_16 /* CHTTPParser */ = {
			isa = PBXGroup;
			children = (
				OBJ_17 /* http_parser.c */,
				OBJ_18 /* utils.c */,
				OBJ_19 /* include */,
			);
			name = CHTTPParser;
			path = "Packages/Kitura-net-1.4.3/Sources/CHTTPParser";
			sourceTree = SOURCE_ROOT;
		};
		OBJ_19 /* include */ = {
			isa = PBXGroup;
			children = (
				OBJ_20 /* http_parser.h */,
				OBJ_21 /* utils.h */,
				OBJ_22 /* module.modulemap */,
			);
			path = include;
			sourceTree = "<group>";
		};
		OBJ_23 /* KituraNet */ = {
			isa = PBXGroup;
			children = (
				OBJ_24 /* BufferList.swift */,
				OBJ_25 /* ClientRequest.swift */,
				OBJ_26 /* ClientResponse.swift */,
				OBJ_27 /* ConnectionUpgradeFactory.swift */,
				OBJ_28 /* ConnectionUpgrader.swift */,
				OBJ_29 /* Error.swift */,
				OBJ_30 /* HeadersContainer.swift */,
				OBJ_31 /* IncomingSocketHandler.swift */,
				OBJ_32 /* IncomingSocketManager.swift */,
				OBJ_33 /* IncomingSocketProcessor.swift */,
				OBJ_34 /* ListenerGroup.swift */,
				OBJ_35 /* ServerRequest.swift */,
				OBJ_36 /* ServerResponse.swift */,
				OBJ_37 /* SPIUtils.swift */,
				OBJ_38 /* FastCGI */,
				OBJ_45 /* HTTP */,
				OBJ_52 /* HTTPParser */,
				OBJ_57 /* Server */,
			);
			name = KituraNet;
			path = "Packages/Kitura-net-1.4.3/Sources/KituraNet";
			sourceTree = SOURCE_ROOT;
		};
		OBJ_38 /* FastCGI */ = {
			isa = PBXGroup;
			children = (
				OBJ_39 /* FastCGI.swift */,
				OBJ_40 /* FastCGIRecordCreate.swift */,
				OBJ_41 /* FastCGIRecordParser.swift */,
				OBJ_42 /* FastCGIServer.swift */,
				OBJ_43 /* FastCGIServerRequest.swift */,
				OBJ_44 /* FastCGIServerResponse.swift */,
			);
			path = FastCGI;
			sourceTree = "<group>";
		};
		OBJ_45 /* HTTP */ = {
			isa = PBXGroup;
			children = (
				OBJ_46 /* HTTP.swift */,
				OBJ_47 /* HTTPIncomingMessage.swift */,
				OBJ_48 /* HTTPServer.swift */,
				OBJ_49 /* HTTPServerRequest.swift */,
				OBJ_50 /* HTTPServerResponse.swift */,
				OBJ_51 /* IncomingHTTPSocketProcessor.swift */,
			);
			path = HTTP;
			sourceTree = "<group>";
		};
		OBJ_5 /*  */ = {
			isa = PBXGroup;
			children = (
				OBJ_6 /* Package.swift */,
				OBJ_7 /* Sources */,
				OBJ_119 /* Tests */,
				OBJ_120 /* client */,
				OBJ_121 /* public */,
				OBJ_122 /* Products */,
			);
			name = "";
			sourceTree = "<group>";
		};
		OBJ_52 /* HTTPParser */ = {
			isa = PBXGroup;
			children = (
				OBJ_53 /* HTTPParser.swift */,
				OBJ_54 /* HTTPParserStatus.swift */,
				OBJ_55 /* ParseResults.swift */,
				OBJ_56 /* URLParser.swift */,
			);
			path = HTTPParser;
			sourceTree = "<group>";
		};
		OBJ_57 /* Server */ = {
			isa = PBXGroup;
			children = (
				OBJ_58 /* Server.swift */,
				OBJ_59 /* ServerDelegate.swift */,
				OBJ_60 /* ServerLifecycleListener.swift */,
				OBJ_61 /* ServerMonitor.swift */,
				OBJ_62 /* ServerState.swift */,
			);
			path = Server;
			sourceTree = "<group>";
		};
		OBJ_63 /* SwiftyJSON */ = {
			isa = PBXGroup;
			children = (
				OBJ_64 /* LclJSONSerialization.swift */,
				OBJ_65 /* SwiftyJSON.swift */,
			);
			name = SwiftyJSON;
			path = "Packages/SwiftyJSON-15.0.4/Source";
			sourceTree = SOURCE_ROOT;
		};
		OBJ_66 /* KituraTemplateEngine */ = {
			isa = PBXGroup;
			children = (
				OBJ_67 /* TemplateEngine.swift */,
			);
			name = KituraTemplateEngine;
			path = "Packages/Kitura-TemplateEngine-1.4.0/Sources/KituraTemplateEngine";
			sourceTree = SOURCE_ROOT;
		};
		OBJ_68 /* Kitura */ = {
			isa = PBXGroup;
			children = (
				OBJ_69 /* Error.swift */,
				OBJ_70 /* FileResourceServer.swift */,
				OBJ_71 /* Headers.swift */,
				OBJ_72 /* HTTPVersion.swift */,
				OBJ_73 /* InternalError.swift */,
				OBJ_74 /* JSONPError.swift */,
				OBJ_75 /* Kitura.swift */,
				OBJ_76 /* LinkParameter.swift */,
				OBJ_77 /* MimeTypeAcceptor.swift */,
				OBJ_78 /* Router.swift */,
				OBJ_79 /* RouteRegex.swift */,
				OBJ_80 /* RouterElement.swift */,
				OBJ_81 /* RouterElementWalker.swift */,
				OBJ_82 /* RouterHandler.swift */,
				OBJ_83 /* RouterHTTPVerbs+Error.swift */,
				OBJ_84 /* RouterHTTPVerbs_generated.swift */,
				OBJ_85 /* RouterMethod.swift */,
				OBJ_86 /* RouterMiddleware.swift */,
				OBJ_87 /* RouterMiddlewareGenerator.swift */,
				OBJ_88 /* RouterMiddlewareWalker.swift */,
				OBJ_89 /* RouterParameterWalker.swift */,
				OBJ_90 /* RouterRequest.swift */,
				OBJ_91 /* RouterResponse.swift */,
				OBJ_92 /* SSLConfig.swift */,
				OBJ_93 /* TemplatingError.swift */,
				OBJ_94 /* bodyParser */,
				OBJ_104 /* contentType */,
				OBJ_107 /* staticFileServer */,
			);
			name = Kitura;
			path = "Packages/Kitura-1.4.3/Sources/Kitura";
			sourceTree = SOURCE_ROOT;
		};
		OBJ_7 /* Sources */ = {
			isa = PBXGroup;
			children = (
				OBJ_8 /* LoggerAPI */,
				OBJ_10 /* Socket */,
				OBJ_14 /* SSLService */,
				OBJ_16 /* CHTTPParser */,
				OBJ_23 /* KituraNet */,
				OBJ_63 /* SwiftyJSON */,
				OBJ_66 /* KituraTemplateEngine */,
				OBJ_68 /* Kitura */,
				OBJ_114 /* HeliumLogger */,
				OBJ_116 /* PadeeServer */,
			);
			path = Sources;
			sourceTree = "<group>";
		};
		OBJ_8 /* LoggerAPI */ = {
			isa = PBXGroup;
			children = (
				OBJ_9 /* Logger.swift */,
			);
			name = LoggerAPI;
			path = "Packages/LoggerAPI-1.4.0/Sources/LoggerAPI";
			sourceTree = SOURCE_ROOT;
		};
		OBJ_94 /* bodyParser */ = {
			isa = PBXGroup;
			children = (
				OBJ_95 /* BodyParser.swift */,
				OBJ_96 /* BodyParserProtocol.swift */,
				OBJ_97 /* JSONBodyParser.swift */,
				OBJ_98 /* MultiPartBodyParser.swift */,
				OBJ_99 /* ParsedBody.swift */,
				OBJ_100 /* Part.swift */,
				OBJ_101 /* RawBodyParser.swift */,
				OBJ_102 /* TextBodyParser.swift */,
				OBJ_103 /* URLEncodedBodyParser.swift */,
			);
			path = bodyParser;
			sourceTree = "<group>";
		};
/* End PBXGroup section */

/* Begin PBXNativeTarget section */
		OBJ_133 /* LoggerAPI */ = {
			isa = PBXNativeTarget;
			buildConfigurationList = OBJ_134 /* Build configuration list for PBXNativeTarget "LoggerAPI" */;
			buildPhases = (
				OBJ_137 /* Sources */,
				OBJ_139 /* Frameworks */,
			);
			buildRules = (
			);
			dependencies = (
			);
			name = LoggerAPI;
			productName = LoggerAPI;
			productReference = OBJ_123 /* LoggerAPI.framework */;
			productType = "com.apple.product-type.framework";
		};
		OBJ_140 /* Socket */ = {
			isa = PBXNativeTarget;
			buildConfigurationList = OBJ_141 /* Build configuration list for PBXNativeTarget "Socket" */;
			buildPhases = (
				OBJ_144 /* Sources */,
				OBJ_148 /* Frameworks */,
			);
			buildRules = (
			);
			dependencies = (
			);
			name = Socket;
			productName = Socket;
			productReference = OBJ_124 /* Socket.framework */;
			productType = "com.apple.product-type.framework";
		};
		OBJ_149 /* SSLService */ = {
			isa = PBXNativeTarget;
			buildConfigurationList = OBJ_150 /* Build configuration list for PBXNativeTarget "SSLService" */;
			buildPhases = (
				OBJ_153 /* Sources */,
				OBJ_155 /* Frameworks */,
			);
			buildRules = (
			);
			dependencies = (
				OBJ_157 /* PBXTargetDependency */,
			);
			name = SSLService;
			productName = SSLService;
			productReference = OBJ_125 /* SSLService.framework */;
			productType = "com.apple.product-type.framework";
		};
		OBJ_158 /* CHTTPParser */ = {
			isa = PBXNativeTarget;
			buildConfigurationList = OBJ_159 /* Build configuration list for PBXNativeTarget "CHTTPParser" */;
			buildPhases = (
				OBJ_162 /* ShellScript */,
				OBJ_163 /* Sources */,
				OBJ_166 /* Frameworks */,
			);
			buildRules = (
			);
			dependencies = (
				OBJ_170 /* PBXTargetDependency */,
				OBJ_171 /* PBXTargetDependency */,
				OBJ_172 /* PBXTargetDependency */,
			);
			name = CHTTPParser;
			productName = CHTTPParser;
			productReference = OBJ_126 /* CHTTPParser.framework */;
			productType = "com.apple.product-type.framework";
		};
		OBJ_173 /* KituraNet */ = {
			isa = PBXNativeTarget;
			buildConfigurationList = OBJ_174 /* Build configuration list for PBXNativeTarget "KituraNet" */;
			buildPhases = (
				OBJ_177 /* Sources */,
				OBJ_213 /* Frameworks */,
			);
			buildRules = (
			);
			dependencies = (
				OBJ_218 /* PBXTargetDependency */,
				OBJ_219 /* PBXTargetDependency */,
				OBJ_220 /* PBXTargetDependency */,
				OBJ_221 /* PBXTargetDependency */,
			);
			name = KituraNet;
			productName = KituraNet;
			productReference = OBJ_127 /* KituraNet.framework */;
			productType = "com.apple.product-type.framework";
		};
		OBJ_222 /* SwiftyJSON */ = {
			isa = PBXNativeTarget;
			buildConfigurationList = OBJ_223 /* Build configuration list for PBXNativeTarget "SwiftyJSON" */;
			buildPhases = (
				OBJ_226 /* Sources */,
				OBJ_229 /* Frameworks */,
			);
			buildRules = (
			);
			dependencies = (
			);
			name = SwiftyJSON;
			productName = SwiftyJSON;
			productReference = OBJ_128 /* SwiftyJSON.framework */;
			productType = "com.apple.product-type.framework";
		};
		OBJ_230 /* KituraTemplateEngine */ = {
			isa = PBXNativeTarget;
			buildConfigurationList = OBJ_231 /* Build configuration list for PBXNativeTarget "KituraTemplateEngine" */;
			buildPhases = (
				OBJ_234 /* Sources */,
				OBJ_236 /* Frameworks */,
			);
			buildRules = (
			);
			dependencies = (
			);
			name = KituraTemplateEngine;
			productName = KituraTemplateEngine;
			productReference = OBJ_129 /* KituraTemplateEngine.framework */;
			productType = "com.apple.product-type.framework";
		};
		OBJ_237 /* Kitura */ = {
			isa = PBXNativeTarget;
			buildConfigurationList = OBJ_238 /* Build configuration list for PBXNativeTarget "Kitura" */;
			buildPhases = (
				OBJ_241 /* Sources */,
				OBJ_284 /* Frameworks */,
			);
			buildRules = (
			);
			dependencies = (
				OBJ_292 /* PBXTargetDependency */,
				OBJ_293 /* PBXTargetDependency */,
				OBJ_294 /* PBXTargetDependency */,
				OBJ_295 /* PBXTargetDependency */,
				OBJ_296 /* PBXTargetDependency */,
				OBJ_297 /* PBXTargetDependency */,
				OBJ_298 /* PBXTargetDependency */,
			);
			name = Kitura;
			productName = Kitura;
			productReference = OBJ_130 /* Kitura.framework */;
			productType = "com.apple.product-type.framework";
		};
		OBJ_299 /* HeliumLogger */ = {
			isa = PBXNativeTarget;
			buildConfigurationList = OBJ_300 /* Build configuration list for PBXNativeTarget "HeliumLogger" */;
			buildPhases = (
				OBJ_303 /* Sources */,
				OBJ_305 /* Frameworks */,
			);
			buildRules = (
			);
			dependencies = (
				OBJ_307 /* PBXTargetDependency */,
			);
			name = HeliumLogger;
			productName = HeliumLogger;
			productReference = OBJ_131 /* HeliumLogger.framework */;
			productType = "com.apple.product-type.framework";
		};
		OBJ_308 /* PadeeServer */ = {
			isa = PBXNativeTarget;
			buildConfigurationList = OBJ_309 /* Build configuration list for PBXNativeTarget "PadeeServer" */;
			buildPhases = (
				OBJ_312 /* Sources */,
				OBJ_315 /* Frameworks */,
			);
			buildRules = (
			);
			dependencies = (
				OBJ_325 /* PBXTargetDependency */,
				OBJ_326 /* PBXTargetDependency */,
				OBJ_327 /* PBXTargetDependency */,
				OBJ_328 /* PBXTargetDependency */,
				OBJ_329 /* PBXTargetDependency */,
				OBJ_330 /* PBXTargetDependency */,
				OBJ_331 /* PBXTargetDependency */,
				OBJ_332 /* PBXTargetDependency */,
				OBJ_333 /* PBXTargetDependency */,
			);
			name = PadeeServer;
			productName = PadeeServer;
			productReference = OBJ_132 /* PadeeServer */;
			productType = "com.apple.product-type.tool";
		};
/* End PBXNativeTarget section */

/* Begin PBXProject section */
		OBJ_1 /* Project object */ = {
			isa = PBXProject;
			attributes = {
				LastUpgradeCheck = 9999;
			};
			buildConfigurationList = OBJ_2 /* Build configuration list for PBXProject "PadeeServer" */;
			compatibilityVersion = "Xcode 3.2";
			developmentRegion = English;
			hasScannedForEncodings = 0;
			knownRegions = (
				en,
			);
			mainGroup = OBJ_5 /*  */;
			productRefGroup = OBJ_122 /* Products */;
			projectDirPath = "";
			projectRoot = "";
			targets = (
				OBJ_133 /* LoggerAPI */,
				OBJ_140 /* Socket */,
				OBJ_149 /* SSLService */,
				OBJ_158 /* CHTTPParser */,
				OBJ_173 /* KituraNet */,
				OBJ_222 /* SwiftyJSON */,
				OBJ_230 /* KituraTemplateEngine */,
				OBJ_237 /* Kitura */,
				OBJ_299 /* HeliumLogger */,
				OBJ_308 /* PadeeServer */,
			);
		};
/* End PBXProject section */

/* Begin PBXShellScriptBuildPhase section */
		OBJ_162 /* ShellScript */ = {
			isa = PBXShellScriptBuildPhase;
			buildActionMask = 0;
			files = (
			);
			runOnlyForDeploymentPostprocessing = 0;
			shellPath = /bin/sh;
			shellScript = "mkdir -p \"${PROJECT_TEMP_DIR}/SymlinkLibs\"\nln -sf \"${BUILT_PRODUCTS_DIR}/${EXECUTABLE_PATH}\" \"${PROJECT_TEMP_DIR}/SymlinkLibs/lib${EXECUTABLE_NAME}.dylib\"\n";
		};
/* End PBXShellScriptBuildPhase section */

/* Begin PBXSourcesBuildPhase section */
		OBJ_137 /* Sources */ = {
			isa = PBXSourcesBuildPhase;
			buildActionMask = 0;
			files = (
				OBJ_138 /* Logger.swift in Sources */,
			);
			runOnlyForDeploymentPostprocessing = 0;
		};
		OBJ_144 /* Sources */ = {
			isa = PBXSourcesBuildPhase;
			buildActionMask = 0;
			files = (
				OBJ_145 /* Socket.swift in Sources */,
				OBJ_146 /* SocketProtocols.swift in Sources */,
				OBJ_147 /* SocketUtils.swift in Sources */,
			);
			runOnlyForDeploymentPostprocessing = 0;
		};
		OBJ_153 /* Sources */ = {
			isa = PBXSourcesBuildPhase;
			buildActionMask = 0;
			files = (
				OBJ_154 /* SSLService.swift in Sources */,
			);
			runOnlyForDeploymentPostprocessing = 0;
		};
		OBJ_163 /* Sources */ = {
			isa = PBXSourcesBuildPhase;
			buildActionMask = 0;
			files = (
				OBJ_164 /* http_parser.c in Sources */,
				OBJ_165 /* utils.c in Sources */,
			);
			runOnlyForDeploymentPostprocessing = 0;
		};
		OBJ_177 /* Sources */ = {
			isa = PBXSourcesBuildPhase;
			buildActionMask = 0;
			files = (
				OBJ_178 /* BufferList.swift in Sources */,
				OBJ_179 /* ClientRequest.swift in Sources */,
				OBJ_180 /* ClientResponse.swift in Sources */,
				OBJ_181 /* ConnectionUpgradeFactory.swift in Sources */,
				OBJ_182 /* ConnectionUpgrader.swift in Sources */,
				OBJ_183 /* Error.swift in Sources */,
				OBJ_184 /* HeadersContainer.swift in Sources */,
				OBJ_185 /* IncomingSocketHandler.swift in Sources */,
				OBJ_186 /* IncomingSocketManager.swift in Sources */,
				OBJ_187 /* IncomingSocketProcessor.swift in Sources */,
				OBJ_188 /* ListenerGroup.swift in Sources */,
				OBJ_189 /* ServerRequest.swift in Sources */,
				OBJ_190 /* ServerResponse.swift in Sources */,
				OBJ_191 /* SPIUtils.swift in Sources */,
				OBJ_192 /* FastCGI.swift in Sources */,
				OBJ_193 /* FastCGIRecordCreate.swift in Sources */,
				OBJ_194 /* FastCGIRecordParser.swift in Sources */,
				OBJ_195 /* FastCGIServer.swift in Sources */,
				OBJ_196 /* FastCGIServerRequest.swift in Sources */,
				OBJ_197 /* FastCGIServerResponse.swift in Sources */,
				OBJ_198 /* HTTP.swift in Sources */,
				OBJ_199 /* HTTPIncomingMessage.swift in Sources */,
				OBJ_200 /* HTTPServer.swift in Sources */,
				OBJ_201 /* HTTPServerRequest.swift in Sources */,
				OBJ_202 /* HTTPServerResponse.swift in Sources */,
				OBJ_203 /* IncomingHTTPSocketProcessor.swift in Sources */,
				OBJ_204 /* HTTPParser.swift in Sources */,
				OBJ_205 /* HTTPParserStatus.swift in Sources */,
				OBJ_206 /* ParseResults.swift in Sources */,
				OBJ_207 /* URLParser.swift in Sources */,
				OBJ_208 /* Server.swift in Sources */,
				OBJ_209 /* ServerDelegate.swift in Sources */,
				OBJ_210 /* ServerLifecycleListener.swift in Sources */,
				OBJ_211 /* ServerMonitor.swift in Sources */,
				OBJ_212 /* ServerState.swift in Sources */,
			);
			runOnlyForDeploymentPostprocessing = 0;
		};
		OBJ_226 /* Sources */ = {
			isa = PBXSourcesBuildPhase;
			buildActionMask = 0;
			files = (
				OBJ_227 /* LclJSONSerialization.swift in Sources */,
				OBJ_228 /* SwiftyJSON.swift in Sources */,
			);
			runOnlyForDeploymentPostprocessing = 0;
		};
		OBJ_234 /* Sources */ = {
			isa = PBXSourcesBuildPhase;
			buildActionMask = 0;
			files = (
				OBJ_235 /* TemplateEngine.swift in Sources */,
			);
			runOnlyForDeploymentPostprocessing = 0;
		};
		OBJ_241 /* Sources */ = {
			isa = PBXSourcesBuildPhase;
			buildActionMask = 0;
			files = (
				OBJ_242 /* Error.swift in Sources */,
				OBJ_243 /* FileResourceServer.swift in Sources */,
				OBJ_244 /* Headers.swift in Sources */,
				OBJ_245 /* HTTPVersion.swift in Sources */,
				OBJ_246 /* InternalError.swift in Sources */,
				OBJ_247 /* JSONPError.swift in Sources */,
				OBJ_248 /* Kitura.swift in Sources */,
				OBJ_249 /* LinkParameter.swift in Sources */,
				OBJ_250 /* MimeTypeAcceptor.swift in Sources */,
				OBJ_251 /* Router.swift in Sources */,
				OBJ_252 /* RouteRegex.swift in Sources */,
				OBJ_253 /* RouterElement.swift in Sources */,
				OBJ_254 /* RouterElementWalker.swift in Sources */,
				OBJ_255 /* RouterHandler.swift in Sources */,
				OBJ_256 /* RouterHTTPVerbs+Error.swift in Sources */,
				OBJ_257 /* RouterHTTPVerbs_generated.swift in Sources */,
				OBJ_258 /* RouterMethod.swift in Sources */,
				OBJ_259 /* RouterMiddleware.swift in Sources */,
				OBJ_260 /* RouterMiddlewareGenerator.swift in Sources */,
				OBJ_261 /* RouterMiddlewareWalker.swift in Sources */,
				OBJ_262 /* RouterParameterWalker.swift in Sources */,
				OBJ_263 /* RouterRequest.swift in Sources */,
				OBJ_264 /* RouterResponse.swift in Sources */,
				OBJ_265 /* SSLConfig.swift in Sources */,
				OBJ_266 /* TemplatingError.swift in Sources */,
				OBJ_267 /* BodyParser.swift in Sources */,
				OBJ_268 /* BodyParserProtocol.swift in Sources */,
				OBJ_269 /* JSONBodyParser.swift in Sources */,
				OBJ_270 /* MultiPartBodyParser.swift in Sources */,
				OBJ_271 /* ParsedBody.swift in Sources */,
				OBJ_272 /* Part.swift in Sources */,
				OBJ_273 /* RawBodyParser.swift in Sources */,
				OBJ_274 /* TextBodyParser.swift in Sources */,
				OBJ_275 /* URLEncodedBodyParser.swift in Sources */,
				OBJ_276 /* ContentType.swift in Sources */,
				OBJ_277 /* types.swift in Sources */,
				OBJ_278 /* CacheRelatedHeadersSetter.swift in Sources */,
				OBJ_279 /* CompositeHeadersSetter.swift in Sources */,
				OBJ_280 /* FileServer.swift in Sources */,
				OBJ_281 /* ResourcePathHandler.swift in Sources */,
				OBJ_282 /* ResponseHeadersSetter.swift in Sources */,
				OBJ_283 /* StaticFileServer.swift in Sources */,
			);
			runOnlyForDeploymentPostprocessing = 0;
		};
		OBJ_303 /* Sources */ = {
			isa = PBXSourcesBuildPhase;
			buildActionMask = 0;
			files = (
				OBJ_304 /* HeliumLogger.swift in Sources */,
			);
			runOnlyForDeploymentPostprocessing = 0;
		};
		OBJ_312 /* Sources */ = {
			isa = PBXSourcesBuildPhase;
			buildActionMask = 0;
			files = (
				OBJ_313 /* APIRouterController.swift in Sources */,
				OBJ_314 /* main.swift in Sources */,
			);
			runOnlyForDeploymentPostprocessing = 0;
		};
/* End PBXSourcesBuildPhase section */

/* Begin PBXTargetDependency section */
		OBJ_157 /* PBXTargetDependency */ = {
			isa = PBXTargetDependency;
			target = OBJ_140 /* Socket */;
			targetProxy = E3738EB51E2176E20089455A /* PBXContainerItemProxy */;
		};
		OBJ_170 /* PBXTargetDependency */ = {
			isa = PBXTargetDependency;
			target = OBJ_133 /* LoggerAPI */;
			targetProxy = E3738EB61E2176E20089455A /* PBXContainerItemProxy */;
		};
		OBJ_171 /* PBXTargetDependency */ = {
			isa = PBXTargetDependency;
			target = OBJ_140 /* Socket */;
			targetProxy = E3738EB71E2176E20089455A /* PBXContainerItemProxy */;
		};
		OBJ_172 /* PBXTargetDependency */ = {
			isa = PBXTargetDependency;
			target = OBJ_149 /* SSLService */;
			targetProxy = E3738EB81E2176E20089455A /* PBXContainerItemProxy */;
		};
		OBJ_218 /* PBXTargetDependency */ = {
			isa = PBXTargetDependency;
			target = OBJ_133 /* LoggerAPI */;
			targetProxy = E3738EB91E2176E20089455A /* PBXContainerItemProxy */;
		};
		OBJ_219 /* PBXTargetDependency */ = {
			isa = PBXTargetDependency;
			target = OBJ_140 /* Socket */;
			targetProxy = E3738EBA1E2176E20089455A /* PBXContainerItemProxy */;
		};
		OBJ_220 /* PBXTargetDependency */ = {
			isa = PBXTargetDependency;
			target = OBJ_149 /* SSLService */;
			targetProxy = E3738EBB1E2176E20089455A /* PBXContainerItemProxy */;
		};
		OBJ_221 /* PBXTargetDependency */ = {
			isa = PBXTargetDependency;
			target = OBJ_158 /* CHTTPParser */;
			targetProxy = E3738EBC1E2176E20089455A /* PBXContainerItemProxy */;
		};
		OBJ_292 /* PBXTargetDependency */ = {
			isa = PBXTargetDependency;
			target = OBJ_133 /* LoggerAPI */;
			targetProxy = E3738EBD1E2176E20089455A /* PBXContainerItemProxy */;
		};
		OBJ_293 /* PBXTargetDependency */ = {
			isa = PBXTargetDependency;
			target = OBJ_140 /* Socket */;
			targetProxy = E3738EBE1E2176E20089455A /* PBXContainerItemProxy */;
		};
		OBJ_294 /* PBXTargetDependency */ = {
			isa = PBXTargetDependency;
			target = OBJ_149 /* SSLService */;
			targetProxy = E3738EBF1E2176E20089455A /* PBXContainerItemProxy */;
		};
		OBJ_295 /* PBXTargetDependency */ = {
			isa = PBXTargetDependency;
			target = OBJ_158 /* CHTTPParser */;
			targetProxy = E3738EC01E2176E20089455A /* PBXContainerItemProxy */;
		};
		OBJ_296 /* PBXTargetDependency */ = {
			isa = PBXTargetDependency;
			target = OBJ_173 /* KituraNet */;
			targetProxy = E3738EC11E2176E20089455A /* PBXContainerItemProxy */;
		};
		OBJ_297 /* PBXTargetDependency */ = {
			isa = PBXTargetDependency;
			target = OBJ_222 /* SwiftyJSON */;
			targetProxy = E3738EC21E2176E20089455A /* PBXContainerItemProxy */;
		};
		OBJ_298 /* PBXTargetDependency */ = {
			isa = PBXTargetDependency;
			target = OBJ_230 /* KituraTemplateEngine */;
			targetProxy = E3738EC31E2176E20089455A /* PBXContainerItemProxy */;
		};
		OBJ_307 /* PBXTargetDependency */ = {
			isa = PBXTargetDependency;
			target = OBJ_133 /* LoggerAPI */;
			targetProxy = E3738EC41E2176E20089455A /* PBXContainerItemProxy */;
		};
		OBJ_325 /* PBXTargetDependency */ = {
			isa = PBXTargetDependency;
			target = OBJ_133 /* LoggerAPI */;
			targetProxy = E3738EC51E2176E20089455A /* PBXContainerItemProxy */;
		};
		OBJ_326 /* PBXTargetDependency */ = {
			isa = PBXTargetDependency;
			target = OBJ_140 /* Socket */;
			targetProxy = E3738EC61E2176E20089455A /* PBXContainerItemProxy */;
		};
		OBJ_327 /* PBXTargetDependency */ = {
			isa = PBXTargetDependency;
			target = OBJ_149 /* SSLService */;
			targetProxy = E3738EC71E2176E20089455A /* PBXContainerItemProxy */;
		};
		OBJ_328 /* PBXTargetDependency */ = {
			isa = PBXTargetDependency;
			target = OBJ_158 /* CHTTPParser */;
			targetProxy = E3738EC81E2176E20089455A /* PBXContainerItemProxy */;
		};
		OBJ_329 /* PBXTargetDependency */ = {
			isa = PBXTargetDependency;
			target = OBJ_173 /* KituraNet */;
			targetProxy = E3738EC91E2176E20089455A /* PBXContainerItemProxy */;
		};
		OBJ_330 /* PBXTargetDependency */ = {
			isa = PBXTargetDependency;
			target = OBJ_222 /* SwiftyJSON */;
			targetProxy = E3738ECA1E2176E20089455A /* PBXContainerItemProxy */;
		};
		OBJ_331 /* PBXTargetDependency */ = {
			isa = PBXTargetDependency;
			target = OBJ_230 /* KituraTemplateEngine */;
			targetProxy = E3738ECB1E2176E20089455A /* PBXContainerItemProxy */;
		};
		OBJ_332 /* PBXTargetDependency */ = {
			isa = PBXTargetDependency;
			target = OBJ_237 /* Kitura */;
			targetProxy = E3738ECC1E2176E20089455A /* PBXContainerItemProxy */;
		};
		OBJ_333 /* PBXTargetDependency */ = {
			isa = PBXTargetDependency;
			target = OBJ_299 /* HeliumLogger */;
			targetProxy = E3738ECD1E2176E20089455A /* PBXContainerItemProxy */;
		};
/* End PBXTargetDependency section */

/* Begin XCBuildConfiguration section */
		OBJ_135 /* Debug */ = {
			isa = XCBuildConfiguration;
			buildSettings = {
				ENABLE_TESTABILITY = YES;
				FRAMEWORK_SEARCH_PATHS = (
					"$(inherited)",
					"$(PLATFORM_DIR)/Developer/Library/Frameworks",
				);
				HEADER_SEARCH_PATHS = "$(inherited)";
				INFOPLIST_FILE = PadeeServer.xcodeproj/LoggerAPI_Info.plist;
				LD_RUNPATH_SEARCH_PATHS = "$(TOOLCHAIN_DIR)/usr/lib/swift/macosx";
				OTHER_LDFLAGS = "$(inherited)";
				OTHER_SWIFT_FLAGS = "$(inherited)";
				PRODUCT_BUNDLE_IDENTIFIER = LoggerAPI;
				PRODUCT_MODULE_NAME = "$(TARGET_NAME:c99extidentifier)";
				PRODUCT_NAME = "$(TARGET_NAME:c99extidentifier)";
				TARGET_NAME = LoggerAPI;
			};
			name = Debug;
		};
		OBJ_136 /* Release */ = {
			isa = XCBuildConfiguration;
			buildSettings = {
				ENABLE_TESTABILITY = YES;
				FRAMEWORK_SEARCH_PATHS = (
					"$(inherited)",
					"$(PLATFORM_DIR)/Developer/Library/Frameworks",
				);
				HEADER_SEARCH_PATHS = "$(inherited)";
				INFOPLIST_FILE = PadeeServer.xcodeproj/LoggerAPI_Info.plist;
				LD_RUNPATH_SEARCH_PATHS = "$(TOOLCHAIN_DIR)/usr/lib/swift/macosx";
				OTHER_LDFLAGS = "$(inherited)";
				OTHER_SWIFT_FLAGS = "$(inherited)";
				PRODUCT_BUNDLE_IDENTIFIER = LoggerAPI;
				PRODUCT_MODULE_NAME = "$(TARGET_NAME:c99extidentifier)";
				PRODUCT_NAME = "$(TARGET_NAME:c99extidentifier)";
				TARGET_NAME = LoggerAPI;
			};
			name = Release;
		};
		OBJ_142 /* Debug */ = {
			isa = XCBuildConfiguration;
			buildSettings = {
				ENABLE_TESTABILITY = YES;
				FRAMEWORK_SEARCH_PATHS = (
					"$(inherited)",
					"$(PLATFORM_DIR)/Developer/Library/Frameworks",
				);
				HEADER_SEARCH_PATHS = "$(inherited)";
				INFOPLIST_FILE = PadeeServer.xcodeproj/Socket_Info.plist;
				LD_RUNPATH_SEARCH_PATHS = "$(TOOLCHAIN_DIR)/usr/lib/swift/macosx";
				OTHER_LDFLAGS = "$(inherited)";
				OTHER_SWIFT_FLAGS = "$(inherited)";
				PRODUCT_BUNDLE_IDENTIFIER = Socket;
				PRODUCT_MODULE_NAME = "$(TARGET_NAME:c99extidentifier)";
				PRODUCT_NAME = "$(TARGET_NAME:c99extidentifier)";
				TARGET_NAME = Socket;
			};
			name = Debug;
		};
		OBJ_143 /* Release */ = {
			isa = XCBuildConfiguration;
			buildSettings = {
				ENABLE_TESTABILITY = YES;
				FRAMEWORK_SEARCH_PATHS = (
					"$(inherited)",
					"$(PLATFORM_DIR)/Developer/Library/Frameworks",
				);
				HEADER_SEARCH_PATHS = "$(inherited)";
				INFOPLIST_FILE = PadeeServer.xcodeproj/Socket_Info.plist;
				LD_RUNPATH_SEARCH_PATHS = "$(TOOLCHAIN_DIR)/usr/lib/swift/macosx";
				OTHER_LDFLAGS = "$(inherited)";
				OTHER_SWIFT_FLAGS = "$(inherited)";
				PRODUCT_BUNDLE_IDENTIFIER = Socket;
				PRODUCT_MODULE_NAME = "$(TARGET_NAME:c99extidentifier)";
				PRODUCT_NAME = "$(TARGET_NAME:c99extidentifier)";
				TARGET_NAME = Socket;
			};
			name = Release;
		};
		OBJ_151 /* Debug */ = {
			isa = XCBuildConfiguration;
			buildSettings = {
				ENABLE_TESTABILITY = YES;
				FRAMEWORK_SEARCH_PATHS = (
					"$(inherited)",
					"$(PLATFORM_DIR)/Developer/Library/Frameworks",
				);
				HEADER_SEARCH_PATHS = "$(inherited)";
				INFOPLIST_FILE = PadeeServer.xcodeproj/SSLService_Info.plist;
				LD_RUNPATH_SEARCH_PATHS = "$(TOOLCHAIN_DIR)/usr/lib/swift/macosx";
				OTHER_LDFLAGS = "$(inherited)";
				OTHER_SWIFT_FLAGS = "$(inherited)";
				PRODUCT_BUNDLE_IDENTIFIER = SSLService;
				PRODUCT_MODULE_NAME = "$(TARGET_NAME:c99extidentifier)";
				PRODUCT_NAME = "$(TARGET_NAME:c99extidentifier)";
				TARGET_NAME = SSLService;
			};
			name = Debug;
		};
		OBJ_152 /* Release */ = {
			isa = XCBuildConfiguration;
			buildSettings = {
				ENABLE_TESTABILITY = YES;
				FRAMEWORK_SEARCH_PATHS = (
					"$(inherited)",
					"$(PLATFORM_DIR)/Developer/Library/Frameworks",
				);
				HEADER_SEARCH_PATHS = "$(inherited)";
				INFOPLIST_FILE = PadeeServer.xcodeproj/SSLService_Info.plist;
				LD_RUNPATH_SEARCH_PATHS = "$(TOOLCHAIN_DIR)/usr/lib/swift/macosx";
				OTHER_LDFLAGS = "$(inherited)";
				OTHER_SWIFT_FLAGS = "$(inherited)";
				PRODUCT_BUNDLE_IDENTIFIER = SSLService;
				PRODUCT_MODULE_NAME = "$(TARGET_NAME:c99extidentifier)";
				PRODUCT_NAME = "$(TARGET_NAME:c99extidentifier)";
				TARGET_NAME = SSLService;
			};
			name = Release;
		};
		OBJ_160 /* Debug */ = {
			isa = XCBuildConfiguration;
			buildSettings = {
				DEFINES_MODULE = YES;
				ENABLE_TESTABILITY = YES;
				FRAMEWORK_SEARCH_PATHS = (
					"$(inherited)",
					"$(PLATFORM_DIR)/Developer/Library/Frameworks",
				);
				HEADER_SEARCH_PATHS = (
					"$(inherited)",
					"Packages/Kitura-net-1.4.3/Sources/CHTTPParser/include",
					"Packages/CCurl-0.2.3",
				);
				INFOPLIST_FILE = PadeeServer.xcodeproj/CHTTPParser_Info.plist;
				LD_RUNPATH_SEARCH_PATHS = "$(TOOLCHAIN_DIR)/usr/lib/swift/macosx";
				MODULEMAP_FILE = "Packages/Kitura-net-1.4.3/Sources/CHTTPParser/include/module.modulemap";
				OTHER_LDFLAGS = "$(inherited)";
				OTHER_SWIFT_FLAGS = "$(inherited)";
				PRODUCT_BUNDLE_IDENTIFIER = CHTTPParser;
				PRODUCT_MODULE_NAME = "$(TARGET_NAME:c99extidentifier)";
				PRODUCT_NAME = "$(TARGET_NAME:c99extidentifier)";
				TARGET_NAME = CHTTPParser;
			};
			name = Debug;
		};
		OBJ_161 /* Release */ = {
			isa = XCBuildConfiguration;
			buildSettings = {
				DEFINES_MODULE = YES;
				ENABLE_TESTABILITY = YES;
				FRAMEWORK_SEARCH_PATHS = (
					"$(inherited)",
					"$(PLATFORM_DIR)/Developer/Library/Frameworks",
				);
				HEADER_SEARCH_PATHS = (
					"$(inherited)",
					"Packages/Kitura-net-1.4.3/Sources/CHTTPParser/include",
					"Packages/CCurl-0.2.3",
				);
				INFOPLIST_FILE = PadeeServer.xcodeproj/CHTTPParser_Info.plist;
				LD_RUNPATH_SEARCH_PATHS = "$(TOOLCHAIN_DIR)/usr/lib/swift/macosx";
				MODULEMAP_FILE = "Packages/Kitura-net-1.4.3/Sources/CHTTPParser/include/module.modulemap";
				OTHER_LDFLAGS = "$(inherited)";
				OTHER_SWIFT_FLAGS = "$(inherited)";
				PRODUCT_BUNDLE_IDENTIFIER = CHTTPParser;
				PRODUCT_MODULE_NAME = "$(TARGET_NAME:c99extidentifier)";
				PRODUCT_NAME = "$(TARGET_NAME:c99extidentifier)";
				TARGET_NAME = CHTTPParser;
			};
			name = Release;
		};
		OBJ_175 /* Debug */ = {
			isa = XCBuildConfiguration;
			buildSettings = {
				ENABLE_TESTABILITY = YES;
				FRAMEWORK_SEARCH_PATHS = (
					"$(inherited)",
					"$(PLATFORM_DIR)/Developer/Library/Frameworks",
				);
				HEADER_SEARCH_PATHS = (
					"$(inherited)",
					"Packages/CCurl-0.2.3",
					"Packages/Kitura-net-1.4.3/Sources/CHTTPParser/include",
				);
				INFOPLIST_FILE = PadeeServer.xcodeproj/KituraNet_Info.plist;
				LD_RUNPATH_SEARCH_PATHS = "$(TOOLCHAIN_DIR)/usr/lib/swift/macosx";
				LIBRARY_SEARCH_PATHS = "$(PROJECT_TEMP_DIR)/SymlinkLibs/";
				OTHER_LDFLAGS = "$(inherited)";
				OTHER_SWIFT_FLAGS = "$(inherited)";
				PRODUCT_BUNDLE_IDENTIFIER = KituraNet;
				PRODUCT_MODULE_NAME = "$(TARGET_NAME:c99extidentifier)";
				PRODUCT_NAME = "$(TARGET_NAME:c99extidentifier)";
				TARGET_NAME = KituraNet;
			};
			name = Debug;
		};
		OBJ_176 /* Release */ = {
			isa = XCBuildConfiguration;
			buildSettings = {
				ENABLE_TESTABILITY = YES;
				FRAMEWORK_SEARCH_PATHS = (
					"$(inherited)",
					"$(PLATFORM_DIR)/Developer/Library/Frameworks",
				);
				HEADER_SEARCH_PATHS = (
					"$(inherited)",
					"Packages/CCurl-0.2.3",
					"Packages/Kitura-net-1.4.3/Sources/CHTTPParser/include",
				);
				INFOPLIST_FILE = PadeeServer.xcodeproj/KituraNet_Info.plist;
				LD_RUNPATH_SEARCH_PATHS = "$(TOOLCHAIN_DIR)/usr/lib/swift/macosx";
				LIBRARY_SEARCH_PATHS = "$(PROJECT_TEMP_DIR)/SymlinkLibs/";
				OTHER_LDFLAGS = "$(inherited)";
				OTHER_SWIFT_FLAGS = "$(inherited)";
				PRODUCT_BUNDLE_IDENTIFIER = KituraNet;
				PRODUCT_MODULE_NAME = "$(TARGET_NAME:c99extidentifier)";
				PRODUCT_NAME = "$(TARGET_NAME:c99extidentifier)";
				TARGET_NAME = KituraNet;
			};
			name = Release;
		};
		OBJ_224 /* Debug */ = {
			isa = XCBuildConfiguration;
			buildSettings = {
				ENABLE_TESTABILITY = YES;
				FRAMEWORK_SEARCH_PATHS = (
					"$(inherited)",
					"$(PLATFORM_DIR)/Developer/Library/Frameworks",
				);
				HEADER_SEARCH_PATHS = "$(inherited)";
				INFOPLIST_FILE = PadeeServer.xcodeproj/SwiftyJSON_Info.plist;
				LD_RUNPATH_SEARCH_PATHS = "$(TOOLCHAIN_DIR)/usr/lib/swift/macosx";
				OTHER_LDFLAGS = "$(inherited)";
				OTHER_SWIFT_FLAGS = "$(inherited)";
				PRODUCT_BUNDLE_IDENTIFIER = SwiftyJSON;
				PRODUCT_MODULE_NAME = "$(TARGET_NAME:c99extidentifier)";
				PRODUCT_NAME = "$(TARGET_NAME:c99extidentifier)";
				TARGET_NAME = SwiftyJSON;
			};
			name = Debug;
		};
		OBJ_225 /* Release */ = {
			isa = XCBuildConfiguration;
			buildSettings = {
				ENABLE_TESTABILITY = YES;
				FRAMEWORK_SEARCH_PATHS = (
					"$(inherited)",
					"$(PLATFORM_DIR)/Developer/Library/Frameworks",
				);
				HEADER_SEARCH_PATHS = "$(inherited)";
				INFOPLIST_FILE = PadeeServer.xcodeproj/SwiftyJSON_Info.plist;
				LD_RUNPATH_SEARCH_PATHS = "$(TOOLCHAIN_DIR)/usr/lib/swift/macosx";
				OTHER_LDFLAGS = "$(inherited)";
				OTHER_SWIFT_FLAGS = "$(inherited)";
				PRODUCT_BUNDLE_IDENTIFIER = SwiftyJSON;
				PRODUCT_MODULE_NAME = "$(TARGET_NAME:c99extidentifier)";
				PRODUCT_NAME = "$(TARGET_NAME:c99extidentifier)";
				TARGET_NAME = SwiftyJSON;
			};
			name = Release;
		};
		OBJ_232 /* Debug */ = {
			isa = XCBuildConfiguration;
			buildSettings = {
				ENABLE_TESTABILITY = YES;
				FRAMEWORK_SEARCH_PATHS = (
					"$(inherited)",
					"$(PLATFORM_DIR)/Developer/Library/Frameworks",
				);
				HEADER_SEARCH_PATHS = "$(inherited)";
				INFOPLIST_FILE = PadeeServer.xcodeproj/KituraTemplateEngine_Info.plist;
				LD_RUNPATH_SEARCH_PATHS = "$(TOOLCHAIN_DIR)/usr/lib/swift/macosx";
				OTHER_LDFLAGS = "$(inherited)";
				OTHER_SWIFT_FLAGS = "$(inherited)";
				PRODUCT_BUNDLE_IDENTIFIER = KituraTemplateEngine;
				PRODUCT_MODULE_NAME = "$(TARGET_NAME:c99extidentifier)";
				PRODUCT_NAME = "$(TARGET_NAME:c99extidentifier)";
				TARGET_NAME = KituraTemplateEngine;
			};
			name = Debug;
		};
		OBJ_233 /* Release */ = {
			isa = XCBuildConfiguration;
			buildSettings = {
				ENABLE_TESTABILITY = YES;
				FRAMEWORK_SEARCH_PATHS = (
					"$(inherited)",
					"$(PLATFORM_DIR)/Developer/Library/Frameworks",
				);
				HEADER_SEARCH_PATHS = "$(inherited)";
				INFOPLIST_FILE = PadeeServer.xcodeproj/KituraTemplateEngine_Info.plist;
				LD_RUNPATH_SEARCH_PATHS = "$(TOOLCHAIN_DIR)/usr/lib/swift/macosx";
				OTHER_LDFLAGS = "$(inherited)";
				OTHER_SWIFT_FLAGS = "$(inherited)";
				PRODUCT_BUNDLE_IDENTIFIER = KituraTemplateEngine;
				PRODUCT_MODULE_NAME = "$(TARGET_NAME:c99extidentifier)";
				PRODUCT_NAME = "$(TARGET_NAME:c99extidentifier)";
				TARGET_NAME = KituraTemplateEngine;
			};
			name = Release;
		};
		OBJ_239 /* Debug */ = {
			isa = XCBuildConfiguration;
			buildSettings = {
				ENABLE_TESTABILITY = YES;
				FRAMEWORK_SEARCH_PATHS = (
					"$(inherited)",
					"$(PLATFORM_DIR)/Developer/Library/Frameworks",
				);
				HEADER_SEARCH_PATHS = (
					"$(inherited)",
					"Packages/CCurl-0.2.3",
					"Packages/Kitura-net-1.4.3/Sources/CHTTPParser/include",
				);
				INFOPLIST_FILE = PadeeServer.xcodeproj/Kitura_Info.plist;
				LD_RUNPATH_SEARCH_PATHS = "$(TOOLCHAIN_DIR)/usr/lib/swift/macosx";
				LIBRARY_SEARCH_PATHS = "$(PROJECT_TEMP_DIR)/SymlinkLibs/";
				OTHER_LDFLAGS = "$(inherited)";
				OTHER_SWIFT_FLAGS = "$(inherited)";
				PRODUCT_BUNDLE_IDENTIFIER = Kitura;
				PRODUCT_MODULE_NAME = "$(TARGET_NAME:c99extidentifier)";
				PRODUCT_NAME = "$(TARGET_NAME:c99extidentifier)";
				TARGET_NAME = Kitura;
			};
			name = Debug;
		};
		OBJ_240 /* Release */ = {
			isa = XCBuildConfiguration;
			buildSettings = {
				ENABLE_TESTABILITY = YES;
				FRAMEWORK_SEARCH_PATHS = (
					"$(inherited)",
					"$(PLATFORM_DIR)/Developer/Library/Frameworks",
				);
				HEADER_SEARCH_PATHS = (
					"$(inherited)",
					"Packages/CCurl-0.2.3",
					"Packages/Kitura-net-1.4.3/Sources/CHTTPParser/include",
				);
				INFOPLIST_FILE = PadeeServer.xcodeproj/Kitura_Info.plist;
				LD_RUNPATH_SEARCH_PATHS = "$(TOOLCHAIN_DIR)/usr/lib/swift/macosx";
				LIBRARY_SEARCH_PATHS = "$(PROJECT_TEMP_DIR)/SymlinkLibs/";
				OTHER_LDFLAGS = "$(inherited)";
				OTHER_SWIFT_FLAGS = "$(inherited)";
				PRODUCT_BUNDLE_IDENTIFIER = Kitura;
				PRODUCT_MODULE_NAME = "$(TARGET_NAME:c99extidentifier)";
				PRODUCT_NAME = "$(TARGET_NAME:c99extidentifier)";
				TARGET_NAME = Kitura;
			};
			name = Release;
		};
		OBJ_3 /* Debug */ = {
			isa = XCBuildConfiguration;
			buildSettings = {
				COMBINE_HIDPI_IMAGES = YES;
				COPY_PHASE_STRIP = NO;
				DEBUG_INFORMATION_FORMAT = dwarf;
				DYLIB_INSTALL_NAME_BASE = "@rpath";
				ENABLE_NS_ASSERTIONS = YES;
				GCC_OPTIMIZATION_LEVEL = 0;
				MACOSX_DEPLOYMENT_TARGET = 10.10;
				ONLY_ACTIVE_ARCH = YES;
				OTHER_SWIFT_FLAGS = "-DXcode";
				PRODUCT_NAME = "$(TARGET_NAME)";
				SDKROOT = macosx;
				SUPPORTED_PLATFORMS = "macosx iphoneos iphonesimulator appletvos appletvsimulator watchos watchsimulator";
				SWIFT_ACTIVE_COMPILATION_CONDITIONS = SWIFT_PACKAGE;
				SWIFT_OPTIMIZATION_LEVEL = "-Onone";
				SWIFT_VERSION = 3.0;
				USE_HEADERMAP = NO;
			};
			name = Debug;
		};
		OBJ_301 /* Debug */ = {
			isa = XCBuildConfiguration;
			buildSettings = {
				ENABLE_TESTABILITY = YES;
				FRAMEWORK_SEARCH_PATHS = (
					"$(inherited)",
					"$(PLATFORM_DIR)/Developer/Library/Frameworks",
				);
				HEADER_SEARCH_PATHS = "$(inherited)";
				INFOPLIST_FILE = PadeeServer.xcodeproj/HeliumLogger_Info.plist;
				LD_RUNPATH_SEARCH_PATHS = "$(TOOLCHAIN_DIR)/usr/lib/swift/macosx";
				OTHER_LDFLAGS = "$(inherited)";
				OTHER_SWIFT_FLAGS = "$(inherited)";
				PRODUCT_BUNDLE_IDENTIFIER = HeliumLogger;
				PRODUCT_MODULE_NAME = "$(TARGET_NAME:c99extidentifier)";
				PRODUCT_NAME = "$(TARGET_NAME:c99extidentifier)";
				TARGET_NAME = HeliumLogger;
			};
			name = Debug;
		};
		OBJ_302 /* Release */ = {
			isa = XCBuildConfiguration;
			buildSettings = {
				ENABLE_TESTABILITY = YES;
				FRAMEWORK_SEARCH_PATHS = (
					"$(inherited)",
					"$(PLATFORM_DIR)/Developer/Library/Frameworks",
				);
				HEADER_SEARCH_PATHS = "$(inherited)";
				INFOPLIST_FILE = PadeeServer.xcodeproj/HeliumLogger_Info.plist;
				LD_RUNPATH_SEARCH_PATHS = "$(TOOLCHAIN_DIR)/usr/lib/swift/macosx";
				OTHER_LDFLAGS = "$(inherited)";
				OTHER_SWIFT_FLAGS = "$(inherited)";
				PRODUCT_BUNDLE_IDENTIFIER = HeliumLogger;
				PRODUCT_MODULE_NAME = "$(TARGET_NAME:c99extidentifier)";
				PRODUCT_NAME = "$(TARGET_NAME:c99extidentifier)";
				TARGET_NAME = HeliumLogger;
			};
			name = Release;
		};
		OBJ_310 /* Debug */ = {
			isa = XCBuildConfiguration;
			buildSettings = {
				FRAMEWORK_SEARCH_PATHS = (
					"$(inherited)",
					"$(PLATFORM_DIR)/Developer/Library/Frameworks",
				);
				HEADER_SEARCH_PATHS = (
					"$(inherited)",
					"Packages/CCurl-0.2.3",
					"Packages/Kitura-net-1.4.3/Sources/CHTTPParser/include",
				);
				INFOPLIST_FILE = PadeeServer.xcodeproj/PadeeServer_Info.plist;
				LD_RUNPATH_SEARCH_PATHS = "$(TOOLCHAIN_DIR)/usr/lib/swift/macosx @executable_path";
				LIBRARY_SEARCH_PATHS = "$(PROJECT_TEMP_DIR)/SymlinkLibs/";
				OTHER_LDFLAGS = "$(inherited)";
				OTHER_SWIFT_FLAGS = "$(inherited)";
				SWIFT_FORCE_DYNAMIC_LINK_STDLIB = YES;
				SWIFT_FORCE_STATIC_LINK_STDLIB = NO;
				TARGET_NAME = PadeeServer;
			};
			name = Debug;
		};
		OBJ_311 /* Release */ = {
			isa = XCBuildConfiguration;
			buildSettings = {
				FRAMEWORK_SEARCH_PATHS = (
					"$(inherited)",
					"$(PLATFORM_DIR)/Developer/Library/Frameworks",
				);
				HEADER_SEARCH_PATHS = (
					"$(inherited)",
					"Packages/CCurl-0.2.3",
					"Packages/Kitura-net-1.4.3/Sources/CHTTPParser/include",
				);
				INFOPLIST_FILE = PadeeServer.xcodeproj/PadeeServer_Info.plist;
				LD_RUNPATH_SEARCH_PATHS = "$(TOOLCHAIN_DIR)/usr/lib/swift/macosx @executable_path";
				LIBRARY_SEARCH_PATHS = "$(PROJECT_TEMP_DIR)/SymlinkLibs/";
				OTHER_LDFLAGS = "$(inherited)";
				OTHER_SWIFT_FLAGS = "$(inherited)";
				SWIFT_FORCE_DYNAMIC_LINK_STDLIB = YES;
				SWIFT_FORCE_STATIC_LINK_STDLIB = NO;
				TARGET_NAME = PadeeServer;
			};
			name = Release;
		};
		OBJ_4 /* Release */ = {
			isa = XCBuildConfiguration;
			buildSettings = {
				COMBINE_HIDPI_IMAGES = YES;
				COPY_PHASE_STRIP = YES;
				DEBUG_INFORMATION_FORMAT = "dwarf-with-dsym";
				DYLIB_INSTALL_NAME_BASE = "@rpath";
				GCC_OPTIMIZATION_LEVEL = s;
				MACOSX_DEPLOYMENT_TARGET = 10.10;
				OTHER_SWIFT_FLAGS = "-DXcode";
				PRODUCT_NAME = "$(TARGET_NAME)";
				SDKROOT = macosx;
				SUPPORTED_PLATFORMS = "macosx iphoneos iphonesimulator appletvos appletvsimulator watchos watchsimulator";
				SWIFT_ACTIVE_COMPILATION_CONDITIONS = SWIFT_PACKAGE;
				SWIFT_OPTIMIZATION_LEVEL = "-O";
				SWIFT_VERSION = 3.0;
				USE_HEADERMAP = NO;
			};
			name = Release;
		};
/* End XCBuildConfiguration section */

/* Begin XCConfigurationList section */
		OBJ_134 /* Build configuration list for PBXNativeTarget "LoggerAPI" */ = {
			isa = XCConfigurationList;
			buildConfigurations = (
				OBJ_135 /* Debug */,
				OBJ_136 /* Release */,
			);
			defaultConfigurationIsVisible = 0;
			defaultConfigurationName = Debug;
		};
		OBJ_141 /* Build configuration list for PBXNativeTarget "Socket" */ = {
			isa = XCConfigurationList;
			buildConfigurations = (
				OBJ_142 /* Debug */,
				OBJ_143 /* Release */,
			);
			defaultConfigurationIsVisible = 0;
			defaultConfigurationName = Debug;
		};
		OBJ_150 /* Build configuration list for PBXNativeTarget "SSLService" */ = {
			isa = XCConfigurationList;
			buildConfigurations = (
				OBJ_151 /* Debug */,
				OBJ_152 /* Release */,
			);
			defaultConfigurationIsVisible = 0;
			defaultConfigurationName = Debug;
		};
		OBJ_159 /* Build configuration list for PBXNativeTarget "CHTTPParser" */ = {
			isa = XCConfigurationList;
			buildConfigurations = (
				OBJ_160 /* Debug */,
				OBJ_161 /* Release */,
			);
			defaultConfigurationIsVisible = 0;
			defaultConfigurationName = Debug;
		};
		OBJ_174 /* Build configuration list for PBXNativeTarget "KituraNet" */ = {
			isa = XCConfigurationList;
			buildConfigurations = (
				OBJ_175 /* Debug */,
				OBJ_176 /* Release */,
			);
			defaultConfigurationIsVisible = 0;
			defaultConfigurationName = Debug;
		};
		OBJ_2 /* Build configuration list for PBXProject "PadeeServer" */ = {
			isa = XCConfigurationList;
			buildConfigurations = (
				OBJ_3 /* Debug */,
				OBJ_4 /* Release */,
			);
			defaultConfigurationIsVisible = 0;
			defaultConfigurationName = Debug;
		};
		OBJ_223 /* Build configuration list for PBXNativeTarget "SwiftyJSON" */ = {
			isa = XCConfigurationList;
			buildConfigurations = (
				OBJ_224 /* Debug */,
				OBJ_225 /* Release */,
			);
			defaultConfigurationIsVisible = 0;
			defaultConfigurationName = Debug;
		};
		OBJ_231 /* Build configuration list for PBXNativeTarget "KituraTemplateEngine" */ = {
			isa = XCConfigurationList;
			buildConfigurations = (
				OBJ_232 /* Debug */,
				OBJ_233 /* Release */,
			);
			defaultConfigurationIsVisible = 0;
			defaultConfigurationName = Debug;
		};
		OBJ_238 /* Build configuration list for PBXNativeTarget "Kitura" */ = {
			isa = XCConfigurationList;
			buildConfigurations = (
				OBJ_239 /* Debug */,
				OBJ_240 /* Release */,
			);
			defaultConfigurationIsVisible = 0;
			defaultConfigurationName = Debug;
		};
		OBJ_300 /* Build configuration list for PBXNativeTarget "HeliumLogger" */ = {
			isa = XCConfigurationList;
			buildConfigurations = (
				OBJ_301 /* Debug */,
				OBJ_302 /* Release */,
			);
			defaultConfigurationIsVisible = 0;
			defaultConfigurationName = Debug;
		};
		OBJ_309 /* Build configuration list for PBXNativeTarget "PadeeServer" */ = {
			isa = XCConfigurationList;
			buildConfigurations = (
				OBJ_310 /* Debug */,
				OBJ_311 /* Release */,
			);
			defaultConfigurationIsVisible = 0;
			defaultConfigurationName = Debug;
		};
/* End XCConfigurationList section */
	};
	rootObject = OBJ_1 /* Project object */;
}
