// !$*UTF8*$!
{
	archiveVersion = 1;
	classes = {
	};
	objectVersion = 46;
	objects = {

/* Begin PBXBuildFile section */
		OBJ_136 /* Logger.swift in Sources */ = {isa = PBXBuildFile; fileRef = OBJ_9 /* Logger.swift */; };
		OBJ_143 /* Socket.swift in Sources */ = {isa = PBXBuildFile; fileRef = OBJ_11 /* Socket.swift */; };
		OBJ_144 /* SocketProtocols.swift in Sources */ = {isa = PBXBuildFile; fileRef = OBJ_12 /* SocketProtocols.swift */; };
		OBJ_145 /* SocketUtils.swift in Sources */ = {isa = PBXBuildFile; fileRef = OBJ_13 /* SocketUtils.swift */; };
		OBJ_152 /* SSLService.swift in Sources */ = {isa = PBXBuildFile; fileRef = OBJ_15 /* SSLService.swift */; };
		OBJ_154 /* Socket.framework in Frameworks */ = {isa = PBXBuildFile; fileRef = OBJ_123 /* Socket.framework */; };
		OBJ_162 /* http_parser.c in Sources */ = {isa = PBXBuildFile; fileRef = OBJ_17 /* http_parser.c */; };
		OBJ_163 /* utils.c in Sources */ = {isa = PBXBuildFile; fileRef = OBJ_18 /* utils.c */; };
		OBJ_165 /* LoggerAPI.framework in Frameworks */ = {isa = PBXBuildFile; fileRef = OBJ_122 /* LoggerAPI.framework */; };
		OBJ_166 /* Socket.framework in Frameworks */ = {isa = PBXBuildFile; fileRef = OBJ_123 /* Socket.framework */; };
		OBJ_167 /* SSLService.framework in Frameworks */ = {isa = PBXBuildFile; fileRef = OBJ_124 /* SSLService.framework */; };
		OBJ_176 /* BufferList.swift in Sources */ = {isa = PBXBuildFile; fileRef = OBJ_24 /* BufferList.swift */; };
		OBJ_177 /* ClientRequest.swift in Sources */ = {isa = PBXBuildFile; fileRef = OBJ_25 /* ClientRequest.swift */; };
		OBJ_178 /* ClientResponse.swift in Sources */ = {isa = PBXBuildFile; fileRef = OBJ_26 /* ClientResponse.swift */; };
		OBJ_179 /* ConnectionUpgradeFactory.swift in Sources */ = {isa = PBXBuildFile; fileRef = OBJ_27 /* ConnectionUpgradeFactory.swift */; };
		OBJ_180 /* ConnectionUpgrader.swift in Sources */ = {isa = PBXBuildFile; fileRef = OBJ_28 /* ConnectionUpgrader.swift */; };
		OBJ_181 /* Error.swift in Sources */ = {isa = PBXBuildFile; fileRef = OBJ_29 /* Error.swift */; };
		OBJ_182 /* HeadersContainer.swift in Sources */ = {isa = PBXBuildFile; fileRef = OBJ_30 /* HeadersContainer.swift */; };
		OBJ_183 /* IncomingSocketHandler.swift in Sources */ = {isa = PBXBuildFile; fileRef = OBJ_31 /* IncomingSocketHandler.swift */; };
		OBJ_184 /* IncomingSocketManager.swift in Sources */ = {isa = PBXBuildFile; fileRef = OBJ_32 /* IncomingSocketManager.swift */; };
		OBJ_185 /* IncomingSocketProcessor.swift in Sources */ = {isa = PBXBuildFile; fileRef = OBJ_33 /* IncomingSocketProcessor.swift */; };
		OBJ_186 /* ListenerGroup.swift in Sources */ = {isa = PBXBuildFile; fileRef = OBJ_34 /* ListenerGroup.swift */; };
		OBJ_187 /* ServerRequest.swift in Sources */ = {isa = PBXBuildFile; fileRef = OBJ_35 /* ServerRequest.swift */; };
		OBJ_188 /* ServerResponse.swift in Sources */ = {isa = PBXBuildFile; fileRef = OBJ_36 /* ServerResponse.swift */; };
		OBJ_189 /* SPIUtils.swift in Sources */ = {isa = PBXBuildFile; fileRef = OBJ_37 /* SPIUtils.swift */; };
		OBJ_190 /* FastCGI.swift in Sources */ = {isa = PBXBuildFile; fileRef = OBJ_39 /* FastCGI.swift */; };
		OBJ_191 /* FastCGIRecordCreate.swift in Sources */ = {isa = PBXBuildFile; fileRef = OBJ_40 /* FastCGIRecordCreate.swift */; };
		OBJ_192 /* FastCGIRecordParser.swift in Sources */ = {isa = PBXBuildFile; fileRef = OBJ_41 /* FastCGIRecordParser.swift */; };
		OBJ_193 /* FastCGIServer.swift in Sources */ = {isa = PBXBuildFile; fileRef = OBJ_42 /* FastCGIServer.swift */; };
		OBJ_194 /* FastCGIServerRequest.swift in Sources */ = {isa = PBXBuildFile; fileRef = OBJ_43 /* FastCGIServerRequest.swift */; };
		OBJ_195 /* FastCGIServerResponse.swift in Sources */ = {isa = PBXBuildFile; fileRef = OBJ_44 /* FastCGIServerResponse.swift */; };
		OBJ_196 /* HTTP.swift in Sources */ = {isa = PBXBuildFile; fileRef = OBJ_46 /* HTTP.swift */; };
		OBJ_197 /* HTTPIncomingMessage.swift in Sources */ = {isa = PBXBuildFile; fileRef = OBJ_47 /* HTTPIncomingMessage.swift */; };
		OBJ_198 /* HTTPServer.swift in Sources */ = {isa = PBXBuildFile; fileRef = OBJ_48 /* HTTPServer.swift */; };
		OBJ_199 /* HTTPServerRequest.swift in Sources */ = {isa = PBXBuildFile; fileRef = OBJ_49 /* HTTPServerRequest.swift */; };
		OBJ_200 /* HTTPServerResponse.swift in Sources */ = {isa = PBXBuildFile; fileRef = OBJ_50 /* HTTPServerResponse.swift */; };
		OBJ_201 /* IncomingHTTPSocketProcessor.swift in Sources */ = {isa = PBXBuildFile; fileRef = OBJ_51 /* IncomingHTTPSocketProcessor.swift */; };
		OBJ_202 /* HTTPParser.swift in Sources */ = {isa = PBXBuildFile; fileRef = OBJ_53 /* HTTPParser.swift */; };
		OBJ_203 /* HTTPParserStatus.swift in Sources */ = {isa = PBXBuildFile; fileRef = OBJ_54 /* HTTPParserStatus.swift */; };
		OBJ_204 /* ParseResults.swift in Sources */ = {isa = PBXBuildFile; fileRef = OBJ_55 /* ParseResults.swift */; };
		OBJ_205 /* URLParser.swift in Sources */ = {isa = PBXBuildFile; fileRef = OBJ_56 /* URLParser.swift */; };
		OBJ_206 /* Server.swift in Sources */ = {isa = PBXBuildFile; fileRef = OBJ_58 /* Server.swift */; };
		OBJ_207 /* ServerDelegate.swift in Sources */ = {isa = PBXBuildFile; fileRef = OBJ_59 /* ServerDelegate.swift */; };
		OBJ_208 /* ServerLifecycleListener.swift in Sources */ = {isa = PBXBuildFile; fileRef = OBJ_60 /* ServerLifecycleListener.swift */; };
		OBJ_209 /* ServerMonitor.swift in Sources */ = {isa = PBXBuildFile; fileRef = OBJ_61 /* ServerMonitor.swift */; };
		OBJ_210 /* ServerState.swift in Sources */ = {isa = PBXBuildFile; fileRef = OBJ_62 /* ServerState.swift */; };
		OBJ_212 /* LoggerAPI.framework in Frameworks */ = {isa = PBXBuildFile; fileRef = OBJ_122 /* LoggerAPI.framework */; };
		OBJ_213 /* Socket.framework in Frameworks */ = {isa = PBXBuildFile; fileRef = OBJ_123 /* Socket.framework */; };
		OBJ_214 /* SSLService.framework in Frameworks */ = {isa = PBXBuildFile; fileRef = OBJ_124 /* SSLService.framework */; };
		OBJ_215 /* CHTTPParser.framework in Frameworks */ = {isa = PBXBuildFile; fileRef = OBJ_125 /* CHTTPParser.framework */; };
		OBJ_225 /* LclJSONSerialization.swift in Sources */ = {isa = PBXBuildFile; fileRef = OBJ_64 /* LclJSONSerialization.swift */; };
		OBJ_226 /* SwiftyJSON.swift in Sources */ = {isa = PBXBuildFile; fileRef = OBJ_65 /* SwiftyJSON.swift */; };
		OBJ_233 /* TemplateEngine.swift in Sources */ = {isa = PBXBuildFile; fileRef = OBJ_67 /* TemplateEngine.swift */; };
		OBJ_240 /* Error.swift in Sources */ = {isa = PBXBuildFile; fileRef = OBJ_69 /* Error.swift */; };
		OBJ_241 /* FileResourceServer.swift in Sources */ = {isa = PBXBuildFile; fileRef = OBJ_70 /* FileResourceServer.swift */; };
		OBJ_242 /* Headers.swift in Sources */ = {isa = PBXBuildFile; fileRef = OBJ_71 /* Headers.swift */; };
		OBJ_243 /* HTTPVersion.swift in Sources */ = {isa = PBXBuildFile; fileRef = OBJ_72 /* HTTPVersion.swift */; };
		OBJ_244 /* InternalError.swift in Sources */ = {isa = PBXBuildFile; fileRef = OBJ_73 /* InternalError.swift */; };
		OBJ_245 /* JSONPError.swift in Sources */ = {isa = PBXBuildFile; fileRef = OBJ_74 /* JSONPError.swift */; };
		OBJ_246 /* Kitura.swift in Sources */ = {isa = PBXBuildFile; fileRef = OBJ_75 /* Kitura.swift */; };
		OBJ_247 /* LinkParameter.swift in Sources */ = {isa = PBXBuildFile; fileRef = OBJ_76 /* LinkParameter.swift */; };
		OBJ_248 /* MimeTypeAcceptor.swift in Sources */ = {isa = PBXBuildFile; fileRef = OBJ_77 /* MimeTypeAcceptor.swift */; };
		OBJ_249 /* Router.swift in Sources */ = {isa = PBXBuildFile; fileRef = OBJ_78 /* Router.swift */; };
		OBJ_250 /* RouteRegex.swift in Sources */ = {isa = PBXBuildFile; fileRef = OBJ_79 /* RouteRegex.swift */; };
		OBJ_251 /* RouterElement.swift in Sources */ = {isa = PBXBuildFile; fileRef = OBJ_80 /* RouterElement.swift */; };
		OBJ_252 /* RouterElementWalker.swift in Sources */ = {isa = PBXBuildFile; fileRef = OBJ_81 /* RouterElementWalker.swift */; };
		OBJ_253 /* RouterHandler.swift in Sources */ = {isa = PBXBuildFile; fileRef = OBJ_82 /* RouterHandler.swift */; };
		OBJ_254 /* RouterHTTPVerbs+Error.swift in Sources */ = {isa = PBXBuildFile; fileRef = OBJ_83 /* RouterHTTPVerbs+Error.swift */; };
		OBJ_255 /* RouterHTTPVerbs_generated.swift in Sources */ = {isa = PBXBuildFile; fileRef = OBJ_84 /* RouterHTTPVerbs_generated.swift */; };
		OBJ_256 /* RouterMethod.swift in Sources */ = {isa = PBXBuildFile; fileRef = OBJ_85 /* RouterMethod.swift */; };
		OBJ_257 /* RouterMiddleware.swift in Sources */ = {isa = PBXBuildFile; fileRef = OBJ_86 /* RouterMiddleware.swift */; };
		OBJ_258 /* RouterMiddlewareGenerator.swift in Sources */ = {isa = PBXBuildFile; fileRef = OBJ_87 /* RouterMiddlewareGenerator.swift */; };
		OBJ_259 /* RouterMiddlewareWalker.swift in Sources */ = {isa = PBXBuildFile; fileRef = OBJ_88 /* RouterMiddlewareWalker.swift */; };
		OBJ_260 /* RouterParameterWalker.swift in Sources */ = {isa = PBXBuildFile; fileRef = OBJ_89 /* RouterParameterWalker.swift */; };
		OBJ_261 /* RouterRequest.swift in Sources */ = {isa = PBXBuildFile; fileRef = OBJ_90 /* RouterRequest.swift */; };
		OBJ_262 /* RouterResponse.swift in Sources */ = {isa = PBXBuildFile; fileRef = OBJ_91 /* RouterResponse.swift */; };
		OBJ_263 /* SSLConfig.swift in Sources */ = {isa = PBXBuildFile; fileRef = OBJ_92 /* SSLConfig.swift */; };
		OBJ_264 /* TemplatingError.swift in Sources */ = {isa = PBXBuildFile; fileRef = OBJ_93 /* TemplatingError.swift */; };
		OBJ_265 /* BodyParser.swift in Sources */ = {isa = PBXBuildFile; fileRef = OBJ_95 /* BodyParser.swift */; };
		OBJ_266 /* BodyParserProtocol.swift in Sources */ = {isa = PBXBuildFile; fileRef = OBJ_96 /* BodyParserProtocol.swift */; };
		OBJ_267 /* JSONBodyParser.swift in Sources */ = {isa = PBXBuildFile; fileRef = OBJ_97 /* JSONBodyParser.swift */; };
		OBJ_268 /* MultiPartBodyParser.swift in Sources */ = {isa = PBXBuildFile; fileRef = OBJ_98 /* MultiPartBodyParser.swift */; };
		OBJ_269 /* ParsedBody.swift in Sources */ = {isa = PBXBuildFile; fileRef = OBJ_99 /* ParsedBody.swift */; };
		OBJ_270 /* Part.swift in Sources */ = {isa = PBXBuildFile; fileRef = OBJ_100 /* Part.swift */; };
		OBJ_271 /* RawBodyParser.swift in Sources */ = {isa = PBXBuildFile; fileRef = OBJ_101 /* RawBodyParser.swift */; };
		OBJ_272 /* TextBodyParser.swift in Sources */ = {isa = PBXBuildFile; fileRef = OBJ_102 /* TextBodyParser.swift */; };
		OBJ_273 /* URLEncodedBodyParser.swift in Sources */ = {isa = PBXBuildFile; fileRef = OBJ_103 /* URLEncodedBodyParser.swift */; };
		OBJ_274 /* ContentType.swift in Sources */ = {isa = PBXBuildFile; fileRef = OBJ_105 /* ContentType.swift */; };
		OBJ_275 /* types.swift in Sources */ = {isa = PBXBuildFile; fileRef = OBJ_106 /* types.swift */; };
		OBJ_276 /* CacheRelatedHeadersSetter.swift in Sources */ = {isa = PBXBuildFile; fileRef = OBJ_108 /* CacheRelatedHeadersSetter.swift */; };
		OBJ_277 /* CompositeHeadersSetter.swift in Sources */ = {isa = PBXBuildFile; fileRef = OBJ_109 /* CompositeHeadersSetter.swift */; };
		OBJ_278 /* FileServer.swift in Sources */ = {isa = PBXBuildFile; fileRef = OBJ_110 /* FileServer.swift */; };
		OBJ_279 /* ResourcePathHandler.swift in Sources */ = {isa = PBXBuildFile; fileRef = OBJ_111 /* ResourcePathHandler.swift */; };
		OBJ_280 /* ResponseHeadersSetter.swift in Sources */ = {isa = PBXBuildFile; fileRef = OBJ_112 /* ResponseHeadersSetter.swift */; };
		OBJ_281 /* StaticFileServer.swift in Sources */ = {isa = PBXBuildFile; fileRef = OBJ_113 /* StaticFileServer.swift */; };
		OBJ_283 /* LoggerAPI.framework in Frameworks */ = {isa = PBXBuildFile; fileRef = OBJ_122 /* LoggerAPI.framework */; };
		OBJ_284 /* Socket.framework in Frameworks */ = {isa = PBXBuildFile; fileRef = OBJ_123 /* Socket.framework */; };
		OBJ_285 /* SSLService.framework in Frameworks */ = {isa = PBXBuildFile; fileRef = OBJ_124 /* SSLService.framework */; };
		OBJ_286 /* CHTTPParser.framework in Frameworks */ = {isa = PBXBuildFile; fileRef = OBJ_125 /* CHTTPParser.framework */; };
		OBJ_287 /* KituraNet.framework in Frameworks */ = {isa = PBXBuildFile; fileRef = OBJ_126 /* KituraNet.framework */; };
		OBJ_288 /* SwiftyJSON.framework in Frameworks */ = {isa = PBXBuildFile; fileRef = OBJ_127 /* SwiftyJSON.framework */; };
		OBJ_289 /* KituraTemplateEngine.framework in Frameworks */ = {isa = PBXBuildFile; fileRef = OBJ_128 /* KituraTemplateEngine.framework */; };
		OBJ_302 /* main.swift in Sources */ = {isa = PBXBuildFile; fileRef = OBJ_115 /* main.swift */; };
		OBJ_304 /* LoggerAPI.framework in Frameworks */ = {isa = PBXBuildFile; fileRef = OBJ_122 /* LoggerAPI.framework */; };
		OBJ_305 /* Socket.framework in Frameworks */ = {isa = PBXBuildFile; fileRef = OBJ_123 /* Socket.framework */; };
		OBJ_306 /* SSLService.framework in Frameworks */ = {isa = PBXBuildFile; fileRef = OBJ_124 /* SSLService.framework */; };
		OBJ_307 /* CHTTPParser.framework in Frameworks */ = {isa = PBXBuildFile; fileRef = OBJ_125 /* CHTTPParser.framework */; };
		OBJ_308 /* KituraNet.framework in Frameworks */ = {isa = PBXBuildFile; fileRef = OBJ_126 /* KituraNet.framework */; };
		OBJ_309 /* SwiftyJSON.framework in Frameworks */ = {isa = PBXBuildFile; fileRef = OBJ_127 /* SwiftyJSON.framework */; };
		OBJ_310 /* KituraTemplateEngine.framework in Frameworks */ = {isa = PBXBuildFile; fileRef = OBJ_128 /* KituraTemplateEngine.framework */; };
		OBJ_311 /* Kitura.framework in Frameworks */ = {isa = PBXBuildFile; fileRef = OBJ_129 /* Kitura.framework */; };
/* End PBXBuildFile section */

/* Begin PBXContainerItemProxy section */
		E352D5F51E17543400232BE3 /* PBXContainerItemProxy */ = {
			isa = PBXContainerItemProxy;
			containerPortal = OBJ_1 /* Project object */;
			proxyType = 1;
			remoteGlobalIDString = OBJ_138;
			remoteInfo = Socket;
		};
		E352D5F61E17543400232BE3 /* PBXContainerItemProxy */ = {
			isa = PBXContainerItemProxy;
			containerPortal = OBJ_1 /* Project object */;
			proxyType = 1;
			remoteGlobalIDString = OBJ_131;
			remoteInfo = LoggerAPI;
		};
		E352D5F71E17543400232BE3 /* PBXContainerItemProxy */ = {
			isa = PBXContainerItemProxy;
			containerPortal = OBJ_1 /* Project object */;
			proxyType = 1;
			remoteGlobalIDString = OBJ_138;
			remoteInfo = Socket;
		};
		E352D5F81E17543400232BE3 /* PBXContainerItemProxy */ = {
			isa = PBXContainerItemProxy;
			containerPortal = OBJ_1 /* Project object */;
			proxyType = 1;
			remoteGlobalIDString = OBJ_147;
			remoteInfo = SSLService;
		};
		E352D5F91E17543400232BE3 /* PBXContainerItemProxy */ = {
			isa = PBXContainerItemProxy;
			containerPortal = OBJ_1 /* Project object */;
			proxyType = 1;
			remoteGlobalIDString = OBJ_131;
			remoteInfo = LoggerAPI;
		};
		E352D5FA1E17543400232BE3 /* PBXContainerItemProxy */ = {
			isa = PBXContainerItemProxy;
			containerPortal = OBJ_1 /* Project object */;
			proxyType = 1;
			remoteGlobalIDString = OBJ_138;
			remoteInfo = Socket;
		};
		E352D5FB1E17543400232BE3 /* PBXContainerItemProxy */ = {
			isa = PBXContainerItemProxy;
			containerPortal = OBJ_1 /* Project object */;
			proxyType = 1;
			remoteGlobalIDString = OBJ_147;
			remoteInfo = SSLService;
		};
		E352D5FC1E17543400232BE3 /* PBXContainerItemProxy */ = {
			isa = PBXContainerItemProxy;
			containerPortal = OBJ_1 /* Project object */;
			proxyType = 1;
			remoteGlobalIDString = OBJ_156;
			remoteInfo = CHTTPParser;
		};
		E352D5FD1E17543400232BE3 /* PBXContainerItemProxy */ = {
			isa = PBXContainerItemProxy;
			containerPortal = OBJ_1 /* Project object */;
			proxyType = 1;
			remoteGlobalIDString = OBJ_131;
			remoteInfo = LoggerAPI;
		};
		E352D5FE1E17543400232BE3 /* PBXContainerItemProxy */ = {
			isa = PBXContainerItemProxy;
			containerPortal = OBJ_1 /* Project object */;
			proxyType = 1;
			remoteGlobalIDString = OBJ_138;
			remoteInfo = Socket;
		};
		E352D5FF1E17543400232BE3 /* PBXContainerItemProxy */ = {
			isa = PBXContainerItemProxy;
			containerPortal = OBJ_1 /* Project object */;
			proxyType = 1;
			remoteGlobalIDString = OBJ_147;
			remoteInfo = SSLService;
		};
		E352D6001E17543400232BE3 /* PBXContainerItemProxy */ = {
			isa = PBXContainerItemProxy;
			containerPortal = OBJ_1 /* Project object */;
			proxyType = 1;
			remoteGlobalIDString = OBJ_156;
			remoteInfo = CHTTPParser;
		};
		E352D6011E17543400232BE3 /* PBXContainerItemProxy */ = {
			isa = PBXContainerItemProxy;
			containerPortal = OBJ_1 /* Project object */;
			proxyType = 1;
			remoteGlobalIDString = OBJ_171;
			remoteInfo = KituraNet;
		};
		E352D6021E17543400232BE3 /* PBXContainerItemProxy */ = {
			isa = PBXContainerItemProxy;
			containerPortal = OBJ_1 /* Project object */;
			proxyType = 1;
			remoteGlobalIDString = OBJ_220;
			remoteInfo = SwiftyJSON;
		};
		E352D6031E17543400232BE3 /* PBXContainerItemProxy */ = {
			isa = PBXContainerItemProxy;
			containerPortal = OBJ_1 /* Project object */;
			proxyType = 1;
			remoteGlobalIDString = OBJ_228;
			remoteInfo = KituraTemplateEngine;
		};
		E352D6041E17543400232BE3 /* PBXContainerItemProxy */ = {
			isa = PBXContainerItemProxy;
			containerPortal = OBJ_1 /* Project object */;
			proxyType = 1;
			remoteGlobalIDString = OBJ_131;
			remoteInfo = LoggerAPI;
		};
		E352D6051E17543400232BE3 /* PBXContainerItemProxy */ = {
			isa = PBXContainerItemProxy;
			containerPortal = OBJ_1 /* Project object */;
			proxyType = 1;
			remoteGlobalIDString = OBJ_138;
			remoteInfo = Socket;
		};
		E352D6061E17543400232BE3 /* PBXContainerItemProxy */ = {
			isa = PBXContainerItemProxy;
			containerPortal = OBJ_1 /* Project object */;
			proxyType = 1;
			remoteGlobalIDString = OBJ_147;
			remoteInfo = SSLService;
		};
		E352D6071E17543400232BE3 /* PBXContainerItemProxy */ = {
			isa = PBXContainerItemProxy;
			containerPortal = OBJ_1 /* Project object */;
			proxyType = 1;
			remoteGlobalIDString = OBJ_156;
			remoteInfo = CHTTPParser;
		};
		E352D6081E17543400232BE3 /* PBXContainerItemProxy */ = {
			isa = PBXContainerItemProxy;
			containerPortal = OBJ_1 /* Project object */;
			proxyType = 1;
			remoteGlobalIDString = OBJ_171;
			remoteInfo = KituraNet;
		};
		E352D6091E17543400232BE3 /* PBXContainerItemProxy */ = {
			isa = PBXContainerItemProxy;
			containerPortal = OBJ_1 /* Project object */;
			proxyType = 1;
			remoteGlobalIDString = OBJ_220;
			remoteInfo = SwiftyJSON;
		};
		E352D60A1E17543400232BE3 /* PBXContainerItemProxy */ = {
			isa = PBXContainerItemProxy;
			containerPortal = OBJ_1 /* Project object */;
			proxyType = 1;
			remoteGlobalIDString = OBJ_228;
			remoteInfo = KituraTemplateEngine;
		};
		E352D60B1E17543400232BE3 /* PBXContainerItemProxy */ = {
			isa = PBXContainerItemProxy;
			containerPortal = OBJ_1 /* Project object */;
			proxyType = 1;
			remoteGlobalIDString = OBJ_235;
			remoteInfo = Kitura;
		};
/* End PBXContainerItemProxy section */

/* Begin PBXFileReference section */
		OBJ_100 /* Part.swift */ = {isa = PBXFileReference; lastKnownFileType = sourcecode.swift; path = Part.swift; sourceTree = "<group>"; };
		OBJ_101 /* RawBodyParser.swift */ = {isa = PBXFileReference; lastKnownFileType = sourcecode.swift; path = RawBodyParser.swift; sourceTree = "<group>"; };
		OBJ_102 /* TextBodyParser.swift */ = {isa = PBXFileReference; lastKnownFileType = sourcecode.swift; path = TextBodyParser.swift; sourceTree = "<group>"; };
		OBJ_103 /* URLEncodedBodyParser.swift */ = {isa = PBXFileReference; lastKnownFileType = sourcecode.swift; path = URLEncodedBodyParser.swift; sourceTree = "<group>"; };
		OBJ_105 /* ContentType.swift */ = {isa = PBXFileReference; lastKnownFileType = sourcecode.swift; path = ContentType.swift; sourceTree = "<group>"; };
		OBJ_106 /* types.swift */ = {isa = PBXFileReference; lastKnownFileType = sourcecode.swift; path = types.swift; sourceTree = "<group>"; };
		OBJ_108 /* CacheRelatedHeadersSetter.swift */ = {isa = PBXFileReference; lastKnownFileType = sourcecode.swift; path = CacheRelatedHeadersSetter.swift; sourceTree = "<group>"; };
		OBJ_109 /* CompositeHeadersSetter.swift */ = {isa = PBXFileReference; lastKnownFileType = sourcecode.swift; path = CompositeHeadersSetter.swift; sourceTree = "<group>"; };
		OBJ_11 /* Socket.swift */ = {isa = PBXFileReference; lastKnownFileType = sourcecode.swift; path = Socket.swift; sourceTree = "<group>"; };
		OBJ_110 /* FileServer.swift */ = {isa = PBXFileReference; lastKnownFileType = sourcecode.swift; path = FileServer.swift; sourceTree = "<group>"; };
		OBJ_111 /* ResourcePathHandler.swift */ = {isa = PBXFileReference; lastKnownFileType = sourcecode.swift; path = ResourcePathHandler.swift; sourceTree = "<group>"; };
		OBJ_112 /* ResponseHeadersSetter.swift */ = {isa = PBXFileReference; lastKnownFileType = sourcecode.swift; path = ResponseHeadersSetter.swift; sourceTree = "<group>"; };
		OBJ_113 /* StaticFileServer.swift */ = {isa = PBXFileReference; lastKnownFileType = sourcecode.swift; path = StaticFileServer.swift; sourceTree = "<group>"; };
		OBJ_115 /* main.swift */ = {isa = PBXFileReference; lastKnownFileType = sourcecode.swift; path = main.swift; sourceTree = "<group>"; };
		OBJ_117 /* client */ = {isa = PBXFileReference; lastKnownFileType = folder; path = client; sourceTree = SOURCE_ROOT; };
		OBJ_118 /* Package-Builder */ = {isa = PBXFileReference; lastKnownFileType = folder; path = "Package-Builder"; sourceTree = SOURCE_ROOT; };
		OBJ_119 /* Padee.xcworkspace */ = {isa = PBXFileReference; lastKnownFileType = wrapper.workspace; path = Padee.xcworkspace; sourceTree = SOURCE_ROOT; };
		OBJ_12 /* SocketProtocols.swift */ = {isa = PBXFileReference; lastKnownFileType = sourcecode.swift; path = SocketProtocols.swift; sourceTree = "<group>"; };
		OBJ_120 /* public */ = {isa = PBXFileReference; lastKnownFileType = folder; path = public; sourceTree = SOURCE_ROOT; };
		OBJ_122 /* LoggerAPI.framework */ = {isa = PBXFileReference; explicitFileType = wrapper.framework; path = LoggerAPI.framework; sourceTree = BUILT_PRODUCTS_DIR; };
		OBJ_123 /* Socket.framework */ = {isa = PBXFileReference; explicitFileType = wrapper.framework; path = Socket.framework; sourceTree = BUILT_PRODUCTS_DIR; };
		OBJ_124 /* SSLService.framework */ = {isa = PBXFileReference; explicitFileType = wrapper.framework; path = SSLService.framework; sourceTree = BUILT_PRODUCTS_DIR; };
		OBJ_125 /* CHTTPParser.framework */ = {isa = PBXFileReference; explicitFileType = wrapper.framework; path = CHTTPParser.framework; sourceTree = BUILT_PRODUCTS_DIR; };
		OBJ_126 /* KituraNet.framework */ = {isa = PBXFileReference; explicitFileType = wrapper.framework; path = KituraNet.framework; sourceTree = BUILT_PRODUCTS_DIR; };
		OBJ_127 /* SwiftyJSON.framework */ = {isa = PBXFileReference; explicitFileType = wrapper.framework; path = SwiftyJSON.framework; sourceTree = BUILT_PRODUCTS_DIR; };
		OBJ_128 /* KituraTemplateEngine.framework */ = {isa = PBXFileReference; explicitFileType = wrapper.framework; path = KituraTemplateEngine.framework; sourceTree = BUILT_PRODUCTS_DIR; };
		OBJ_129 /* Kitura.framework */ = {isa = PBXFileReference; explicitFileType = wrapper.framework; path = Kitura.framework; sourceTree = BUILT_PRODUCTS_DIR; };
		OBJ_13 /* SocketUtils.swift */ = {isa = PBXFileReference; lastKnownFileType = sourcecode.swift; path = SocketUtils.swift; sourceTree = "<group>"; };
		OBJ_130 /* PadeeServer */ = {isa = PBXFileReference; lastKnownFileType = text; path = PadeeServer; sourceTree = BUILT_PRODUCTS_DIR; };
		OBJ_15 /* SSLService.swift */ = {isa = PBXFileReference; lastKnownFileType = sourcecode.swift; path = SSLService.swift; sourceTree = "<group>"; };
		OBJ_17 /* http_parser.c */ = {isa = PBXFileReference; lastKnownFileType = sourcecode.c.c; path = http_parser.c; sourceTree = "<group>"; };
		OBJ_18 /* utils.c */ = {isa = PBXFileReference; lastKnownFileType = sourcecode.c.c; path = utils.c; sourceTree = "<group>"; };
		OBJ_20 /* http_parser.h */ = {isa = PBXFileReference; lastKnownFileType = sourcecode.c.h; path = http_parser.h; sourceTree = "<group>"; };
		OBJ_21 /* utils.h */ = {isa = PBXFileReference; lastKnownFileType = sourcecode.c.h; path = utils.h; sourceTree = "<group>"; };
		OBJ_22 /* module.modulemap */ = {isa = PBXFileReference; lastKnownFileType = "sourcecode.module-map"; name = module.modulemap; path = "/Users/dstrokis/Developer/Padee/Packages/Kitura-net-1.4.3/Sources/CHTTPParser/include/module.modulemap"; sourceTree = "<group>"; };
		OBJ_24 /* BufferList.swift */ = {isa = PBXFileReference; lastKnownFileType = sourcecode.swift; path = BufferList.swift; sourceTree = "<group>"; };
		OBJ_25 /* ClientRequest.swift */ = {isa = PBXFileReference; lastKnownFileType = sourcecode.swift; path = ClientRequest.swift; sourceTree = "<group>"; };
		OBJ_26 /* ClientResponse.swift */ = {isa = PBXFileReference; lastKnownFileType = sourcecode.swift; path = ClientResponse.swift; sourceTree = "<group>"; };
		OBJ_27 /* ConnectionUpgradeFactory.swift */ = {isa = PBXFileReference; lastKnownFileType = sourcecode.swift; path = ConnectionUpgradeFactory.swift; sourceTree = "<group>"; };
		OBJ_28 /* ConnectionUpgrader.swift */ = {isa = PBXFileReference; lastKnownFileType = sourcecode.swift; path = ConnectionUpgrader.swift; sourceTree = "<group>"; };
		OBJ_29 /* Error.swift */ = {isa = PBXFileReference; lastKnownFileType = sourcecode.swift; path = Error.swift; sourceTree = "<group>"; };
		OBJ_30 /* HeadersContainer.swift */ = {isa = PBXFileReference; lastKnownFileType = sourcecode.swift; path = HeadersContainer.swift; sourceTree = "<group>"; };
		OBJ_31 /* IncomingSocketHandler.swift */ = {isa = PBXFileReference; lastKnownFileType = sourcecode.swift; path = IncomingSocketHandler.swift; sourceTree = "<group>"; };
		OBJ_32 /* IncomingSocketManager.swift */ = {isa = PBXFileReference; lastKnownFileType = sourcecode.swift; path = IncomingSocketManager.swift; sourceTree = "<group>"; };
		OBJ_33 /* IncomingSocketProcessor.swift */ = {isa = PBXFileReference; lastKnownFileType = sourcecode.swift; path = IncomingSocketProcessor.swift; sourceTree = "<group>"; };
		OBJ_34 /* ListenerGroup.swift */ = {isa = PBXFileReference; lastKnownFileType = sourcecode.swift; path = ListenerGroup.swift; sourceTree = "<group>"; };
		OBJ_35 /* ServerRequest.swift */ = {isa = PBXFileReference; lastKnownFileType = sourcecode.swift; path = ServerRequest.swift; sourceTree = "<group>"; };
		OBJ_36 /* ServerResponse.swift */ = {isa = PBXFileReference; lastKnownFileType = sourcecode.swift; path = ServerResponse.swift; sourceTree = "<group>"; };
		OBJ_37 /* SPIUtils.swift */ = {isa = PBXFileReference; lastKnownFileType = sourcecode.swift; path = SPIUtils.swift; sourceTree = "<group>"; };
		OBJ_39 /* FastCGI.swift */ = {isa = PBXFileReference; lastKnownFileType = sourcecode.swift; path = FastCGI.swift; sourceTree = "<group>"; };
		OBJ_40 /* FastCGIRecordCreate.swift */ = {isa = PBXFileReference; lastKnownFileType = sourcecode.swift; path = FastCGIRecordCreate.swift; sourceTree = "<group>"; };
		OBJ_41 /* FastCGIRecordParser.swift */ = {isa = PBXFileReference; lastKnownFileType = sourcecode.swift; path = FastCGIRecordParser.swift; sourceTree = "<group>"; };
		OBJ_42 /* FastCGIServer.swift */ = {isa = PBXFileReference; lastKnownFileType = sourcecode.swift; path = FastCGIServer.swift; sourceTree = "<group>"; };
		OBJ_43 /* FastCGIServerRequest.swift */ = {isa = PBXFileReference; lastKnownFileType = sourcecode.swift; path = FastCGIServerRequest.swift; sourceTree = "<group>"; };
		OBJ_44 /* FastCGIServerResponse.swift */ = {isa = PBXFileReference; lastKnownFileType = sourcecode.swift; path = FastCGIServerResponse.swift; sourceTree = "<group>"; };
		OBJ_46 /* HTTP.swift */ = {isa = PBXFileReference; lastKnownFileType = sourcecode.swift; path = HTTP.swift; sourceTree = "<group>"; };
		OBJ_47 /* HTTPIncomingMessage.swift */ = {isa = PBXFileReference; lastKnownFileType = sourcecode.swift; path = HTTPIncomingMessage.swift; sourceTree = "<group>"; };
		OBJ_48 /* HTTPServer.swift */ = {isa = PBXFileReference; lastKnownFileType = sourcecode.swift; path = HTTPServer.swift; sourceTree = "<group>"; };
		OBJ_49 /* HTTPServerRequest.swift */ = {isa = PBXFileReference; lastKnownFileType = sourcecode.swift; path = HTTPServerRequest.swift; sourceTree = "<group>"; };
		OBJ_50 /* HTTPServerResponse.swift */ = {isa = PBXFileReference; lastKnownFileType = sourcecode.swift; path = HTTPServerResponse.swift; sourceTree = "<group>"; };
		OBJ_51 /* IncomingHTTPSocketProcessor.swift */ = {isa = PBXFileReference; lastKnownFileType = sourcecode.swift; path = IncomingHTTPSocketProcessor.swift; sourceTree = "<group>"; };
		OBJ_53 /* HTTPParser.swift */ = {isa = PBXFileReference; lastKnownFileType = sourcecode.swift; path = HTTPParser.swift; sourceTree = "<group>"; };
		OBJ_54 /* HTTPParserStatus.swift */ = {isa = PBXFileReference; lastKnownFileType = sourcecode.swift; path = HTTPParserStatus.swift; sourceTree = "<group>"; };
		OBJ_55 /* ParseResults.swift */ = {isa = PBXFileReference; lastKnownFileType = sourcecode.swift; path = ParseResults.swift; sourceTree = "<group>"; };
		OBJ_56 /* URLParser.swift */ = {isa = PBXFileReference; lastKnownFileType = sourcecode.swift; path = URLParser.swift; sourceTree = "<group>"; };
		OBJ_58 /* Server.swift */ = {isa = PBXFileReference; lastKnownFileType = sourcecode.swift; path = Server.swift; sourceTree = "<group>"; };
		OBJ_59 /* ServerDelegate.swift */ = {isa = PBXFileReference; lastKnownFileType = sourcecode.swift; path = ServerDelegate.swift; sourceTree = "<group>"; };
		OBJ_6 /* Package.swift */ = {isa = PBXFileReference; explicitFileType = sourcecode.swift; path = Package.swift; sourceTree = "<group>"; };
		OBJ_60 /* ServerLifecycleListener.swift */ = {isa = PBXFileReference; lastKnownFileType = sourcecode.swift; path = ServerLifecycleListener.swift; sourceTree = "<group>"; };
		OBJ_61 /* ServerMonitor.swift */ = {isa = PBXFileReference; lastKnownFileType = sourcecode.swift; path = ServerMonitor.swift; sourceTree = "<group>"; };
		OBJ_62 /* ServerState.swift */ = {isa = PBXFileReference; lastKnownFileType = sourcecode.swift; path = ServerState.swift; sourceTree = "<group>"; };
		OBJ_64 /* LclJSONSerialization.swift */ = {isa = PBXFileReference; lastKnownFileType = sourcecode.swift; path = LclJSONSerialization.swift; sourceTree = "<group>"; };
		OBJ_65 /* SwiftyJSON.swift */ = {isa = PBXFileReference; lastKnownFileType = sourcecode.swift; path = SwiftyJSON.swift; sourceTree = "<group>"; };
		OBJ_67 /* TemplateEngine.swift */ = {isa = PBXFileReference; lastKnownFileType = sourcecode.swift; path = TemplateEngine.swift; sourceTree = "<group>"; };
		OBJ_69 /* Error.swift */ = {isa = PBXFileReference; lastKnownFileType = sourcecode.swift; path = Error.swift; sourceTree = "<group>"; };
		OBJ_70 /* FileResourceServer.swift */ = {isa = PBXFileReference; lastKnownFileType = sourcecode.swift; path = FileResourceServer.swift; sourceTree = "<group>"; };
		OBJ_71 /* Headers.swift */ = {isa = PBXFileReference; lastKnownFileType = sourcecode.swift; path = Headers.swift; sourceTree = "<group>"; };
		OBJ_72 /* HTTPVersion.swift */ = {isa = PBXFileReference; lastKnownFileType = sourcecode.swift; path = HTTPVersion.swift; sourceTree = "<group>"; };
		OBJ_73 /* InternalError.swift */ = {isa = PBXFileReference; lastKnownFileType = sourcecode.swift; path = InternalError.swift; sourceTree = "<group>"; };
		OBJ_74 /* JSONPError.swift */ = {isa = PBXFileReference; lastKnownFileType = sourcecode.swift; path = JSONPError.swift; sourceTree = "<group>"; };
		OBJ_75 /* Kitura.swift */ = {isa = PBXFileReference; lastKnownFileType = sourcecode.swift; path = Kitura.swift; sourceTree = "<group>"; };
		OBJ_76 /* LinkParameter.swift */ = {isa = PBXFileReference; lastKnownFileType = sourcecode.swift; path = LinkParameter.swift; sourceTree = "<group>"; };
		OBJ_77 /* MimeTypeAcceptor.swift */ = {isa = PBXFileReference; lastKnownFileType = sourcecode.swift; path = MimeTypeAcceptor.swift; sourceTree = "<group>"; };
		OBJ_78 /* Router.swift */ = {isa = PBXFileReference; lastKnownFileType = sourcecode.swift; path = Router.swift; sourceTree = "<group>"; };
		OBJ_79 /* RouteRegex.swift */ = {isa = PBXFileReference; lastKnownFileType = sourcecode.swift; path = RouteRegex.swift; sourceTree = "<group>"; };
		OBJ_80 /* RouterElement.swift */ = {isa = PBXFileReference; lastKnownFileType = sourcecode.swift; path = RouterElement.swift; sourceTree = "<group>"; };
		OBJ_81 /* RouterElementWalker.swift */ = {isa = PBXFileReference; lastKnownFileType = sourcecode.swift; path = RouterElementWalker.swift; sourceTree = "<group>"; };
		OBJ_82 /* RouterHandler.swift */ = {isa = PBXFileReference; lastKnownFileType = sourcecode.swift; path = RouterHandler.swift; sourceTree = "<group>"; };
		OBJ_83 /* RouterHTTPVerbs+Error.swift */ = {isa = PBXFileReference; lastKnownFileType = sourcecode.swift; path = "RouterHTTPVerbs+Error.swift"; sourceTree = "<group>"; };
		OBJ_84 /* RouterHTTPVerbs_generated.swift */ = {isa = PBXFileReference; lastKnownFileType = sourcecode.swift; path = RouterHTTPVerbs_generated.swift; sourceTree = "<group>"; };
		OBJ_85 /* RouterMethod.swift */ = {isa = PBXFileReference; lastKnownFileType = sourcecode.swift; path = RouterMethod.swift; sourceTree = "<group>"; };
		OBJ_86 /* RouterMiddleware.swift */ = {isa = PBXFileReference; lastKnownFileType = sourcecode.swift; path = RouterMiddleware.swift; sourceTree = "<group>"; };
		OBJ_87 /* RouterMiddlewareGenerator.swift */ = {isa = PBXFileReference; lastKnownFileType = sourcecode.swift; path = RouterMiddlewareGenerator.swift; sourceTree = "<group>"; };
		OBJ_88 /* RouterMiddlewareWalker.swift */ = {isa = PBXFileReference; lastKnownFileType = sourcecode.swift; path = RouterMiddlewareWalker.swift; sourceTree = "<group>"; };
		OBJ_89 /* RouterParameterWalker.swift */ = {isa = PBXFileReference; lastKnownFileType = sourcecode.swift; path = RouterParameterWalker.swift; sourceTree = "<group>"; };
		OBJ_9 /* Logger.swift */ = {isa = PBXFileReference; lastKnownFileType = sourcecode.swift; path = Logger.swift; sourceTree = "<group>"; };
		OBJ_90 /* RouterRequest.swift */ = {isa = PBXFileReference; lastKnownFileType = sourcecode.swift; path = RouterRequest.swift; sourceTree = "<group>"; };
		OBJ_91 /* RouterResponse.swift */ = {isa = PBXFileReference; lastKnownFileType = sourcecode.swift; path = RouterResponse.swift; sourceTree = "<group>"; };
		OBJ_92 /* SSLConfig.swift */ = {isa = PBXFileReference; lastKnownFileType = sourcecode.swift; path = SSLConfig.swift; sourceTree = "<group>"; };
		OBJ_93 /* TemplatingError.swift */ = {isa = PBXFileReference; lastKnownFileType = sourcecode.swift; path = TemplatingError.swift; sourceTree = "<group>"; };
		OBJ_95 /* BodyParser.swift */ = {isa = PBXFileReference; lastKnownFileType = sourcecode.swift; path = BodyParser.swift; sourceTree = "<group>"; };
		OBJ_96 /* BodyParserProtocol.swift */ = {isa = PBXFileReference; lastKnownFileType = sourcecode.swift; path = BodyParserProtocol.swift; sourceTree = "<group>"; };
		OBJ_97 /* JSONBodyParser.swift */ = {isa = PBXFileReference; lastKnownFileType = sourcecode.swift; path = JSONBodyParser.swift; sourceTree = "<group>"; };
		OBJ_98 /* MultiPartBodyParser.swift */ = {isa = PBXFileReference; lastKnownFileType = sourcecode.swift; path = MultiPartBodyParser.swift; sourceTree = "<group>"; };
		OBJ_99 /* ParsedBody.swift */ = {isa = PBXFileReference; lastKnownFileType = sourcecode.swift; path = ParsedBody.swift; sourceTree = "<group>"; };
/* End PBXFileReference section */

/* Begin PBXFrameworksBuildPhase section */
		OBJ_137 /* Frameworks */ = {
			isa = PBXFrameworksBuildPhase;
			buildActionMask = 0;
			files = (
			);
			runOnlyForDeploymentPostprocessing = 0;
		};
		OBJ_146 /* Frameworks */ = {
			isa = PBXFrameworksBuildPhase;
			buildActionMask = 0;
			files = (
			);
			runOnlyForDeploymentPostprocessing = 0;
		};
		OBJ_153 /* Frameworks */ = {
			isa = PBXFrameworksBuildPhase;
			buildActionMask = 0;
			files = (
				OBJ_154 /* Socket.framework in Frameworks */,
			);
			runOnlyForDeploymentPostprocessing = 0;
		};
		OBJ_164 /* Frameworks */ = {
			isa = PBXFrameworksBuildPhase;
			buildActionMask = 0;
			files = (
				OBJ_165 /* LoggerAPI.framework in Frameworks */,
				OBJ_166 /* Socket.framework in Frameworks */,
				OBJ_167 /* SSLService.framework in Frameworks */,
			);
			runOnlyForDeploymentPostprocessing = 0;
		};
		OBJ_211 /* Frameworks */ = {
			isa = PBXFrameworksBuildPhase;
			buildActionMask = 0;
			files = (
				OBJ_212 /* LoggerAPI.framework in Frameworks */,
				OBJ_213 /* Socket.framework in Frameworks */,
				OBJ_214 /* SSLService.framework in Frameworks */,
				OBJ_215 /* CHTTPParser.framework in Frameworks */,
			);
			runOnlyForDeploymentPostprocessing = 0;
		};
		OBJ_227 /* Frameworks */ = {
			isa = PBXFrameworksBuildPhase;
			buildActionMask = 0;
			files = (
			);
			runOnlyForDeploymentPostprocessing = 0;
		};
		OBJ_234 /* Frameworks */ = {
			isa = PBXFrameworksBuildPhase;
			buildActionMask = 0;
			files = (
			);
			runOnlyForDeploymentPostprocessing = 0;
		};
		OBJ_282 /* Frameworks */ = {
			isa = PBXFrameworksBuildPhase;
			buildActionMask = 0;
			files = (
				OBJ_283 /* LoggerAPI.framework in Frameworks */,
				OBJ_284 /* Socket.framework in Frameworks */,
				OBJ_285 /* SSLService.framework in Frameworks */,
				OBJ_286 /* CHTTPParser.framework in Frameworks */,
				OBJ_287 /* KituraNet.framework in Frameworks */,
				OBJ_288 /* SwiftyJSON.framework in Frameworks */,
				OBJ_289 /* KituraTemplateEngine.framework in Frameworks */,
			);
			runOnlyForDeploymentPostprocessing = 0;
		};
		OBJ_303 /* Frameworks */ = {
			isa = PBXFrameworksBuildPhase;
			buildActionMask = 0;
			files = (
				OBJ_304 /* LoggerAPI.framework in Frameworks */,
				OBJ_305 /* Socket.framework in Frameworks */,
				OBJ_306 /* SSLService.framework in Frameworks */,
				OBJ_307 /* CHTTPParser.framework in Frameworks */,
				OBJ_308 /* KituraNet.framework in Frameworks */,
				OBJ_309 /* SwiftyJSON.framework in Frameworks */,
				OBJ_310 /* KituraTemplateEngine.framework in Frameworks */,
				OBJ_311 /* Kitura.framework in Frameworks */,
			);
			runOnlyForDeploymentPostprocessing = 0;
		};
/* End PBXFrameworksBuildPhase section */

/* Begin PBXGroup section */
		OBJ_10 /* Socket */ = {
			isa = PBXGroup;
			children = (
				OBJ_11 /* Socket.swift */,
				OBJ_12 /* SocketProtocols.swift */,
				OBJ_13 /* SocketUtils.swift */,
			);
			name = Socket;
			path = "Packages/Socket-0.12.16/Sources";
			sourceTree = SOURCE_ROOT;
		};
		OBJ_104 /* contentType */ = {
			isa = PBXGroup;
			children = (
				OBJ_105 /* ContentType.swift */,
				OBJ_106 /* types.swift */,
			);
			path = contentType;
			sourceTree = "<group>";
		};
		OBJ_107 /* staticFileServer */ = {
			isa = PBXGroup;
			children = (
				OBJ_108 /* CacheRelatedHeadersSetter.swift */,
				OBJ_109 /* CompositeHeadersSetter.swift */,
				OBJ_110 /* FileServer.swift */,
				OBJ_111 /* ResourcePathHandler.swift */,
				OBJ_112 /* ResponseHeadersSetter.swift */,
				OBJ_113 /* StaticFileServer.swift */,
			);
			path = staticFileServer;
			sourceTree = "<group>";
		};
		OBJ_114 /* PadeeServer */ = {
			isa = PBXGroup;
			children = (
				OBJ_115 /* main.swift */,
			);
			name = PadeeServer;
			path = Sources;
			sourceTree = SOURCE_ROOT;
		};
		OBJ_116 /* Tests */ = {
			isa = PBXGroup;
			children = (
			);
			path = Tests;
			sourceTree = "<group>";
		};
		OBJ_121 /* Products */ = {
			isa = PBXGroup;
			children = (
				OBJ_122 /* LoggerAPI.framework */,
				OBJ_123 /* Socket.framework */,
				OBJ_124 /* SSLService.framework */,
				OBJ_125 /* CHTTPParser.framework */,
				OBJ_126 /* KituraNet.framework */,
				OBJ_127 /* SwiftyJSON.framework */,
				OBJ_128 /* KituraTemplateEngine.framework */,
				OBJ_129 /* Kitura.framework */,
				OBJ_130 /* PadeeServer */,
			);
			name = Products;
			sourceTree = BUILT_PRODUCTS_DIR;
		};
		OBJ_14 /* SSLService */ = {
			isa = PBXGroup;
			children = (
				OBJ_15 /* SSLService.swift */,
			);
			name = SSLService;
			path = "Packages/SSLService-0.12.10/Sources";
			sourceTree = SOURCE_ROOT;
		};
		OBJ_16 /* CHTTPParser */ = {
			isa = PBXGroup;
			children = (
				OBJ_17 /* http_parser.c */,
				OBJ_18 /* utils.c */,
				OBJ_19 /* include */,
			);
			name = CHTTPParser;
			path = "Packages/Kitura-net-1.4.3/Sources/CHTTPParser";
			sourceTree = SOURCE_ROOT;
		};
		OBJ_19 /* include */ = {
			isa = PBXGroup;
			children = (
				OBJ_20 /* http_parser.h */,
				OBJ_21 /* utils.h */,
				OBJ_22 /* module.modulemap */,
			);
			path = include;
			sourceTree = "<group>";
		};
		OBJ_23 /* KituraNet */ = {
			isa = PBXGroup;
			children = (
				OBJ_24 /* BufferList.swift */,
				OBJ_25 /* ClientRequest.swift */,
				OBJ_26 /* ClientResponse.swift */,
				OBJ_27 /* ConnectionUpgradeFactory.swift */,
				OBJ_28 /* ConnectionUpgrader.swift */,
				OBJ_29 /* Error.swift */,
				OBJ_30 /* HeadersContainer.swift */,
				OBJ_31 /* IncomingSocketHandler.swift */,
				OBJ_32 /* IncomingSocketManager.swift */,
				OBJ_33 /* IncomingSocketProcessor.swift */,
				OBJ_34 /* ListenerGroup.swift */,
				OBJ_35 /* ServerRequest.swift */,
				OBJ_36 /* ServerResponse.swift */,
				OBJ_37 /* SPIUtils.swift */,
				OBJ_38 /* FastCGI */,
				OBJ_45 /* HTTP */,
				OBJ_52 /* HTTPParser */,
				OBJ_57 /* Server */,
			);
			name = KituraNet;
			path = "Packages/Kitura-net-1.4.3/Sources/KituraNet";
			sourceTree = SOURCE_ROOT;
		};
		OBJ_38 /* FastCGI */ = {
			isa = PBXGroup;
			children = (
				OBJ_39 /* FastCGI.swift */,
				OBJ_40 /* FastCGIRecordCreate.swift */,
				OBJ_41 /* FastCGIRecordParser.swift */,
				OBJ_42 /* FastCGIServer.swift */,
				OBJ_43 /* FastCGIServerRequest.swift */,
				OBJ_44 /* FastCGIServerResponse.swift */,
			);
			path = FastCGI;
			sourceTree = "<group>";
		};
		OBJ_45 /* HTTP */ = {
			isa = PBXGroup;
			children = (
				OBJ_46 /* HTTP.swift */,
				OBJ_47 /* HTTPIncomingMessage.swift */,
				OBJ_48 /* HTTPServer.swift */,
				OBJ_49 /* HTTPServerRequest.swift */,
				OBJ_50 /* HTTPServerResponse.swift */,
				OBJ_51 /* IncomingHTTPSocketProcessor.swift */,
			);
			path = HTTP;
			sourceTree = "<group>";
		};
		OBJ_5 /*  */ = {
			isa = PBXGroup;
			children = (
				OBJ_6 /* Package.swift */,
				OBJ_7 /* Sources */,
				OBJ_116 /* Tests */,
				OBJ_117 /* client */,
				OBJ_118 /* Package-Builder */,
				OBJ_119 /* Padee.xcworkspace */,
				OBJ_120 /* public */,
				OBJ_121 /* Products */,
			);
			name = "";
			sourceTree = "<group>";
		};
		OBJ_52 /* HTTPParser */ = {
			isa = PBXGroup;
			children = (
				OBJ_53 /* HTTPParser.swift */,
				OBJ_54 /* HTTPParserStatus.swift */,
				OBJ_55 /* ParseResults.swift */,
				OBJ_56 /* URLParser.swift */,
			);
			path = HTTPParser;
			sourceTree = "<group>";
		};
		OBJ_57 /* Server */ = {
			isa = PBXGroup;
			children = (
				OBJ_58 /* Server.swift */,
				OBJ_59 /* ServerDelegate.swift */,
				OBJ_60 /* ServerLifecycleListener.swift */,
				OBJ_61 /* ServerMonitor.swift */,
				OBJ_62 /* ServerState.swift */,
			);
			path = Server;
			sourceTree = "<group>";
		};
		OBJ_63 /* SwiftyJSON */ = {
			isa = PBXGroup;
			children = (
				OBJ_64 /* LclJSONSerialization.swift */,
				OBJ_65 /* SwiftyJSON.swift */,
			);
			name = SwiftyJSON;
			path = "Packages/SwiftyJSON-15.0.4/Source";
			sourceTree = SOURCE_ROOT;
		};
		OBJ_66 /* KituraTemplateEngine */ = {
			isa = PBXGroup;
			children = (
				OBJ_67 /* TemplateEngine.swift */,
			);
			name = KituraTemplateEngine;
			path = "Packages/Kitura-TemplateEngine-1.4.0/Sources/KituraTemplateEngine";
			sourceTree = SOURCE_ROOT;
		};
		OBJ_68 /* Kitura */ = {
			isa = PBXGroup;
			children = (
				OBJ_69 /* Error.swift */,
				OBJ_70 /* FileResourceServer.swift */,
				OBJ_71 /* Headers.swift */,
				OBJ_72 /* HTTPVersion.swift */,
				OBJ_73 /* InternalError.swift */,
				OBJ_74 /* JSONPError.swift */,
				OBJ_75 /* Kitura.swift */,
				OBJ_76 /* LinkParameter.swift */,
				OBJ_77 /* MimeTypeAcceptor.swift */,
				OBJ_78 /* Router.swift */,
				OBJ_79 /* RouteRegex.swift */,
				OBJ_80 /* RouterElement.swift */,
				OBJ_81 /* RouterElementWalker.swift */,
				OBJ_82 /* RouterHandler.swift */,
				OBJ_83 /* RouterHTTPVerbs+Error.swift */,
				OBJ_84 /* RouterHTTPVerbs_generated.swift */,
				OBJ_85 /* RouterMethod.swift */,
				OBJ_86 /* RouterMiddleware.swift */,
				OBJ_87 /* RouterMiddlewareGenerator.swift */,
				OBJ_88 /* RouterMiddlewareWalker.swift */,
				OBJ_89 /* RouterParameterWalker.swift */,
				OBJ_90 /* RouterRequest.swift */,
				OBJ_91 /* RouterResponse.swift */,
				OBJ_92 /* SSLConfig.swift */,
				OBJ_93 /* TemplatingError.swift */,
				OBJ_94 /* bodyParser */,
				OBJ_104 /* contentType */,
				OBJ_107 /* staticFileServer */,
			);
			name = Kitura;
			path = "Packages/Kitura-1.4.2/Sources/Kitura";
			sourceTree = SOURCE_ROOT;
		};
		OBJ_7 /* Sources */ = {
			isa = PBXGroup;
			children = (
				OBJ_8 /* LoggerAPI */,
				OBJ_10 /* Socket */,
				OBJ_14 /* SSLService */,
				OBJ_16 /* CHTTPParser */,
				OBJ_23 /* KituraNet */,
				OBJ_63 /* SwiftyJSON */,
				OBJ_66 /* KituraTemplateEngine */,
				OBJ_68 /* Kitura */,
				OBJ_114 /* PadeeServer */,
			);
			path = Sources;
			sourceTree = "<group>";
		};
		OBJ_8 /* LoggerAPI */ = {
			isa = PBXGroup;
			children = (
				OBJ_9 /* Logger.swift */,
			);
			name = LoggerAPI;
			path = "Packages/LoggerAPI-1.4.0/Sources/LoggerAPI";
			sourceTree = SOURCE_ROOT;
		};
		OBJ_94 /* bodyParser */ = {
			isa = PBXGroup;
			children = (
				OBJ_95 /* BodyParser.swift */,
				OBJ_96 /* BodyParserProtocol.swift */,
				OBJ_97 /* JSONBodyParser.swift */,
				OBJ_98 /* MultiPartBodyParser.swift */,
				OBJ_99 /* ParsedBody.swift */,
				OBJ_100 /* Part.swift */,
				OBJ_101 /* RawBodyParser.swift */,
				OBJ_102 /* TextBodyParser.swift */,
				OBJ_103 /* URLEncodedBodyParser.swift */,
			);
			path = bodyParser;
			sourceTree = "<group>";
		};
/* End PBXGroup section */

/* Begin PBXNativeTarget section */
		OBJ_131 /* LoggerAPI */ = {
			isa = PBXNativeTarget;
			buildConfigurationList = OBJ_132 /* Build configuration list for PBXNativeTarget "LoggerAPI" */;
			buildPhases = (
				OBJ_135 /* Sources */,
				OBJ_137 /* Frameworks */,
			);
			buildRules = (
			);
			dependencies = (
			);
			name = LoggerAPI;
			productName = LoggerAPI;
			productReference = OBJ_122 /* LoggerAPI.framework */;
			productType = "com.apple.product-type.framework";
		};
		OBJ_138 /* Socket */ = {
			isa = PBXNativeTarget;
			buildConfigurationList = OBJ_139 /* Build configuration list for PBXNativeTarget "Socket" */;
			buildPhases = (
				OBJ_142 /* Sources */,
				OBJ_146 /* Frameworks */,
			);
			buildRules = (
			);
			dependencies = (
			);
			name = Socket;
			productName = Socket;
			productReference = OBJ_123 /* Socket.framework */;
			productType = "com.apple.product-type.framework";
		};
		OBJ_147 /* SSLService */ = {
			isa = PBXNativeTarget;
			buildConfigurationList = OBJ_148 /* Build configuration list for PBXNativeTarget "SSLService" */;
			buildPhases = (
				OBJ_151 /* Sources */,
				OBJ_153 /* Frameworks */,
			);
			buildRules = (
			);
			dependencies = (
				OBJ_155 /* PBXTargetDependency */,
			);
			name = SSLService;
			productName = SSLService;
			productReference = OBJ_124 /* SSLService.framework */;
			productType = "com.apple.product-type.framework";
		};
		OBJ_156 /* CHTTPParser */ = {
			isa = PBXNativeTarget;
			buildConfigurationList = OBJ_157 /* Build configuration list for PBXNativeTarget "CHTTPParser" */;
			buildPhases = (
				OBJ_160 /* ShellScript */,
				OBJ_161 /* Sources */,
				OBJ_164 /* Frameworks */,
			);
			buildRules = (
			);
			dependencies = (
				OBJ_168 /* PBXTargetDependency */,
				OBJ_169 /* PBXTargetDependency */,
				OBJ_170 /* PBXTargetDependency */,
			);
			name = CHTTPParser;
			productName = CHTTPParser;
			productReference = OBJ_125 /* CHTTPParser.framework */;
			productType = "com.apple.product-type.framework";
		};
		OBJ_171 /* KituraNet */ = {
			isa = PBXNativeTarget;
			buildConfigurationList = OBJ_172 /* Build configuration list for PBXNativeTarget "KituraNet" */;
			buildPhases = (
				OBJ_175 /* Sources */,
				OBJ_211 /* Frameworks */,
			);
			buildRules = (
			);
			dependencies = (
				OBJ_216 /* PBXTargetDependency */,
				OBJ_217 /* PBXTargetDependency */,
				OBJ_218 /* PBXTargetDependency */,
				OBJ_219 /* PBXTargetDependency */,
			);
			name = KituraNet;
			productName = KituraNet;
			productReference = OBJ_126 /* KituraNet.framework */;
			productType = "com.apple.product-type.framework";
		};
		OBJ_220 /* SwiftyJSON */ = {
			isa = PBXNativeTarget;
			buildConfigurationList = OBJ_221 /* Build configuration list for PBXNativeTarget "SwiftyJSON" */;
			buildPhases = (
				OBJ_224 /* Sources */,
				OBJ_227 /* Frameworks */,
			);
			buildRules = (
			);
			dependencies = (
			);
			name = SwiftyJSON;
			productName = SwiftyJSON;
			productReference = OBJ_127 /* SwiftyJSON.framework */;
			productType = "com.apple.product-type.framework";
		};
		OBJ_228 /* KituraTemplateEngine */ = {
			isa = PBXNativeTarget;
			buildConfigurationList = OBJ_229 /* Build configuration list for PBXNativeTarget "KituraTemplateEngine" */;
			buildPhases = (
				OBJ_232 /* Sources */,
				OBJ_234 /* Frameworks */,
			);
			buildRules = (
			);
			dependencies = (
			);
			name = KituraTemplateEngine;
			productName = KituraTemplateEngine;
			productReference = OBJ_128 /* KituraTemplateEngine.framework */;
			productType = "com.apple.product-type.framework";
		};
		OBJ_235 /* Kitura */ = {
			isa = PBXNativeTarget;
			buildConfigurationList = OBJ_236 /* Build configuration list for PBXNativeTarget "Kitura" */;
			buildPhases = (
				OBJ_239 /* Sources */,
				OBJ_282 /* Frameworks */,
			);
			buildRules = (
			);
			dependencies = (
				OBJ_290 /* PBXTargetDependency */,
				OBJ_291 /* PBXTargetDependency */,
				OBJ_292 /* PBXTargetDependency */,
				OBJ_293 /* PBXTargetDependency */,
				OBJ_294 /* PBXTargetDependency */,
				OBJ_295 /* PBXTargetDependency */,
				OBJ_296 /* PBXTargetDependency */,
			);
			name = Kitura;
			productName = Kitura;
			productReference = OBJ_129 /* Kitura.framework */;
			productType = "com.apple.product-type.framework";
		};
		OBJ_297 /* PadeeServer */ = {
			isa = PBXNativeTarget;
			buildConfigurationList = OBJ_298 /* Build configuration list for PBXNativeTarget "PadeeServer" */;
			buildPhases = (
				OBJ_301 /* Sources */,
				OBJ_303 /* Frameworks */,
			);
			buildRules = (
			);
			dependencies = (
				OBJ_312 /* PBXTargetDependency */,
				OBJ_313 /* PBXTargetDependency */,
				OBJ_314 /* PBXTargetDependency */,
				OBJ_315 /* PBXTargetDependency */,
				OBJ_316 /* PBXTargetDependency */,
				OBJ_317 /* PBXTargetDependency */,
				OBJ_318 /* PBXTargetDependency */,
				OBJ_319 /* PBXTargetDependency */,
			);
			name = PadeeServer;
			productName = PadeeServer;
			productReference = OBJ_130 /* PadeeServer */;
			productType = "com.apple.product-type.tool";
		};
/* End PBXNativeTarget section */

/* Begin PBXProject section */
		OBJ_1 /* Project object */ = {
			isa = PBXProject;
			attributes = {
				LastUpgradeCheck = 9999;
			};
			buildConfigurationList = OBJ_2 /* Build configuration list for PBXProject "PadeeServer" */;
			compatibilityVersion = "Xcode 3.2";
			developmentRegion = English;
			hasScannedForEncodings = 0;
			knownRegions = (
				en,
			);
			mainGroup = OBJ_5 /*  */;
			productRefGroup = OBJ_121 /* Products */;
			projectDirPath = "";
			projectRoot = "";
			targets = (
				OBJ_131 /* LoggerAPI */,
				OBJ_138 /* Socket */,
				OBJ_147 /* SSLService */,
				OBJ_156 /* CHTTPParser */,
				OBJ_171 /* KituraNet */,
				OBJ_220 /* SwiftyJSON */,
				OBJ_228 /* KituraTemplateEngine */,
				OBJ_235 /* Kitura */,
				OBJ_297 /* PadeeServer */,
			);
		};
/* End PBXProject section */

/* Begin PBXShellScriptBuildPhase section */
		OBJ_160 /* ShellScript */ = {
			isa = PBXShellScriptBuildPhase;
			buildActionMask = 0;
			files = (
			);
			runOnlyForDeploymentPostprocessing = 0;
			shellPath = /bin/sh;
			shellScript = "mkdir -p \"${PROJECT_TEMP_DIR}/SymlinkLibs\"\nln -sf \"${BUILT_PRODUCTS_DIR}/${EXECUTABLE_PATH}\" \"${PROJECT_TEMP_DIR}/SymlinkLibs/lib${EXECUTABLE_NAME}.dylib\"\n";
		};
/* End PBXShellScriptBuildPhase section */

/* Begin PBXSourcesBuildPhase section */
		OBJ_135 /* Sources */ = {
			isa = PBXSourcesBuildPhase;
			buildActionMask = 0;
			files = (
				OBJ_136 /* Logger.swift in Sources */,
			);
			runOnlyForDeploymentPostprocessing = 0;
		};
		OBJ_142 /* Sources */ = {
			isa = PBXSourcesBuildPhase;
			buildActionMask = 0;
			files = (
				OBJ_143 /* Socket.swift in Sources */,
				OBJ_144 /* SocketProtocols.swift in Sources */,
				OBJ_145 /* SocketUtils.swift in Sources */,
			);
			runOnlyForDeploymentPostprocessing = 0;
		};
		OBJ_151 /* Sources */ = {
			isa = PBXSourcesBuildPhase;
			buildActionMask = 0;
			files = (
				OBJ_152 /* SSLService.swift in Sources */,
			);
			runOnlyForDeploymentPostprocessing = 0;
		};
		OBJ_161 /* Sources */ = {
			isa = PBXSourcesBuildPhase;
			buildActionMask = 0;
			files = (
				OBJ_162 /* http_parser.c in Sources */,
				OBJ_163 /* utils.c in Sources */,
			);
			runOnlyForDeploymentPostprocessing = 0;
		};
		OBJ_175 /* Sources */ = {
			isa = PBXSourcesBuildPhase;
			buildActionMask = 0;
			files = (
				OBJ_176 /* BufferList.swift in Sources */,
				OBJ_177 /* ClientRequest.swift in Sources */,
				OBJ_178 /* ClientResponse.swift in Sources */,
				OBJ_179 /* ConnectionUpgradeFactory.swift in Sources */,
				OBJ_180 /* ConnectionUpgrader.swift in Sources */,
				OBJ_181 /* Error.swift in Sources */,
				OBJ_182 /* HeadersContainer.swift in Sources */,
				OBJ_183 /* IncomingSocketHandler.swift in Sources */,
				OBJ_184 /* IncomingSocketManager.swift in Sources */,
				OBJ_185 /* IncomingSocketProcessor.swift in Sources */,
				OBJ_186 /* ListenerGroup.swift in Sources */,
				OBJ_187 /* ServerRequest.swift in Sources */,
				OBJ_188 /* ServerResponse.swift in Sources */,
				OBJ_189 /* SPIUtils.swift in Sources */,
				OBJ_190 /* FastCGI.swift in Sources */,
				OBJ_191 /* FastCGIRecordCreate.swift in Sources */,
				OBJ_192 /* FastCGIRecordParser.swift in Sources */,
				OBJ_193 /* FastCGIServer.swift in Sources */,
				OBJ_194 /* FastCGIServerRequest.swift in Sources */,
				OBJ_195 /* FastCGIServerResponse.swift in Sources */,
				OBJ_196 /* HTTP.swift in Sources */,
				OBJ_197 /* HTTPIncomingMessage.swift in Sources */,
				OBJ_198 /* HTTPServer.swift in Sources */,
				OBJ_199 /* HTTPServerRequest.swift in Sources */,
				OBJ_200 /* HTTPServerResponse.swift in Sources */,
				OBJ_201 /* IncomingHTTPSocketProcessor.swift in Sources */,
				OBJ_202 /* HTTPParser.swift in Sources */,
				OBJ_203 /* HTTPParserStatus.swift in Sources */,
				OBJ_204 /* ParseResults.swift in Sources */,
				OBJ_205 /* URLParser.swift in Sources */,
				OBJ_206 /* Server.swift in Sources */,
				OBJ_207 /* ServerDelegate.swift in Sources */,
				OBJ_208 /* ServerLifecycleListener.swift in Sources */,
				OBJ_209 /* ServerMonitor.swift in Sources */,
				OBJ_210 /* ServerState.swift in Sources */,
			);
			runOnlyForDeploymentPostprocessing = 0;
		};
		OBJ_224 /* Sources */ = {
			isa = PBXSourcesBuildPhase;
			buildActionMask = 0;
			files = (
				OBJ_225 /* LclJSONSerialization.swift in Sources */,
				OBJ_226 /* SwiftyJSON.swift in Sources */,
			);
			runOnlyForDeploymentPostprocessing = 0;
		};
		OBJ_232 /* Sources */ = {
			isa = PBXSourcesBuildPhase;
			buildActionMask = 0;
			files = (
				OBJ_233 /* TemplateEngine.swift in Sources */,
			);
			runOnlyForDeploymentPostprocessing = 0;
		};
		OBJ_239 /* Sources */ = {
			isa = PBXSourcesBuildPhase;
			buildActionMask = 0;
			files = (
				OBJ_240 /* Error.swift in Sources */,
				OBJ_241 /* FileResourceServer.swift in Sources */,
				OBJ_242 /* Headers.swift in Sources */,
				OBJ_243 /* HTTPVersion.swift in Sources */,
				OBJ_244 /* InternalError.swift in Sources */,
				OBJ_245 /* JSONPError.swift in Sources */,
				OBJ_246 /* Kitura.swift in Sources */,
				OBJ_247 /* LinkParameter.swift in Sources */,
				OBJ_248 /* MimeTypeAcceptor.swift in Sources */,
				OBJ_249 /* Router.swift in Sources */,
				OBJ_250 /* RouteRegex.swift in Sources */,
				OBJ_251 /* RouterElement.swift in Sources */,
				OBJ_252 /* RouterElementWalker.swift in Sources */,
				OBJ_253 /* RouterHandler.swift in Sources */,
				OBJ_254 /* RouterHTTPVerbs+Error.swift in Sources */,
				OBJ_255 /* RouterHTTPVerbs_generated.swift in Sources */,
				OBJ_256 /* RouterMethod.swift in Sources */,
				OBJ_257 /* RouterMiddleware.swift in Sources */,
				OBJ_258 /* RouterMiddlewareGenerator.swift in Sources */,
				OBJ_259 /* RouterMiddlewareWalker.swift in Sources */,
				OBJ_260 /* RouterParameterWalker.swift in Sources */,
				OBJ_261 /* RouterRequest.swift in Sources */,
				OBJ_262 /* RouterResponse.swift in Sources */,
				OBJ_263 /* SSLConfig.swift in Sources */,
				OBJ_264 /* TemplatingError.swift in Sources */,
				OBJ_265 /* BodyParser.swift in Sources */,
				OBJ_266 /* BodyParserProtocol.swift in Sources */,
				OBJ_267 /* JSONBodyParser.swift in Sources */,
				OBJ_268 /* MultiPartBodyParser.swift in Sources */,
				OBJ_269 /* ParsedBody.swift in Sources */,
				OBJ_270 /* Part.swift in Sources */,
				OBJ_271 /* RawBodyParser.swift in Sources */,
				OBJ_272 /* TextBodyParser.swift in Sources */,
				OBJ_273 /* URLEncodedBodyParser.swift in Sources */,
				OBJ_274 /* ContentType.swift in Sources */,
				OBJ_275 /* types.swift in Sources */,
				OBJ_276 /* CacheRelatedHeadersSetter.swift in Sources */,
				OBJ_277 /* CompositeHeadersSetter.swift in Sources */,
				OBJ_278 /* FileServer.swift in Sources */,
				OBJ_279 /* ResourcePathHandler.swift in Sources */,
				OBJ_280 /* ResponseHeadersSetter.swift in Sources */,
				OBJ_281 /* StaticFileServer.swift in Sources */,
			);
			runOnlyForDeploymentPostprocessing = 0;
		};
		OBJ_301 /* Sources */ = {
			isa = PBXSourcesBuildPhase;
			buildActionMask = 0;
			files = (
				OBJ_302 /* main.swift in Sources */,
			);
			runOnlyForDeploymentPostprocessing = 0;
		};
/* End PBXSourcesBuildPhase section */

/* Begin PBXTargetDependency section */
		OBJ_155 /* PBXTargetDependency */ = {
			isa = PBXTargetDependency;
			target = OBJ_138 /* Socket */;
			targetProxy = E352D5F51E17543400232BE3 /* PBXContainerItemProxy */;
		};
		OBJ_168 /* PBXTargetDependency */ = {
			isa = PBXTargetDependency;
			target = OBJ_131 /* LoggerAPI */;
			targetProxy = E352D5F61E17543400232BE3 /* PBXContainerItemProxy */;
		};
		OBJ_169 /* PBXTargetDependency */ = {
			isa = PBXTargetDependency;
			target = OBJ_138 /* Socket */;
			targetProxy = E352D5F71E17543400232BE3 /* PBXContainerItemProxy */;
		};
		OBJ_170 /* PBXTargetDependency */ = {
			isa = PBXTargetDependency;
			target = OBJ_147 /* SSLService */;
			targetProxy = E352D5F81E17543400232BE3 /* PBXContainerItemProxy */;
		};
		OBJ_216 /* PBXTargetDependency */ = {
			isa = PBXTargetDependency;
			target = OBJ_131 /* LoggerAPI */;
			targetProxy = E352D5F91E17543400232BE3 /* PBXContainerItemProxy */;
		};
		OBJ_217 /* PBXTargetDependency */ = {
			isa = PBXTargetDependency;
			target = OBJ_138 /* Socket */;
			targetProxy = E352D5FA1E17543400232BE3 /* PBXContainerItemProxy */;
		};
		OBJ_218 /* PBXTargetDependency */ = {
			isa = PBXTargetDependency;
			target = OBJ_147 /* SSLService */;
			targetProxy = E352D5FB1E17543400232BE3 /* PBXContainerItemProxy */;
		};
		OBJ_219 /* PBXTargetDependency */ = {
			isa = PBXTargetDependency;
			target = OBJ_156 /* CHTTPParser */;
			targetProxy = E352D5FC1E17543400232BE3 /* PBXContainerItemProxy */;
		};
		OBJ_290 /* PBXTargetDependency */ = {
			isa = PBXTargetDependency;
			target = OBJ_131 /* LoggerAPI */;
			targetProxy = E352D5FD1E17543400232BE3 /* PBXContainerItemProxy */;
		};
		OBJ_291 /* PBXTargetDependency */ = {
			isa = PBXTargetDependency;
			target = OBJ_138 /* Socket */;
			targetProxy = E352D5FE1E17543400232BE3 /* PBXContainerItemProxy */;
		};
		OBJ_292 /* PBXTargetDependency */ = {
			isa = PBXTargetDependency;
			target = OBJ_147 /* SSLService */;
			targetProxy = E352D5FF1E17543400232BE3 /* PBXContainerItemProxy */;
		};
		OBJ_293 /* PBXTargetDependency */ = {
			isa = PBXTargetDependency;
			target = OBJ_156 /* CHTTPParser */;
			targetProxy = E352D6001E17543400232BE3 /* PBXContainerItemProxy */;
		};
		OBJ_294 /* PBXTargetDependency */ = {
			isa = PBXTargetDependency;
			target = OBJ_171 /* KituraNet */;
			targetProxy = E352D6011E17543400232BE3 /* PBXContainerItemProxy */;
		};
		OBJ_295 /* PBXTargetDependency */ = {
			isa = PBXTargetDependency;
			target = OBJ_220 /* SwiftyJSON */;
			targetProxy = E352D6021E17543400232BE3 /* PBXContainerItemProxy */;
		};
		OBJ_296 /* PBXTargetDependency */ = {
			isa = PBXTargetDependency;
			target = OBJ_228 /* KituraTemplateEngine */;
			targetProxy = E352D6031E17543400232BE3 /* PBXContainerItemProxy */;
		};
		OBJ_312 /* PBXTargetDependency */ = {
			isa = PBXTargetDependency;
			target = OBJ_131 /* LoggerAPI */;
			targetProxy = E352D6041E17543400232BE3 /* PBXContainerItemProxy */;
		};
		OBJ_313 /* PBXTargetDependency */ = {
			isa = PBXTargetDependency;
			target = OBJ_138 /* Socket */;
			targetProxy = E352D6051E17543400232BE3 /* PBXContainerItemProxy */;
		};
		OBJ_314 /* PBXTargetDependency */ = {
			isa = PBXTargetDependency;
			target = OBJ_147 /* SSLService */;
			targetProxy = E352D6061E17543400232BE3 /* PBXContainerItemProxy */;
		};
		OBJ_315 /* PBXTargetDependency */ = {
			isa = PBXTargetDependency;
			target = OBJ_156 /* CHTTPParser */;
			targetProxy = E352D6071E17543400232BE3 /* PBXContainerItemProxy */;
		};
		OBJ_316 /* PBXTargetDependency */ = {
			isa = PBXTargetDependency;
			target = OBJ_171 /* KituraNet */;
			targetProxy = E352D6081E17543400232BE3 /* PBXContainerItemProxy */;
		};
		OBJ_317 /* PBXTargetDependency */ = {
			isa = PBXTargetDependency;
			target = OBJ_220 /* SwiftyJSON */;
			targetProxy = E352D6091E17543400232BE3 /* PBXContainerItemProxy */;
		};
		OBJ_318 /* PBXTargetDependency */ = {
			isa = PBXTargetDependency;
			target = OBJ_228 /* KituraTemplateEngine */;
			targetProxy = E352D60A1E17543400232BE3 /* PBXContainerItemProxy */;
		};
		OBJ_319 /* PBXTargetDependency */ = {
			isa = PBXTargetDependency;
			target = OBJ_235 /* Kitura */;
			targetProxy = E352D60B1E17543400232BE3 /* PBXContainerItemProxy */;
		};
/* End PBXTargetDependency section */

/* Begin XCBuildConfiguration section */
		OBJ_133 /* Debug */ = {
			isa = XCBuildConfiguration;
			buildSettings = {
				ENABLE_TESTABILITY = YES;
				FRAMEWORK_SEARCH_PATHS = (
					"$(inherited)",
					"$(PLATFORM_DIR)/Developer/Library/Frameworks",
				);
				HEADER_SEARCH_PATHS = "$(inherited)";
				INFOPLIST_FILE = PadeeServer.xcodeproj/LoggerAPI_Info.plist;
				LD_RUNPATH_SEARCH_PATHS = "$(TOOLCHAIN_DIR)/usr/lib/swift/macosx";
				OTHER_LDFLAGS = "$(inherited)";
				OTHER_SWIFT_FLAGS = "$(inherited)";
				PRODUCT_BUNDLE_IDENTIFIER = LoggerAPI;
				PRODUCT_MODULE_NAME = "$(TARGET_NAME:c99extidentifier)";
				PRODUCT_NAME = "$(TARGET_NAME:c99extidentifier)";
				TARGET_NAME = LoggerAPI;
			};
			name = Debug;
		};
		OBJ_134 /* Release */ = {
			isa = XCBuildConfiguration;
			buildSettings = {
				ENABLE_TESTABILITY = YES;
				FRAMEWORK_SEARCH_PATHS = (
					"$(inherited)",
					"$(PLATFORM_DIR)/Developer/Library/Frameworks",
				);
				HEADER_SEARCH_PATHS = "$(inherited)";
				INFOPLIST_FILE = PadeeServer.xcodeproj/LoggerAPI_Info.plist;
				LD_RUNPATH_SEARCH_PATHS = "$(TOOLCHAIN_DIR)/usr/lib/swift/macosx";
				OTHER_LDFLAGS = "$(inherited)";
				OTHER_SWIFT_FLAGS = "$(inherited)";
				PRODUCT_BUNDLE_IDENTIFIER = LoggerAPI;
				PRODUCT_MODULE_NAME = "$(TARGET_NAME:c99extidentifier)";
				PRODUCT_NAME = "$(TARGET_NAME:c99extidentifier)";
				TARGET_NAME = LoggerAPI;
			};
			name = Release;
		};
		OBJ_140 /* Debug */ = {
			isa = XCBuildConfiguration;
			buildSettings = {
				ENABLE_TESTABILITY = YES;
				FRAMEWORK_SEARCH_PATHS = (
					"$(inherited)",
					"$(PLATFORM_DIR)/Developer/Library/Frameworks",
				);
				HEADER_SEARCH_PATHS = "$(inherited)";
				INFOPLIST_FILE = PadeeServer.xcodeproj/Socket_Info.plist;
				LD_RUNPATH_SEARCH_PATHS = "$(TOOLCHAIN_DIR)/usr/lib/swift/macosx";
				OTHER_LDFLAGS = "$(inherited)";
				OTHER_SWIFT_FLAGS = "$(inherited)";
				PRODUCT_BUNDLE_IDENTIFIER = Socket;
				PRODUCT_MODULE_NAME = "$(TARGET_NAME:c99extidentifier)";
				PRODUCT_NAME = "$(TARGET_NAME:c99extidentifier)";
				TARGET_NAME = Socket;
			};
			name = Debug;
		};
		OBJ_141 /* Release */ = {
			isa = XCBuildConfiguration;
			buildSettings = {
				ENABLE_TESTABILITY = YES;
				FRAMEWORK_SEARCH_PATHS = (
					"$(inherited)",
					"$(PLATFORM_DIR)/Developer/Library/Frameworks",
				);
				HEADER_SEARCH_PATHS = "$(inherited)";
				INFOPLIST_FILE = PadeeServer.xcodeproj/Socket_Info.plist;
				LD_RUNPATH_SEARCH_PATHS = "$(TOOLCHAIN_DIR)/usr/lib/swift/macosx";
				OTHER_LDFLAGS = "$(inherited)";
				OTHER_SWIFT_FLAGS = "$(inherited)";
				PRODUCT_BUNDLE_IDENTIFIER = Socket;
				PRODUCT_MODULE_NAME = "$(TARGET_NAME:c99extidentifier)";
				PRODUCT_NAME = "$(TARGET_NAME:c99extidentifier)";
				TARGET_NAME = Socket;
			};
			name = Release;
		};
		OBJ_149 /* Debug */ = {
			isa = XCBuildConfiguration;
			buildSettings = {
				ENABLE_TESTABILITY = YES;
				FRAMEWORK_SEARCH_PATHS = (
					"$(inherited)",
					"$(PLATFORM_DIR)/Developer/Library/Frameworks",
				);
				HEADER_SEARCH_PATHS = "$(inherited)";
				INFOPLIST_FILE = PadeeServer.xcodeproj/SSLService_Info.plist;
				LD_RUNPATH_SEARCH_PATHS = "$(TOOLCHAIN_DIR)/usr/lib/swift/macosx";
				OTHER_LDFLAGS = "$(inherited)";
				OTHER_SWIFT_FLAGS = "$(inherited)";
				PRODUCT_BUNDLE_IDENTIFIER = SSLService;
				PRODUCT_MODULE_NAME = "$(TARGET_NAME:c99extidentifier)";
				PRODUCT_NAME = "$(TARGET_NAME:c99extidentifier)";
				TARGET_NAME = SSLService;
			};
			name = Debug;
		};
		OBJ_150 /* Release */ = {
			isa = XCBuildConfiguration;
			buildSettings = {
				ENABLE_TESTABILITY = YES;
				FRAMEWORK_SEARCH_PATHS = (
					"$(inherited)",
					"$(PLATFORM_DIR)/Developer/Library/Frameworks",
				);
				HEADER_SEARCH_PATHS = "$(inherited)";
				INFOPLIST_FILE = PadeeServer.xcodeproj/SSLService_Info.plist;
				LD_RUNPATH_SEARCH_PATHS = "$(TOOLCHAIN_DIR)/usr/lib/swift/macosx";
				OTHER_LDFLAGS = "$(inherited)";
				OTHER_SWIFT_FLAGS = "$(inherited)";
				PRODUCT_BUNDLE_IDENTIFIER = SSLService;
				PRODUCT_MODULE_NAME = "$(TARGET_NAME:c99extidentifier)";
				PRODUCT_NAME = "$(TARGET_NAME:c99extidentifier)";
				TARGET_NAME = SSLService;
			};
			name = Release;
		};
		OBJ_158 /* Debug */ = {
			isa = XCBuildConfiguration;
			buildSettings = {
				DEFINES_MODULE = YES;
				ENABLE_TESTABILITY = YES;
				FRAMEWORK_SEARCH_PATHS = (
					"$(inherited)",
					"$(PLATFORM_DIR)/Developer/Library/Frameworks",
				);
				HEADER_SEARCH_PATHS = (
					"$(inherited)",
					"Packages/Kitura-net-1.4.3/Sources/CHTTPParser/include",
					"Packages/CCurl-0.2.3",
				);
				INFOPLIST_FILE = PadeeServer.xcodeproj/CHTTPParser_Info.plist;
				LD_RUNPATH_SEARCH_PATHS = "$(TOOLCHAIN_DIR)/usr/lib/swift/macosx";
				MODULEMAP_FILE = "Packages/Kitura-net-1.4.3/Sources/CHTTPParser/include/module.modulemap";
				OTHER_LDFLAGS = "$(inherited)";
				OTHER_SWIFT_FLAGS = "$(inherited)";
				PRODUCT_BUNDLE_IDENTIFIER = CHTTPParser;
				PRODUCT_MODULE_NAME = "$(TARGET_NAME:c99extidentifier)";
				PRODUCT_NAME = "$(TARGET_NAME:c99extidentifier)";
				TARGET_NAME = CHTTPParser;
			};
			name = Debug;
		};
		OBJ_159 /* Release */ = {
			isa = XCBuildConfiguration;
			buildSettings = {
				DEFINES_MODULE = YES;
				ENABLE_TESTABILITY = YES;
				FRAMEWORK_SEARCH_PATHS = (
					"$(inherited)",
					"$(PLATFORM_DIR)/Developer/Library/Frameworks",
				);
				HEADER_SEARCH_PATHS = (
					"$(inherited)",
					"Packages/Kitura-net-1.4.3/Sources/CHTTPParser/include",
					"Packages/CCurl-0.2.3",
				);
				INFOPLIST_FILE = PadeeServer.xcodeproj/CHTTPParser_Info.plist;
				LD_RUNPATH_SEARCH_PATHS = "$(TOOLCHAIN_DIR)/usr/lib/swift/macosx";
				MODULEMAP_FILE = "Packages/Kitura-net-1.4.3/Sources/CHTTPParser/include/module.modulemap";
				OTHER_LDFLAGS = "$(inherited)";
				OTHER_SWIFT_FLAGS = "$(inherited)";
				PRODUCT_BUNDLE_IDENTIFIER = CHTTPParser;
				PRODUCT_MODULE_NAME = "$(TARGET_NAME:c99extidentifier)";
				PRODUCT_NAME = "$(TARGET_NAME:c99extidentifier)";
				TARGET_NAME = CHTTPParser;
			};
			name = Release;
		};
		OBJ_173 /* Debug */ = {
			isa = XCBuildConfiguration;
			buildSettings = {
				ENABLE_TESTABILITY = YES;
				FRAMEWORK_SEARCH_PATHS = (
					"$(inherited)",
					"$(PLATFORM_DIR)/Developer/Library/Frameworks",
				);
				HEADER_SEARCH_PATHS = (
					"$(inherited)",
					"Packages/CCurl-0.2.3",
					"Packages/Kitura-net-1.4.3/Sources/CHTTPParser/include",
				);
				INFOPLIST_FILE = PadeeServer.xcodeproj/KituraNet_Info.plist;
				LD_RUNPATH_SEARCH_PATHS = "$(TOOLCHAIN_DIR)/usr/lib/swift/macosx";
				LIBRARY_SEARCH_PATHS = "$(PROJECT_TEMP_DIR)/SymlinkLibs/";
				OTHER_LDFLAGS = "$(inherited)";
				OTHER_SWIFT_FLAGS = "$(inherited)";
				PRODUCT_BUNDLE_IDENTIFIER = KituraNet;
				PRODUCT_MODULE_NAME = "$(TARGET_NAME:c99extidentifier)";
				PRODUCT_NAME = "$(TARGET_NAME:c99extidentifier)";
				TARGET_NAME = KituraNet;
			};
			name = Debug;
		};
		OBJ_174 /* Release */ = {
			isa = XCBuildConfiguration;
			buildSettings = {
				ENABLE_TESTABILITY = YES;
				FRAMEWORK_SEARCH_PATHS = (
					"$(inherited)",
					"$(PLATFORM_DIR)/Developer/Library/Frameworks",
				);
				HEADER_SEARCH_PATHS = (
					"$(inherited)",
					"Packages/CCurl-0.2.3",
					"Packages/Kitura-net-1.4.3/Sources/CHTTPParser/include",
				);
				INFOPLIST_FILE = PadeeServer.xcodeproj/KituraNet_Info.plist;
				LD_RUNPATH_SEARCH_PATHS = "$(TOOLCHAIN_DIR)/usr/lib/swift/macosx";
				LIBRARY_SEARCH_PATHS = "$(PROJECT_TEMP_DIR)/SymlinkLibs/";
				OTHER_LDFLAGS = "$(inherited)";
				OTHER_SWIFT_FLAGS = "$(inherited)";
				PRODUCT_BUNDLE_IDENTIFIER = KituraNet;
				PRODUCT_MODULE_NAME = "$(TARGET_NAME:c99extidentifier)";
				PRODUCT_NAME = "$(TARGET_NAME:c99extidentifier)";
				TARGET_NAME = KituraNet;
			};
			name = Release;
		};
		OBJ_222 /* Debug */ = {
			isa = XCBuildConfiguration;
			buildSettings = {
				ENABLE_TESTABILITY = YES;
				FRAMEWORK_SEARCH_PATHS = (
					"$(inherited)",
					"$(PLATFORM_DIR)/Developer/Library/Frameworks",
				);
				HEADER_SEARCH_PATHS = "$(inherited)";
				INFOPLIST_FILE = PadeeServer.xcodeproj/SwiftyJSON_Info.plist;
				LD_RUNPATH_SEARCH_PATHS = "$(TOOLCHAIN_DIR)/usr/lib/swift/macosx";
				OTHER_LDFLAGS = "$(inherited)";
				OTHER_SWIFT_FLAGS = "$(inherited)";
				PRODUCT_BUNDLE_IDENTIFIER = SwiftyJSON;
				PRODUCT_MODULE_NAME = "$(TARGET_NAME:c99extidentifier)";
				PRODUCT_NAME = "$(TARGET_NAME:c99extidentifier)";
				TARGET_NAME = SwiftyJSON;
			};
			name = Debug;
		};
		OBJ_223 /* Release */ = {
			isa = XCBuildConfiguration;
			buildSettings = {
				ENABLE_TESTABILITY = YES;
				FRAMEWORK_SEARCH_PATHS = (
					"$(inherited)",
					"$(PLATFORM_DIR)/Developer/Library/Frameworks",
				);
				HEADER_SEARCH_PATHS = "$(inherited)";
				INFOPLIST_FILE = PadeeServer.xcodeproj/SwiftyJSON_Info.plist;
				LD_RUNPATH_SEARCH_PATHS = "$(TOOLCHAIN_DIR)/usr/lib/swift/macosx";
				OTHER_LDFLAGS = "$(inherited)";
				OTHER_SWIFT_FLAGS = "$(inherited)";
				PRODUCT_BUNDLE_IDENTIFIER = SwiftyJSON;
				PRODUCT_MODULE_NAME = "$(TARGET_NAME:c99extidentifier)";
				PRODUCT_NAME = "$(TARGET_NAME:c99extidentifier)";
				TARGET_NAME = SwiftyJSON;
			};
			name = Release;
		};
		OBJ_230 /* Debug */ = {
			isa = XCBuildConfiguration;
			buildSettings = {
				ENABLE_TESTABILITY = YES;
				FRAMEWORK_SEARCH_PATHS = (
					"$(inherited)",
					"$(PLATFORM_DIR)/Developer/Library/Frameworks",
				);
				HEADER_SEARCH_PATHS = "$(inherited)";
				INFOPLIST_FILE = PadeeServer.xcodeproj/KituraTemplateEngine_Info.plist;
				LD_RUNPATH_SEARCH_PATHS = "$(TOOLCHAIN_DIR)/usr/lib/swift/macosx";
				OTHER_LDFLAGS = "$(inherited)";
				OTHER_SWIFT_FLAGS = "$(inherited)";
				PRODUCT_BUNDLE_IDENTIFIER = KituraTemplateEngine;
				PRODUCT_MODULE_NAME = "$(TARGET_NAME:c99extidentifier)";
				PRODUCT_NAME = "$(TARGET_NAME:c99extidentifier)";
				TARGET_NAME = KituraTemplateEngine;
			};
			name = Debug;
		};
		OBJ_231 /* Release */ = {
			isa = XCBuildConfiguration;
			buildSettings = {
				ENABLE_TESTABILITY = YES;
				FRAMEWORK_SEARCH_PATHS = (
					"$(inherited)",
					"$(PLATFORM_DIR)/Developer/Library/Frameworks",
				);
				HEADER_SEARCH_PATHS = "$(inherited)";
				INFOPLIST_FILE = PadeeServer.xcodeproj/KituraTemplateEngine_Info.plist;
				LD_RUNPATH_SEARCH_PATHS = "$(TOOLCHAIN_DIR)/usr/lib/swift/macosx";
				OTHER_LDFLAGS = "$(inherited)";
				OTHER_SWIFT_FLAGS = "$(inherited)";
				PRODUCT_BUNDLE_IDENTIFIER = KituraTemplateEngine;
				PRODUCT_MODULE_NAME = "$(TARGET_NAME:c99extidentifier)";
				PRODUCT_NAME = "$(TARGET_NAME:c99extidentifier)";
				TARGET_NAME = KituraTemplateEngine;
			};
			name = Release;
		};
		OBJ_237 /* Debug */ = {
			isa = XCBuildConfiguration;
			buildSettings = {
				ENABLE_TESTABILITY = YES;
				FRAMEWORK_SEARCH_PATHS = (
					"$(inherited)",
					"$(PLATFORM_DIR)/Developer/Library/Frameworks",
				);
				HEADER_SEARCH_PATHS = (
					"$(inherited)",
					"Packages/CCurl-0.2.3",
					"Packages/Kitura-net-1.4.3/Sources/CHTTPParser/include",
				);
				INFOPLIST_FILE = PadeeServer.xcodeproj/Kitura_Info.plist;
				LD_RUNPATH_SEARCH_PATHS = "$(TOOLCHAIN_DIR)/usr/lib/swift/macosx";
				LIBRARY_SEARCH_PATHS = "$(PROJECT_TEMP_DIR)/SymlinkLibs/";
				OTHER_LDFLAGS = "$(inherited)";
				OTHER_SWIFT_FLAGS = "$(inherited)";
				PRODUCT_BUNDLE_IDENTIFIER = Kitura;
				PRODUCT_MODULE_NAME = "$(TARGET_NAME:c99extidentifier)";
				PRODUCT_NAME = "$(TARGET_NAME:c99extidentifier)";
				TARGET_NAME = Kitura;
			};
			name = Debug;
		};
		OBJ_238 /* Release */ = {
			isa = XCBuildConfiguration;
			buildSettings = {
				ENABLE_TESTABILITY = YES;
				FRAMEWORK_SEARCH_PATHS = (
					"$(inherited)",
					"$(PLATFORM_DIR)/Developer/Library/Frameworks",
				);
				HEADER_SEARCH_PATHS = (
					"$(inherited)",
					"Packages/CCurl-0.2.3",
					"Packages/Kitura-net-1.4.3/Sources/CHTTPParser/include",
				);
				INFOPLIST_FILE = PadeeServer.xcodeproj/Kitura_Info.plist;
				LD_RUNPATH_SEARCH_PATHS = "$(TOOLCHAIN_DIR)/usr/lib/swift/macosx";
				LIBRARY_SEARCH_PATHS = "$(PROJECT_TEMP_DIR)/SymlinkLibs/";
				OTHER_LDFLAGS = "$(inherited)";
				OTHER_SWIFT_FLAGS = "$(inherited)";
				PRODUCT_BUNDLE_IDENTIFIER = Kitura;
				PRODUCT_MODULE_NAME = "$(TARGET_NAME:c99extidentifier)";
				PRODUCT_NAME = "$(TARGET_NAME:c99extidentifier)";
				TARGET_NAME = Kitura;
			};
			name = Release;
		};
		OBJ_299 /* Debug */ = {
			isa = XCBuildConfiguration;
			buildSettings = {
				FRAMEWORK_SEARCH_PATHS = (
					"$(inherited)",
					"$(PLATFORM_DIR)/Developer/Library/Frameworks",
				);
				HEADER_SEARCH_PATHS = (
					"$(inherited)",
					"Packages/CCurl-0.2.3",
					"Packages/Kitura-net-1.4.3/Sources/CHTTPParser/include",
				);
				INFOPLIST_FILE = PadeeServer.xcodeproj/PadeeServer_Info.plist;
				LD_RUNPATH_SEARCH_PATHS = "$(TOOLCHAIN_DIR)/usr/lib/swift/macosx @executable_path";
				LIBRARY_SEARCH_PATHS = "$(PROJECT_TEMP_DIR)/SymlinkLibs/";
				OTHER_LDFLAGS = "$(inherited)";
				OTHER_SWIFT_FLAGS = "$(inherited)";
				SWIFT_FORCE_DYNAMIC_LINK_STDLIB = YES;
				SWIFT_FORCE_STATIC_LINK_STDLIB = NO;
				TARGET_NAME = PadeeServer;
			};
			name = Debug;
		};
		OBJ_3 /* Debug */ = {
			isa = XCBuildConfiguration;
			buildSettings = {
				COMBINE_HIDPI_IMAGES = YES;
				COPY_PHASE_STRIP = NO;
				DEBUG_INFORMATION_FORMAT = dwarf;
				DYLIB_INSTALL_NAME_BASE = "@rpath";
				ENABLE_NS_ASSERTIONS = YES;
				GCC_OPTIMIZATION_LEVEL = 0;
				MACOSX_DEPLOYMENT_TARGET = 10.10;
				ONLY_ACTIVE_ARCH = YES;
				OTHER_SWIFT_FLAGS = "-DXcode";
				PRODUCT_NAME = "$(TARGET_NAME)";
				SDKROOT = macosx;
				SUPPORTED_PLATFORMS = "macosx iphoneos iphonesimulator appletvos appletvsimulator watchos watchsimulator";
				SWIFT_ACTIVE_COMPILATION_CONDITIONS = SWIFT_PACKAGE;
				SWIFT_OPTIMIZATION_LEVEL = "-Onone";
				SWIFT_VERSION = 3.0;
				USE_HEADERMAP = NO;
			};
			name = Debug;
		};
		OBJ_300 /* Release */ = {
			isa = XCBuildConfiguration;
			buildSettings = {
				FRAMEWORK_SEARCH_PATHS = (
					"$(inherited)",
					"$(PLATFORM_DIR)/Developer/Library/Frameworks",
				);
				HEADER_SEARCH_PATHS = (
					"$(inherited)",
					"Packages/CCurl-0.2.3",
					"Packages/Kitura-net-1.4.3/Sources/CHTTPParser/include",
				);
				INFOPLIST_FILE = PadeeServer.xcodeproj/PadeeServer_Info.plist;
				LD_RUNPATH_SEARCH_PATHS = "$(TOOLCHAIN_DIR)/usr/lib/swift/macosx @executable_path";
				LIBRARY_SEARCH_PATHS = "$(PROJECT_TEMP_DIR)/SymlinkLibs/";
				OTHER_LDFLAGS = "$(inherited)";
				OTHER_SWIFT_FLAGS = "$(inherited)";
				SWIFT_FORCE_DYNAMIC_LINK_STDLIB = YES;
				SWIFT_FORCE_STATIC_LINK_STDLIB = NO;
				TARGET_NAME = PadeeServer;
			};
			name = Release;
		};
		OBJ_4 /* Release */ = {
			isa = XCBuildConfiguration;
			buildSettings = {
				COMBINE_HIDPI_IMAGES = YES;
				COPY_PHASE_STRIP = YES;
				DEBUG_INFORMATION_FORMAT = "dwarf-with-dsym";
				DYLIB_INSTALL_NAME_BASE = "@rpath";
				GCC_OPTIMIZATION_LEVEL = s;
				MACOSX_DEPLOYMENT_TARGET = 10.10;
				OTHER_SWIFT_FLAGS = "-DXcode";
				PRODUCT_NAME = "$(TARGET_NAME)";
				SDKROOT = macosx;
				SUPPORTED_PLATFORMS = "macosx iphoneos iphonesimulator appletvos appletvsimulator watchos watchsimulator";
				SWIFT_ACTIVE_COMPILATION_CONDITIONS = SWIFT_PACKAGE;
				SWIFT_OPTIMIZATION_LEVEL = "-O";
				SWIFT_VERSION = 3.0;
				USE_HEADERMAP = NO;
			};
			name = Release;
		};
/* End XCBuildConfiguration section */

/* Begin XCConfigurationList section */
		OBJ_132 /* Build configuration list for PBXNativeTarget "LoggerAPI" */ = {
			isa = XCConfigurationList;
			buildConfigurations = (
				OBJ_133 /* Debug */,
				OBJ_134 /* Release */,
			);
			defaultConfigurationIsVisible = 0;
			defaultConfigurationName = Debug;
		};
		OBJ_139 /* Build configuration list for PBXNativeTarget "Socket" */ = {
			isa = XCConfigurationList;
			buildConfigurations = (
				OBJ_140 /* Debug */,
				OBJ_141 /* Release */,
			);
			defaultConfigurationIsVisible = 0;
			defaultConfigurationName = Debug;
		};
		OBJ_148 /* Build configuration list for PBXNativeTarget "SSLService" */ = {
			isa = XCConfigurationList;
			buildConfigurations = (
				OBJ_149 /* Debug */,
				OBJ_150 /* Release */,
			);
			defaultConfigurationIsVisible = 0;
			defaultConfigurationName = Debug;
		};
		OBJ_157 /* Build configuration list for PBXNativeTarget "CHTTPParser" */ = {
			isa = XCConfigurationList;
			buildConfigurations = (
				OBJ_158 /* Debug */,
				OBJ_159 /* Release */,
			);
			defaultConfigurationIsVisible = 0;
			defaultConfigurationName = Debug;
		};
		OBJ_172 /* Build configuration list for PBXNativeTarget "KituraNet" */ = {
			isa = XCConfigurationList;
			buildConfigurations = (
				OBJ_173 /* Debug */,
				OBJ_174 /* Release */,
			);
			defaultConfigurationIsVisible = 0;
			defaultConfigurationName = Debug;
		};
		OBJ_2 /* Build configuration list for PBXProject "PadeeServer" */ = {
			isa = XCConfigurationList;
			buildConfigurations = (
				OBJ_3 /* Debug */,
				OBJ_4 /* Release */,
			);
			defaultConfigurationIsVisible = 0;
			defaultConfigurationName = Debug;
		};
		OBJ_221 /* Build configuration list for PBXNativeTarget "SwiftyJSON" */ = {
			isa = XCConfigurationList;
			buildConfigurations = (
				OBJ_222 /* Debug */,
				OBJ_223 /* Release */,
			);
			defaultConfigurationIsVisible = 0;
			defaultConfigurationName = Debug;
		};
		OBJ_229 /* Build configuration list for PBXNativeTarget "KituraTemplateEngine" */ = {
			isa = XCConfigurationList;
			buildConfigurations = (
				OBJ_230 /* Debug */,
				OBJ_231 /* Release */,
			);
			defaultConfigurationIsVisible = 0;
			defaultConfigurationName = Debug;
		};
		OBJ_236 /* Build configuration list for PBXNativeTarget "Kitura" */ = {
			isa = XCConfigurationList;
			buildConfigurations = (
				OBJ_237 /* Debug */,
				OBJ_238 /* Release */,
			);
			defaultConfigurationIsVisible = 0;
			defaultConfigurationName = Debug;
		};
		OBJ_298 /* Build configuration list for PBXNativeTarget "PadeeServer" */ = {
			isa = XCConfigurationList;
			buildConfigurations = (
				OBJ_299 /* Debug */,
				OBJ_300 /* Release */,
			);
			defaultConfigurationIsVisible = 0;
			defaultConfigurationName = Debug;
		};
/* End XCConfigurationList section */
	};
	rootObject = OBJ_1 /* Project object */;
}
